{
  "version": 4,
  "terraform_version": "1.1.9",
  "serial": 31,
  "lineage": "6133bf1b-2c8b-ae0c-cb55-a7bd04943414",
  "outputs": {
    "aws_instance_id": {
      "value": [
        "i-02c65b86fa2c11fa4",
        "i-0433abcbaba4da59f"
      ],
      "type": [
        "tuple",
        [
          "string",
          "string"
        ]
      ]
    },
    "efs_file_system_dns_name": {
      "value": "fs-02da1f518c392d8b7.efs.eu-central-1.amazonaws.com",
      "type": "string"
    },
    "vpc_id": {
      "value": "vpc-03f3956593d419b42",
      "type": "string"
    }
  },
  "resources": [
    {
      "mode": "data",
      "type": "aws_ami",
      "name": "amazon-linux-2",
      "provider": "provider[\"registry.terraform.io/hashicorp/aws\"]",
      "instances": [
        {
          "schema_version": 0,
          "attributes": {
            "architecture": "x86_64",
            "arn": "arn:aws:ec2:eu-central-1::image/ami-094c442a8e9a67935",
            "block_device_mappings": [
              {
                "device_name": "/dev/xvda",
                "ebs": {
                  "delete_on_termination": "true",
                  "encrypted": "false",
                  "iops": "0",
                  "snapshot_id": "snap-07d94c25bc8ffa859",
                  "throughput": "0",
                  "volume_size": "8",
                  "volume_type": "gp2"
                },
                "no_device": "",
                "virtual_name": ""
              }
            ],
            "boot_mode": "",
            "creation_date": "2022-06-14T19:44:18.000Z",
            "deprecation_time": "2024-06-14T19:44:18.000Z",
            "description": "Amazon Linux 2 AMI 2.0.20220606.1 x86_64 HVM gp2",
            "ena_support": true,
            "executable_users": null,
            "filter": [
              {
                "name": "name",
                "values": [
                  "amzn2-ami-hvm*"
                ]
              },
              {
                "name": "owner-alias",
                "values": [
                  "amazon"
                ]
              }
            ],
            "hypervisor": "xen",
            "id": "ami-094c442a8e9a67935",
            "image_id": "ami-094c442a8e9a67935",
            "image_location": "amazon/amzn2-ami-hvm-2.0.20220606.1-x86_64-gp2",
            "image_owner_alias": "amazon",
            "image_type": "machine",
            "kernel_id": "",
            "most_recent": true,
            "name": "amzn2-ami-hvm-2.0.20220606.1-x86_64-gp2",
            "name_regex": null,
            "owner_id": "137112412989",
            "owners": [
              "amazon"
            ],
            "platform": "",
            "platform_details": "Linux/UNIX",
            "product_codes": [],
            "public": true,
            "ramdisk_id": "",
            "root_device_name": "/dev/xvda",
            "root_device_type": "ebs",
            "root_snapshot_id": "snap-07d94c25bc8ffa859",
            "sriov_net_support": "simple",
            "state": "available",
            "state_reason": {
              "code": "UNSET",
              "message": "UNSET"
            },
            "tags": {},
            "usage_operation": "RunInstances",
            "virtualization_type": "hvm"
          },
          "sensitive_attributes": []
        }
      ]
    },
    {
      "mode": "data",
      "type": "aws_availability_zones",
      "name": "available",
      "provider": "provider[\"registry.terraform.io/hashicorp/aws\"]",
      "instances": [
        {
          "schema_version": 0,
          "attributes": {
            "all_availability_zones": null,
            "exclude_names": null,
            "exclude_zone_ids": null,
            "filter": null,
            "group_names": [
              "eu-central-1"
            ],
            "id": "eu-central-1",
            "names": [
              "eu-central-1a",
              "eu-central-1b",
              "eu-central-1c"
            ],
            "state": "available",
            "zone_ids": [
              "euc1-az2",
              "euc1-az3",
              "euc1-az1"
            ]
          },
          "sensitive_attributes": []
        }
      ]
    },
    {
      "mode": "data",
      "type": "aws_iam_instance_profile",
      "name": "instance_profile",
      "provider": "provider[\"registry.terraform.io/hashicorp/aws\"]",
      "instances": [
        {
          "schema_version": 0,
          "attributes": {
            "arn": "arn:aws:iam::438513923646:instance-profile/backup-admin",
            "create_date": "2022-01-21 00:34:51 +0000 UTC",
            "id": "AIPAWMGLXOY7GZTXD7IWU",
            "name": "backup-admin",
            "path": "/",
            "role_arn": "arn:aws:iam::438513923646:role/backup-admin",
            "role_id": "AROAWMGLXOY7L67HQN64X",
            "role_name": "backup-admin"
          },
          "sensitive_attributes": []
        }
      ]
    },
    {
      "mode": "data",
      "type": "aws_route53_zone",
      "name": "public",
      "provider": "provider[\"registry.terraform.io/hashicorp/aws\"]",
      "instances": [
        {
          "schema_version": 0,
          "attributes": {
            "arn": "arn:aws:route53:::hostedzone/Z0829393O79DSP0EU8I4",
            "caller_reference": "terraform-20211122233843715400000001",
            "comment": "Managed by Terraform",
            "id": "Z0829393O79DSP0EU8I4",
            "linked_service_description": null,
            "linked_service_principal": null,
            "name": "backup.iot4.net",
            "name_servers": [
              "ns-231.awsdns-28.com",
              "ns-648.awsdns-17.net",
              "ns-1146.awsdns-15.org",
              "ns-1980.awsdns-55.co.uk"
            ],
            "private_zone": false,
            "resource_record_set_count": 21,
            "tags": {},
            "vpc_id": null,
            "zone_id": "Z0829393O79DSP0EU8I4"
          },
          "sensitive_attributes": []
        }
      ]
    },
    {
      "mode": "data",
      "type": "http",
      "name": "myip",
      "provider": "provider[\"registry.terraform.io/hashicorp/http\"]",
      "instances": [
        {
          "schema_version": 0,
          "attributes": {
            "body": "172.1.154.160\n",
            "id": "http://ipv4.icanhazip.com",
            "request_headers": null,
            "response_headers": {
              "Access-Control-Allow-Methods": "GET",
              "Access-Control-Allow-Origin": "*",
              "Alt-Svc": "h3=\":443\"; ma=86400, h3-29=\":443\"; ma=86400",
              "Cf-Ray": "72a46ef50f87315b-LAX",
              "Connection": "keep-alive",
              "Content-Length": "14",
              "Content-Type": "text/plain",
              "Date": "Wed, 13 Jul 2022 19:30:29 GMT",
              "Server": "cloudflare",
              "Set-Cookie": "__cf_bm=fMQ5rhT3NQBFUkIjk5_NShMg_6hF1y4fmiFHnSRcB80-1657740629-0-AYVSnchaM3+EQXcpblAJEVWHT+ulgSRptBRFo4mcrl/qJCHmA2oL9yUYAABVnqXSS3z00ywxdHiH3QvfI40j55g=; path=/; expires=Wed, 13-Jul-22 20:00:29 GMT; domain=.icanhazip.com; HttpOnly; SameSite=None",
              "Vary": "Accept-Encoding"
            },
            "url": "http://ipv4.icanhazip.com"
          },
          "sensitive_attributes": []
        }
      ]
    },
    {
      "mode": "managed",
      "type": "aws_acm_certificate",
      "name": "a",
      "provider": "provider[\"registry.terraform.io/hashicorp/aws\"]",
      "instances": [
        {
          "schema_version": 0,
          "attributes": {
            "arn": "arn:aws:acm:eu-central-1:438513923646:certificate/dde588b8-c007-4f92-9c0a-88d0a05d73d6",
            "certificate_authority_arn": "",
            "certificate_body": null,
            "certificate_chain": null,
            "domain_name": "eu.backup.iot4.net",
            "domain_validation_options": [
              {
                "domain_name": "eu.backup.iot4.net",
                "resource_record_name": "_7a3c71070b734f1ef3986cbba65d1baa.eu.backup.iot4.net.",
                "resource_record_type": "CNAME",
                "resource_record_value": "_690af3ff471244c0973d3c3f2edbcc7a.yyqgzzsvtj.acm-validations.aws."
              }
            ],
            "id": "arn:aws:acm:eu-central-1:438513923646:certificate/dde588b8-c007-4f92-9c0a-88d0a05d73d6",
            "options": [
              {
                "certificate_transparency_logging_preference": "ENABLED"
              }
            ],
            "private_key": null,
            "status": "ISSUED",
            "subject_alternative_names": [
              "eu.backup.iot4.net"
            ],
            "tags": {
              "Email": "backup@iot4.net",
              "Name": "eu-central-1.backup.iot4.net",
              "Owner": "Vihar Chokshi",
              "elastio": "False"
            },
            "tags_all": {
              "Email": "backup@iot4.net",
              "Name": "eu-central-1.backup.iot4.net",
              "Owner": "Vihar Chokshi",
              "elastio": "False"
            },
            "validation_emails": [],
            "validation_method": "DNS",
            "validation_option": []
          },
          "sensitive_attributes": [],
          "private": "bnVsbA==",
          "create_before_destroy": true
        }
      ]
    },
    {
      "mode": "managed",
      "type": "aws_default_security_group",
      "name": "default",
      "provider": "provider[\"registry.terraform.io/hashicorp/aws\"]",
      "instances": [
        {
          "schema_version": 1,
          "attributes": {
            "arn": "arn:aws:ec2:eu-central-1:438513923646:security-group/sg-01843787079ba3f11",
            "description": "default VPC security group",
            "egress": [
              {
                "cidr_blocks": [
                  "0.0.0.0/0"
                ],
                "description": "",
                "from_port": 0,
                "ipv6_cidr_blocks": [],
                "prefix_list_ids": [],
                "protocol": "-1",
                "security_groups": [],
                "self": false,
                "to_port": 0
              }
            ],
            "id": "sg-01843787079ba3f11",
            "ingress": [
              {
                "cidr_blocks": [
                  "0.0.0.0/0"
                ],
                "description": "",
                "from_port": 22,
                "ipv6_cidr_blocks": [],
                "prefix_list_ids": [],
                "protocol": "tcp",
                "security_groups": [],
                "self": false,
                "to_port": 22
              },
              {
                "cidr_blocks": [
                  "0.0.0.0/0"
                ],
                "description": null,
                "from_port": 443,
                "ipv6_cidr_blocks": [],
                "prefix_list_ids": [],
                "protocol": "tcp",
                "security_groups": [],
                "self": false,
                "to_port": 443
              },
              {
                "cidr_blocks": [],
                "description": null,
                "from_port": 2049,
                "ipv6_cidr_blocks": [],
                "prefix_list_ids": [],
                "protocol": "tcp",
                "security_groups": [],
                "self": true,
                "to_port": 2049
              },
              {
                "cidr_blocks": [],
                "description": null,
                "from_port": 80,
                "ipv6_cidr_blocks": [],
                "prefix_list_ids": [],
                "protocol": "tcp",
                "security_groups": [],
                "self": true,
                "to_port": 80
              }
            ],
            "name": "default",
            "owner_id": "438513923646",
            "revoke_rules_on_delete": false,
            "tags": {
              "Email": "backup@iot4.net",
              "Name": "eu-central-1.backup.iot4.net",
              "Owner": "Vihar Chokshi",
              "elastio": "False"
            },
            "tags_all": {
              "Email": "backup@iot4.net",
              "Name": "eu-central-1.backup.iot4.net",
              "Owner": "Vihar Chokshi",
              "elastio": "False"
            },
            "vpc_id": "vpc-03f3956593d419b42"
          },
          "sensitive_attributes": [],
          "private": "eyJzY2hlbWFfdmVyc2lvbiI6IjEifQ==",
          "dependencies": [
            "module.vpc.aws_vpc.this"
          ]
        }
      ]
    },
    {
      "mode": "managed",
      "type": "aws_efs_backup_policy",
      "name": "policy",
      "provider": "provider[\"registry.terraform.io/hashicorp/aws\"]",
      "instances": [
        {
          "schema_version": 0,
          "attributes": {
            "backup_policy": [
              {
                "status": "ENABLED"
              }
            ],
            "file_system_id": "fs-02da1f518c392d8b7",
            "id": "fs-02da1f518c392d8b7"
          },
          "sensitive_attributes": [],
          "private": "bnVsbA==",
          "dependencies": [
            "aws_efs_file_system.f"
          ]
        }
      ]
    },
    {
      "mode": "managed",
      "type": "aws_efs_file_system",
      "name": "f",
      "provider": "provider[\"registry.terraform.io/hashicorp/aws\"]",
      "instances": [
        {
          "schema_version": 0,
          "attributes": {
            "arn": "arn:aws:elasticfilesystem:eu-central-1:438513923646:file-system/fs-02da1f518c392d8b7",
            "availability_zone_id": "",
            "availability_zone_name": "",
            "creation_token": "eu-central-1-efs",
            "dns_name": "fs-02da1f518c392d8b7.efs.eu-central-1.amazonaws.com",
            "encrypted": false,
            "id": "fs-02da1f518c392d8b7",
            "kms_key_id": "",
            "lifecycle_policy": [],
            "number_of_mount_targets": 2,
            "owner_id": "438513923646",
            "performance_mode": "generalPurpose",
            "provisioned_throughput_in_mibps": 0,
            "size_in_bytes": [
              {
                "value": 14456832,
                "value_in_ia": 0,
                "value_in_standard": 14456832
              }
            ],
            "tags": {},
            "tags_all": {},
            "throughput_mode": "bursting"
          },
          "sensitive_attributes": [],
          "private": "bnVsbA=="
        }
      ]
    },
    {
      "mode": "managed",
      "type": "aws_efs_mount_target",
      "name": "mt",
      "provider": "provider[\"registry.terraform.io/hashicorp/aws\"]",
      "instances": [
        {
          "index_key": 0,
          "schema_version": 0,
          "attributes": {
            "availability_zone_id": "euc1-az2",
            "availability_zone_name": "eu-central-1a",
            "dns_name": "fs-02da1f518c392d8b7.efs.eu-central-1.amazonaws.com",
            "file_system_arn": "arn:aws:elasticfilesystem:eu-central-1:438513923646:file-system/fs-02da1f518c392d8b7",
            "file_system_id": "fs-02da1f518c392d8b7",
            "id": "fsmt-067ea2641dd0b6433",
            "ip_address": "10.79.8.32",
            "mount_target_dns_name": "eu-central-1a.fs-02da1f518c392d8b7.efs.eu-central-1.amazonaws.com",
            "network_interface_id": "eni-048fca09d939c9333",
            "owner_id": "438513923646",
            "security_groups": [
              "sg-01843787079ba3f11"
            ],
            "subnet_id": "subnet-0a820e9d5228f3db6"
          },
          "sensitive_attributes": [],
          "private": "bnVsbA==",
          "dependencies": [
            "aws_default_security_group.default",
            "aws_efs_file_system.f",
            "data.aws_availability_zones.available",
            "module.vpc.aws_subnet.public",
            "module.vpc.aws_vpc.this",
            "module.vpc.aws_vpc_ipv4_cidr_block_association.this"
          ]
        },
        {
          "index_key": 1,
          "schema_version": 0,
          "attributes": {
            "availability_zone_id": "euc1-az3",
            "availability_zone_name": "eu-central-1b",
            "dns_name": "fs-02da1f518c392d8b7.efs.eu-central-1.amazonaws.com",
            "file_system_arn": "arn:aws:elasticfilesystem:eu-central-1:438513923646:file-system/fs-02da1f518c392d8b7",
            "file_system_id": "fs-02da1f518c392d8b7",
            "id": "fsmt-0c7ab09c5d705bddc",
            "ip_address": "10.79.9.149",
            "mount_target_dns_name": "eu-central-1b.fs-02da1f518c392d8b7.efs.eu-central-1.amazonaws.com",
            "network_interface_id": "eni-0c2479a1b6f8493c1",
            "owner_id": "438513923646",
            "security_groups": [
              "sg-01843787079ba3f11"
            ],
            "subnet_id": "subnet-09e4a52258bfdb3cd"
          },
          "sensitive_attributes": [],
          "private": "bnVsbA==",
          "dependencies": [
            "aws_default_security_group.default",
            "aws_efs_file_system.f",
            "data.aws_availability_zones.available",
            "module.vpc.aws_subnet.public",
            "module.vpc.aws_vpc.this",
            "module.vpc.aws_vpc_ipv4_cidr_block_association.this"
          ]
        }
      ]
    },
    {
      "mode": "managed",
      "type": "aws_elb",
      "name": "w",
      "provider": "provider[\"registry.terraform.io/hashicorp/aws\"]",
      "instances": [
        {
          "schema_version": 0,
          "attributes": {
            "access_logs": [],
            "arn": "arn:aws:elasticloadbalancing:eu-central-1:438513923646:loadbalancer/eu-central-1-elb",
            "availability_zones": [
              "eu-central-1a",
              "eu-central-1b"
            ],
            "connection_draining": true,
            "connection_draining_timeout": 400,
            "cross_zone_load_balancing": true,
            "desync_mitigation_mode": "defensive",
            "dns_name": "eu-central-1-elb-1054455843.eu-central-1.elb.amazonaws.com",
            "health_check": [
              {
                "healthy_threshold": 2,
                "interval": 30,
                "target": "HTTP:80/",
                "timeout": 3,
                "unhealthy_threshold": 2
              }
            ],
            "id": "eu-central-1-elb",
            "idle_timeout": 400,
            "instances": [
              "i-02c65b86fa2c11fa4",
              "i-0433abcbaba4da59f"
            ],
            "internal": false,
            "listener": [
              {
                "instance_port": 80,
                "instance_protocol": "http",
                "lb_port": 443,
                "lb_protocol": "https",
                "ssl_certificate_id": "arn:aws:acm:eu-central-1:438513923646:certificate/dde588b8-c007-4f92-9c0a-88d0a05d73d6"
              }
            ],
            "name": "eu-central-1-elb",
            "name_prefix": null,
            "security_groups": [
              "sg-01843787079ba3f11"
            ],
            "source_security_group": "438513923646/default",
            "source_security_group_id": "sg-01843787079ba3f11",
            "subnets": [
              "subnet-09e4a52258bfdb3cd",
              "subnet-0a820e9d5228f3db6"
            ],
            "tags": {},
            "tags_all": {},
            "zone_id": "Z215JYRZR1TBD5"
          },
          "sensitive_attributes": [],
          "private": "bnVsbA==",
          "dependencies": [
            "aws_acm_certificate.a",
            "aws_instance.e",
            "aws_key_pair.v",
            "data.aws_ami.amazon-linux-2",
            "data.aws_availability_zones.available",
            "data.aws_iam_instance_profile.instance_profile",
            "module.vpc.aws_subnet.public",
            "module.vpc.aws_vpc.this",
            "module.vpc.aws_vpc_ipv4_cidr_block_association.this"
          ]
        }
      ]
    },
    {
      "mode": "managed",
      "type": "aws_instance",
      "name": "e",
      "provider": "provider[\"registry.terraform.io/hashicorp/aws\"]",
      "instances": [
        {
          "index_key": 0,
          "schema_version": 1,
          "attributes": {
            "ami": "ami-094c442a8e9a67935",
            "arn": "arn:aws:ec2:eu-central-1:438513923646:instance/i-02c65b86fa2c11fa4",
            "associate_public_ip_address": true,
            "availability_zone": "eu-central-1a",
            "capacity_reservation_specification": [
              {
                "capacity_reservation_preference": "open",
                "capacity_reservation_target": []
              }
            ],
            "cpu_core_count": 1,
            "cpu_threads_per_core": 2,
            "credit_specification": [
              {
                "cpu_credits": "unlimited"
              }
            ],
            "disable_api_termination": false,
            "ebs_block_device": [],
            "ebs_optimized": false,
            "enclave_options": [
              {
                "enabled": false
              }
            ],
            "ephemeral_block_device": [],
            "get_password_data": false,
            "hibernation": false,
            "host_id": null,
            "iam_instance_profile": "backup-admin",
            "id": "i-02c65b86fa2c11fa4",
            "instance_initiated_shutdown_behavior": "stop",
            "instance_state": "running",
            "instance_type": "t3.micro",
            "ipv6_address_count": 0,
            "ipv6_addresses": [],
            "key_name": "backup@iot4.net",
            "launch_template": [],
            "maintenance_options": [
              {
                "auto_recovery": "default"
              }
            ],
            "metadata_options": [
              {
                "http_endpoint": "enabled",
                "http_put_response_hop_limit": 1,
                "http_tokens": "optional",
                "instance_metadata_tags": "disabled"
              }
            ],
            "monitoring": false,
            "network_interface": [],
            "outpost_arn": "",
            "password_data": "",
            "placement_group": "",
            "placement_partition_number": null,
            "primary_network_interface_id": "eni-075a6760eda5484be",
            "private_dns": "ip-10-79-8-247.eu-central-1.compute.internal",
            "private_ip": "10.79.8.247",
            "public_dns": "ec2-3-71-41-251.eu-central-1.compute.amazonaws.com",
            "public_ip": "3.71.41.251",
            "root_block_device": [
              {
                "delete_on_termination": true,
                "device_name": "/dev/xvda",
                "encrypted": false,
                "iops": 100,
                "kms_key_id": "",
                "tags": {},
                "throughput": 0,
                "volume_id": "vol-0de3a04a162d247ac",
                "volume_size": 8,
                "volume_type": "gp2"
              }
            ],
            "secondary_private_ips": [],
            "security_groups": [],
            "source_dest_check": true,
            "subnet_id": "subnet-0a820e9d5228f3db6",
            "tags": {
              "Email": "backup@iot4.net",
              "Name": "eu-central-1.backup.iot4.net",
              "Owner": "Vihar Chokshi",
              "elastio": "False"
            },
            "tags_all": {
              "Email": "backup@iot4.net",
              "Name": "eu-central-1.backup.iot4.net",
              "Owner": "Vihar Chokshi",
              "elastio": "False"
            },
            "tenancy": "default",
            "timeouts": null,
            "user_data": null,
            "user_data_base64": null,
            "user_data_replace_on_change": false,
            "volume_tags": {
              "Email": "backup@iot4.net",
              "Name": "eu-central-1.backup.iot4.net",
              "Owner": "Vihar Chokshi",
              "elastio": "False"
            },
            "vpc_security_group_ids": [
              "sg-01843787079ba3f11"
            ]
          },
          "sensitive_attributes": [],
          "private": "eyJlMmJmYjczMC1lY2FhLTExZTYtOGY4OC0zNDM2M2JjN2M0YzAiOnsiY3JlYXRlIjo2MDAwMDAwMDAwMDAsImRlbGV0ZSI6MTIwMDAwMDAwMDAwMCwidXBkYXRlIjo2MDAwMDAwMDAwMDB9LCJzY2hlbWFfdmVyc2lvbiI6IjEifQ==",
          "dependencies": [
            "aws_key_pair.v",
            "data.aws_ami.amazon-linux-2",
            "data.aws_availability_zones.available",
            "data.aws_iam_instance_profile.instance_profile",
            "module.vpc.aws_subnet.public",
            "module.vpc.aws_vpc.this",
            "module.vpc.aws_vpc_ipv4_cidr_block_association.this"
          ]
        },
        {
          "index_key": 1,
          "schema_version": 1,
          "attributes": {
            "ami": "ami-094c442a8e9a67935",
            "arn": "arn:aws:ec2:eu-central-1:438513923646:instance/i-0433abcbaba4da59f",
            "associate_public_ip_address": true,
            "availability_zone": "eu-central-1b",
            "capacity_reservation_specification": [
              {
                "capacity_reservation_preference": "open",
                "capacity_reservation_target": []
              }
            ],
            "cpu_core_count": 1,
            "cpu_threads_per_core": 2,
            "credit_specification": [
              {
                "cpu_credits": "unlimited"
              }
            ],
            "disable_api_termination": false,
            "ebs_block_device": [],
            "ebs_optimized": false,
            "enclave_options": [
              {
                "enabled": false
              }
            ],
            "ephemeral_block_device": [],
            "get_password_data": false,
            "hibernation": false,
            "host_id": null,
            "iam_instance_profile": "backup-admin",
            "id": "i-0433abcbaba4da59f",
            "instance_initiated_shutdown_behavior": "stop",
            "instance_state": "running",
            "instance_type": "t3.micro",
            "ipv6_address_count": 0,
            "ipv6_addresses": [],
            "key_name": "backup@iot4.net",
            "launch_template": [],
            "maintenance_options": [
              {
                "auto_recovery": "default"
              }
            ],
            "metadata_options": [
              {
                "http_endpoint": "enabled",
                "http_put_response_hop_limit": 1,
                "http_tokens": "optional",
                "instance_metadata_tags": "disabled"
              }
            ],
            "monitoring": false,
            "network_interface": [],
            "outpost_arn": "",
            "password_data": "",
            "placement_group": "",
            "placement_partition_number": null,
            "primary_network_interface_id": "eni-079634bc3f980fd61",
            "private_dns": "ip-10-79-9-101.eu-central-1.compute.internal",
            "private_ip": "10.79.9.101",
            "public_dns": "ec2-18-156-35-176.eu-central-1.compute.amazonaws.com",
            "public_ip": "18.156.35.176",
            "root_block_device": [
              {
                "delete_on_termination": true,
                "device_name": "/dev/xvda",
                "encrypted": false,
                "iops": 100,
                "kms_key_id": "",
                "tags": {},
                "throughput": 0,
                "volume_id": "vol-0cc2aa804d7951aad",
                "volume_size": 8,
                "volume_type": "gp2"
              }
            ],
            "secondary_private_ips": [],
            "security_groups": [],
            "source_dest_check": true,
            "subnet_id": "subnet-09e4a52258bfdb3cd",
            "tags": {
              "Email": "backup@iot4.net",
              "Name": "eu-central-1.backup.iot4.net",
              "Owner": "Vihar Chokshi",
              "elastio": "False"
            },
            "tags_all": {
              "Email": "backup@iot4.net",
              "Name": "eu-central-1.backup.iot4.net",
              "Owner": "Vihar Chokshi",
              "elastio": "False"
            },
            "tenancy": "default",
            "timeouts": null,
            "user_data": null,
            "user_data_base64": null,
            "user_data_replace_on_change": false,
            "volume_tags": {
              "Email": "backup@iot4.net",
              "Name": "eu-central-1.backup.iot4.net",
              "Owner": "Vihar Chokshi",
              "elastio": "False"
            },
            "vpc_security_group_ids": [
              "sg-01843787079ba3f11"
            ]
          },
          "sensitive_attributes": [],
          "private": "eyJlMmJmYjczMC1lY2FhLTExZTYtOGY4OC0zNDM2M2JjN2M0YzAiOnsiY3JlYXRlIjo2MDAwMDAwMDAwMDAsImRlbGV0ZSI6MTIwMDAwMDAwMDAwMCwidXBkYXRlIjo2MDAwMDAwMDAwMDB9LCJzY2hlbWFfdmVyc2lvbiI6IjEifQ==",
          "dependencies": [
            "aws_key_pair.v",
            "data.aws_ami.amazon-linux-2",
            "data.aws_availability_zones.available",
            "data.aws_iam_instance_profile.instance_profile",
            "module.vpc.aws_subnet.public",
            "module.vpc.aws_vpc.this",
            "module.vpc.aws_vpc_ipv4_cidr_block_association.this"
          ]
        }
      ]
    },
    {
      "mode": "managed",
      "type": "aws_key_pair",
      "name": "v",
      "provider": "provider[\"registry.terraform.io/hashicorp/aws\"]",
      "instances": [
        {
          "schema_version": 1,
          "attributes": {
            "arn": "arn:aws:ec2:eu-central-1:438513923646:key-pair/backup@iot4.net",
            "fingerprint": "b0:73:b8:17:da:f6:67:44:ec:3a:ff:1b:4d:3f:02:ea",
            "id": "backup@iot4.net",
            "key_name": "backup@iot4.net",
            "key_name_prefix": "",
            "key_pair_id": "key-0a09676a7af8272ac",
            "public_key": "ssh-rsa AAAAB3NzaC1yc2EAAAADAQABAAABgQCr0/jDt9YqZvhoJunIZH8rCDM16S/MVP2pt2mSC2Sk7gnGT92f23fOcbmYa9Z1tKuSqk138t+Ep9T1ulUA7BFmaFTKT7RKEuLhXgqdH687CE17JLxKzaHCRw1Fu/NbU+iuh5wQjYC5gIoaZPnattxF/Fg4V/0u6kP72klIFHN2hMweeddtQYZv+MBz19cmKx/TKfxR8DTnuovCIoQYYp68qVBsZgp0KFh01AepLW57JQh9Csx53ikfyQLUD7R9Etejx6Wy0DLIfohd3W7Ng8js7X0yFooMiqZCfacRDpzs1uvVSuEiNKRqrCqXAAElsH0/lkLRPvA5UYug/wQDz9FrfLBm9RN+LxEvcSDN1XFcyuIm5iWzUQpx0fUcMRSClNWVpCL5SegZjiQ20OlcUHFCGDmjEXpIdpg52pjhvKZ122hMZvdZXVY/TOn8WSQhoWsrbuDfGkAhv/eRH8loL9G+MqWeye/D2QaZ1CgJZrLmAjaFBkq2C4KCXGViM2mI0SE= vchokshi@desktop-8pu3btq",
            "tags": {},
            "tags_all": {}
          },
          "sensitive_attributes": [],
          "private": "eyJzY2hlbWFfdmVyc2lvbiI6IjEifQ=="
        }
      ]
    },
    {
      "mode": "managed",
      "type": "aws_route53_health_check",
      "name": "w",
      "provider": "provider[\"registry.terraform.io/hashicorp/aws\"]",
      "instances": [
        {
          "schema_version": 0,
          "attributes": {
            "arn": "arn:aws:route53:::healthcheck/98cb0a21-a759-4db4-8714-a3892101cada",
            "child_health_threshold": 0,
            "child_healthchecks": [],
            "cloudwatch_alarm_name": null,
            "cloudwatch_alarm_region": null,
            "disabled": false,
            "enable_sni": true,
            "failure_threshold": 5,
            "fqdn": "eu.backup.iot4.net",
            "id": "98cb0a21-a759-4db4-8714-a3892101cada",
            "insufficient_data_health_status": "",
            "invert_healthcheck": false,
            "ip_address": "",
            "measure_latency": false,
            "port": 443,
            "reference_name": null,
            "regions": [],
            "request_interval": 30,
            "resource_path": "/",
            "routing_control_arn": "",
            "search_string": "",
            "tags": {},
            "tags_all": {},
            "type": "HTTPS"
          },
          "sensitive_attributes": [],
          "private": "bnVsbA==",
          "dependencies": [
            "aws_acm_certificate.a",
            "aws_elb.w",
            "aws_instance.e",
            "aws_key_pair.v",
            "aws_route53_record.w",
            "data.aws_ami.amazon-linux-2",
            "data.aws_availability_zones.available",
            "data.aws_iam_instance_profile.instance_profile",
            "data.aws_route53_zone.public",
            "module.vpc.aws_subnet.public",
            "module.vpc.aws_vpc.this",
            "module.vpc.aws_vpc_ipv4_cidr_block_association.this"
          ]
        }
      ]
    },
    {
      "mode": "managed",
      "type": "aws_route53_record",
      "name": "ssh",
      "provider": "provider[\"registry.terraform.io/hashicorp/aws\"]",
      "instances": [
        {
          "index_key": 0,
          "schema_version": 2,
          "attributes": {
            "alias": [],
            "allow_overwrite": null,
            "failover_routing_policy": [],
            "fqdn": "eu-central-1-0.backup.iot4.net",
            "geolocation_routing_policy": [],
            "health_check_id": "",
            "id": "Z0829393O79DSP0EU8I4_eu-central-1-0.backup.iot4.net_A",
            "latency_routing_policy": [],
            "multivalue_answer_routing_policy": null,
            "name": "eu-central-1-0.backup.iot4.net",
            "records": [
              "3.71.41.251"
            ],
            "set_identifier": "",
            "ttl": 300,
            "type": "A",
            "weighted_routing_policy": [],
            "zone_id": "Z0829393O79DSP0EU8I4"
          },
          "sensitive_attributes": [],
          "private": "eyJzY2hlbWFfdmVyc2lvbiI6IjIifQ==",
          "dependencies": [
            "aws_instance.e",
            "aws_key_pair.v",
            "data.aws_ami.amazon-linux-2",
            "data.aws_availability_zones.available",
            "data.aws_iam_instance_profile.instance_profile",
            "data.aws_route53_zone.public",
            "module.vpc.aws_subnet.public",
            "module.vpc.aws_vpc.this",
            "module.vpc.aws_vpc_ipv4_cidr_block_association.this"
          ]
        },
        {
          "index_key": 1,
          "schema_version": 2,
          "attributes": {
            "alias": [],
            "allow_overwrite": null,
            "failover_routing_policy": [],
            "fqdn": "eu-central-1-1.backup.iot4.net",
            "geolocation_routing_policy": [],
            "health_check_id": "",
            "id": "Z0829393O79DSP0EU8I4_eu-central-1-1.backup.iot4.net_A",
            "latency_routing_policy": [],
            "multivalue_answer_routing_policy": null,
            "name": "eu-central-1-1.backup.iot4.net",
            "records": [
              "18.156.35.176"
            ],
            "set_identifier": "",
            "ttl": 300,
            "type": "A",
            "weighted_routing_policy": [],
            "zone_id": "Z0829393O79DSP0EU8I4"
          },
          "sensitive_attributes": [],
          "private": "eyJzY2hlbWFfdmVyc2lvbiI6IjIifQ==",
          "dependencies": [
            "aws_instance.e",
            "aws_key_pair.v",
            "data.aws_ami.amazon-linux-2",
            "data.aws_availability_zones.available",
            "data.aws_iam_instance_profile.instance_profile",
            "data.aws_route53_zone.public",
            "module.vpc.aws_subnet.public",
            "module.vpc.aws_vpc.this",
            "module.vpc.aws_vpc_ipv4_cidr_block_association.this"
          ]
        }
      ]
    },
    {
      "mode": "managed",
      "type": "aws_route53_record",
      "name": "w",
      "provider": "provider[\"registry.terraform.io/hashicorp/aws\"]",
      "instances": [
        {
          "schema_version": 2,
          "attributes": {
            "alias": [],
            "allow_overwrite": null,
            "failover_routing_policy": [],
            "fqdn": "eu.backup.iot4.net",
            "geolocation_routing_policy": [],
            "health_check_id": "",
            "id": "Z0829393O79DSP0EU8I4_eu.backup.iot4.net_CNAME",
            "latency_routing_policy": [],
            "multivalue_answer_routing_policy": null,
            "name": "eu.backup.iot4.net",
            "records": [
              "eu-central-1-elb-1054455843.eu-central-1.elb.amazonaws.com"
            ],
            "set_identifier": "",
            "ttl": 300,
            "type": "CNAME",
            "weighted_routing_policy": [],
            "zone_id": "Z0829393O79DSP0EU8I4"
          },
          "sensitive_attributes": [],
          "private": "eyJzY2hlbWFfdmVyc2lvbiI6IjIifQ==",
          "dependencies": [
            "aws_acm_certificate.a",
            "aws_elb.w",
            "aws_instance.e",
            "aws_key_pair.v",
            "data.aws_ami.amazon-linux-2",
            "data.aws_availability_zones.available",
            "data.aws_iam_instance_profile.instance_profile",
            "data.aws_route53_zone.public",
            "module.vpc.aws_subnet.public",
            "module.vpc.aws_vpc.this",
            "module.vpc.aws_vpc_ipv4_cidr_block_association.this"
          ]
        }
      ]
    },
    {
      "module": "module.vpc",
      "mode": "managed",
      "type": "aws_internet_gateway",
      "name": "this",
      "provider": "provider[\"registry.terraform.io/hashicorp/aws\"]",
      "instances": [
        {
          "index_key": 0,
          "schema_version": 0,
          "attributes": {
            "arn": "arn:aws:ec2:eu-central-1:438513923646:internet-gateway/igw-0c6717269d90a3639",
            "id": "igw-0c6717269d90a3639",
            "owner_id": "438513923646",
            "tags": {
              "Name": "iot-elastio"
            },
            "tags_all": {
              "Name": "iot-elastio"
            },
            "vpc_id": "vpc-03f3956593d419b42"
          },
          "sensitive_attributes": [],
          "private": "bnVsbA==",
          "dependencies": [
            "module.vpc.aws_vpc.this",
            "module.vpc.aws_vpc_ipv4_cidr_block_association.this"
          ]
        }
      ]
    },
    {
      "module": "module.vpc",
      "mode": "managed",
      "type": "aws_route",
      "name": "public_internet_gateway",
      "provider": "provider[\"registry.terraform.io/hashicorp/aws\"]",
      "instances": [
        {
          "index_key": 0,
          "schema_version": 0,
          "attributes": {
            "carrier_gateway_id": "",
            "core_network_arn": "",
            "destination_cidr_block": "0.0.0.0/0",
            "destination_ipv6_cidr_block": "",
            "destination_prefix_list_id": "",
            "egress_only_gateway_id": "",
            "gateway_id": "igw-0c6717269d90a3639",
            "id": "r-rtb-03ce5fa650624d2d21080289494",
            "instance_id": "",
            "instance_owner_id": "",
            "local_gateway_id": "",
            "nat_gateway_id": "",
            "network_interface_id": "",
            "origin": "CreateRoute",
            "route_table_id": "rtb-03ce5fa650624d2d2",
            "state": "active",
            "timeouts": {
              "create": "5m",
              "delete": null,
              "update": null
            },
            "transit_gateway_id": "",
            "vpc_endpoint_id": "",
            "vpc_peering_connection_id": ""
          },
          "sensitive_attributes": [],
          "private": "eyJlMmJmYjczMC1lY2FhLTExZTYtOGY4OC0zNDM2M2JjN2M0YzAiOnsiY3JlYXRlIjozMDAwMDAwMDAwMDAsImRlbGV0ZSI6MzAwMDAwMDAwMDAwLCJ1cGRhdGUiOjEyMDAwMDAwMDAwMH19",
          "dependencies": [
            "module.vpc.aws_internet_gateway.this",
            "module.vpc.aws_route_table.public",
            "module.vpc.aws_vpc.this",
            "module.vpc.aws_vpc_ipv4_cidr_block_association.this"
          ]
        }
      ]
    },
    {
      "module": "module.vpc",
      "mode": "managed",
      "type": "aws_route_table",
      "name": "public",
      "provider": "provider[\"registry.terraform.io/hashicorp/aws\"]",
      "instances": [
        {
          "index_key": 0,
          "schema_version": 0,
          "attributes": {
            "arn": "arn:aws:ec2:eu-central-1:438513923646:route-table/rtb-03ce5fa650624d2d2",
            "id": "rtb-03ce5fa650624d2d2",
            "owner_id": "438513923646",
            "propagating_vgws": [],
            "route": [
              {
                "carrier_gateway_id": "",
                "cidr_block": "0.0.0.0/0",
                "core_network_arn": "",
                "destination_prefix_list_id": "",
                "egress_only_gateway_id": "",
                "gateway_id": "igw-0c6717269d90a3639",
                "instance_id": "",
                "ipv6_cidr_block": "",
                "local_gateway_id": "",
                "nat_gateway_id": "",
                "network_interface_id": "",
                "transit_gateway_id": "",
                "vpc_endpoint_id": "",
                "vpc_peering_connection_id": ""
              }
            ],
            "tags": {
              "Name": "iot-elastio-public"
            },
            "tags_all": {
              "Name": "iot-elastio-public"
            },
            "timeouts": null,
            "vpc_id": "vpc-03f3956593d419b42"
          },
          "sensitive_attributes": [],
          "private": "eyJlMmJmYjczMC1lY2FhLTExZTYtOGY4OC0zNDM2M2JjN2M0YzAiOnsiY3JlYXRlIjozMDAwMDAwMDAwMDAsImRlbGV0ZSI6MzAwMDAwMDAwMDAwLCJ1cGRhdGUiOjEyMDAwMDAwMDAwMH19",
          "dependencies": [
            "module.vpc.aws_vpc.this",
            "module.vpc.aws_vpc_ipv4_cidr_block_association.this"
          ]
        }
      ]
    },
    {
      "module": "module.vpc",
      "mode": "managed",
      "type": "aws_route_table_association",
      "name": "public",
      "provider": "provider[\"registry.terraform.io/hashicorp/aws\"]",
      "instances": [
        {
          "index_key": 0,
          "schema_version": 0,
          "attributes": {
            "gateway_id": "",
            "id": "rtbassoc-090f5d8b6fdb5135d",
            "route_table_id": "rtb-03ce5fa650624d2d2",
            "subnet_id": "subnet-0a820e9d5228f3db6"
          },
          "sensitive_attributes": [],
          "private": "bnVsbA==",
          "dependencies": [
            "data.aws_availability_zones.available",
            "module.vpc.aws_route_table.public",
            "module.vpc.aws_subnet.public",
            "module.vpc.aws_vpc.this",
            "module.vpc.aws_vpc_ipv4_cidr_block_association.this"
          ]
        },
        {
          "index_key": 1,
          "schema_version": 0,
          "attributes": {
            "gateway_id": "",
            "id": "rtbassoc-0ad85fe167139d272",
            "route_table_id": "rtb-03ce5fa650624d2d2",
            "subnet_id": "subnet-09e4a52258bfdb3cd"
          },
          "sensitive_attributes": [],
          "private": "bnVsbA==",
          "dependencies": [
            "data.aws_availability_zones.available",
            "module.vpc.aws_route_table.public",
            "module.vpc.aws_subnet.public",
            "module.vpc.aws_vpc.this",
            "module.vpc.aws_vpc_ipv4_cidr_block_association.this"
          ]
        }
      ]
    },
    {
      "module": "module.vpc",
      "mode": "managed",
      "type": "aws_subnet",
      "name": "public",
      "provider": "provider[\"registry.terraform.io/hashicorp/aws\"]",
      "instances": [
        {
          "index_key": 0,
          "schema_version": 1,
          "attributes": {
            "arn": "arn:aws:ec2:eu-central-1:438513923646:subnet/subnet-0a820e9d5228f3db6",
            "assign_ipv6_address_on_creation": false,
            "availability_zone": "eu-central-1a",
            "availability_zone_id": "euc1-az2",
            "cidr_block": "10.79.8.0/24",
            "customer_owned_ipv4_pool": "",
            "enable_dns64": false,
            "enable_resource_name_dns_a_record_on_launch": false,
            "enable_resource_name_dns_aaaa_record_on_launch": false,
            "id": "subnet-0a820e9d5228f3db6",
            "ipv6_cidr_block": "",
            "ipv6_cidr_block_association_id": "",
            "ipv6_native": false,
            "map_customer_owned_ip_on_launch": false,
            "map_public_ip_on_launch": true,
            "outpost_arn": "",
            "owner_id": "438513923646",
            "private_dns_hostname_type_on_launch": "ip-name",
            "tags": {
              "Name": "iot-elastio-public-eu-central-1a"
            },
            "tags_all": {
              "Name": "iot-elastio-public-eu-central-1a"
            },
            "timeouts": null,
            "vpc_id": "vpc-03f3956593d419b42"
          },
          "sensitive_attributes": [],
          "private": "eyJlMmJmYjczMC1lY2FhLTExZTYtOGY4OC0zNDM2M2JjN2M0YzAiOnsiY3JlYXRlIjo2MDAwMDAwMDAwMDAsImRlbGV0ZSI6MTIwMDAwMDAwMDAwMH0sInNjaGVtYV92ZXJzaW9uIjoiMSJ9",
          "dependencies": [
            "data.aws_availability_zones.available",
            "module.vpc.aws_vpc.this",
            "module.vpc.aws_vpc_ipv4_cidr_block_association.this"
          ]
        },
        {
          "index_key": 1,
          "schema_version": 1,
          "attributes": {
            "arn": "arn:aws:ec2:eu-central-1:438513923646:subnet/subnet-09e4a52258bfdb3cd",
            "assign_ipv6_address_on_creation": false,
            "availability_zone": "eu-central-1b",
            "availability_zone_id": "euc1-az3",
            "cidr_block": "10.79.9.0/24",
            "customer_owned_ipv4_pool": "",
            "enable_dns64": false,
            "enable_resource_name_dns_a_record_on_launch": false,
            "enable_resource_name_dns_aaaa_record_on_launch": false,
            "id": "subnet-09e4a52258bfdb3cd",
            "ipv6_cidr_block": "",
            "ipv6_cidr_block_association_id": "",
            "ipv6_native": false,
            "map_customer_owned_ip_on_launch": false,
            "map_public_ip_on_launch": true,
            "outpost_arn": "",
            "owner_id": "438513923646",
            "private_dns_hostname_type_on_launch": "ip-name",
            "tags": {
              "Name": "iot-elastio-public-eu-central-1b"
            },
            "tags_all": {
              "Name": "iot-elastio-public-eu-central-1b"
            },
            "timeouts": null,
            "vpc_id": "vpc-03f3956593d419b42"
          },
          "sensitive_attributes": [],
          "private": "eyJlMmJmYjczMC1lY2FhLTExZTYtOGY4OC0zNDM2M2JjN2M0YzAiOnsiY3JlYXRlIjo2MDAwMDAwMDAwMDAsImRlbGV0ZSI6MTIwMDAwMDAwMDAwMH0sInNjaGVtYV92ZXJzaW9uIjoiMSJ9",
          "dependencies": [
            "data.aws_availability_zones.available",
            "module.vpc.aws_vpc.this",
            "module.vpc.aws_vpc_ipv4_cidr_block_association.this"
          ]
        }
      ]
    },
    {
      "module": "module.vpc",
      "mode": "managed",
      "type": "aws_vpc",
      "name": "this",
      "provider": "provider[\"registry.terraform.io/hashicorp/aws\"]",
      "instances": [
        {
          "index_key": 0,
          "schema_version": 1,
          "attributes": {
            "arn": "arn:aws:ec2:eu-central-1:438513923646:vpc/vpc-03f3956593d419b42",
            "assign_generated_ipv6_cidr_block": false,
            "cidr_block": "10.79.0.0/16",
            "default_network_acl_id": "acl-03ed2751932d10972",
            "default_route_table_id": "rtb-0eda5600b224ffc65",
            "default_security_group_id": "sg-01843787079ba3f11",
            "dhcp_options_id": "dopt-04907a221c4f2f40d",
            "enable_classiclink": false,
            "enable_classiclink_dns_support": false,
            "enable_dns_hostnames": true,
            "enable_dns_support": true,
            "id": "vpc-03f3956593d419b42",
            "instance_tenancy": "default",
            "ipv4_ipam_pool_id": null,
            "ipv4_netmask_length": null,
            "ipv6_association_id": "",
            "ipv6_cidr_block": "",
            "ipv6_cidr_block_network_border_group": "",
            "ipv6_ipam_pool_id": "",
            "ipv6_netmask_length": 0,
            "main_route_table_id": "rtb-0eda5600b224ffc65",
            "owner_id": "438513923646",
            "tags": {
              "Name": "iot-elastio"
            },
            "tags_all": {
              "Name": "iot-elastio"
            }
          },
          "sensitive_attributes": [],
          "private": "eyJzY2hlbWFfdmVyc2lvbiI6IjEifQ=="
        }
      ]
    },
    {
      "module": "module.vpc",
      "mode": "managed",
      "type": "aws_vpc_dhcp_options",
      "name": "this",
      "provider": "provider[\"registry.terraform.io/hashicorp/aws\"]",
      "instances": [
        {
          "index_key": 0,
          "schema_version": 0,
          "attributes": {
            "arn": "arn:aws:ec2:eu-central-1:438513923646:dhcp-options/dopt-04907a221c4f2f40d",
            "domain_name": "backup.iot4.net",
            "domain_name_servers": [
              "AmazonProvidedDNS"
            ],
            "id": "dopt-04907a221c4f2f40d",
            "netbios_name_servers": [],
            "netbios_node_type": "",
            "ntp_servers": [],
            "owner_id": "438513923646",
            "tags": {
              "Name": "iot-elastio"
            },
            "tags_all": {
              "Name": "iot-elastio"
            }
          },
          "sensitive_attributes": [],
          "private": "bnVsbA=="
        }
      ]
    },
    {
      "module": "module.vpc",
      "mode": "managed",
      "type": "aws_vpc_dhcp_options_association",
      "name": "this",
      "provider": "provider[\"registry.terraform.io/hashicorp/aws\"]",
      "instances": [
        {
          "index_key": 0,
          "schema_version": 0,
          "attributes": {
            "dhcp_options_id": "dopt-04907a221c4f2f40d",
            "id": "dopt-04907a221c4f2f40d-vpc-03f3956593d419b42",
            "vpc_id": "vpc-03f3956593d419b42"
          },
          "sensitive_attributes": [],
          "private": "bnVsbA==",
          "dependencies": [
            "module.vpc.aws_vpc.this",
            "module.vpc.aws_vpc_dhcp_options.this",
            "module.vpc.aws_vpc_ipv4_cidr_block_association.this"
          ]
        }
      ]
    }
  ]
}
