{
  "version": 4,
  "terraform_version": "1.1.9",
  "serial": 222,
  "lineage": "70c0aa19-5392-eddf-adc3-8a8429c4ce06",
  "outputs": {
    "ec2_instances": {
      "value": [
        "i-0371dcd07d159a45f",
        "i-01dca7fd873114bf6"
      ],
      "type": [
        "tuple",
        [
          "string",
          "string"
        ]
      ]
    },
    "hostnames": {
      "value": [
        "east-0.backup.iot4.net",
        "east-1.backup.iot4.net"
      ],
      "type": [
        "tuple",
        [
          "string",
          "string"
        ]
      ]
    },
    "http": {
      "value": "east.backup.iot4.net",
      "type": "string"
    },
    "vpc_id": {
      "value": "vpc-0f05abf617666f2e9",
      "type": "string"
    }
  },
  "resources": [
    {
      "mode": "data",
      "type": "aws_ami",
      "name": "amazon-linux-2",
      "provider": "provider[\"registry.terraform.io/hashicorp/aws\"]",
      "instances": [
        {
          "schema_version": 0,
          "attributes": {
            "architecture": "x86_64",
            "arn": "arn:aws:ec2:us-east-1::image/ami-088d384929bfb2341",
            "block_device_mappings": [
              {
                "device_name": "/dev/xvda",
                "ebs": {
                  "delete_on_termination": "true",
                  "encrypted": "false",
                  "iops": "0",
                  "snapshot_id": "snap-01e149cbf973362f1",
                  "throughput": "0",
                  "volume_size": "8",
                  "volume_type": "gp2"
                },
                "no_device": "",
                "virtual_name": ""
              },
              {
                "device_name": "/dev/xvdb",
                "ebs": {
                  "delete_on_termination": "true",
                  "encrypted": "false",
                  "iops": "0",
                  "snapshot_id": "snap-068285a1f21b979ce",
                  "throughput": "0",
                  "volume_size": "12",
                  "volume_type": "gp2"
                },
                "no_device": "",
                "virtual_name": ""
              }
            ],
            "boot_mode": "",
            "creation_date": "2022-07-23T01:44:45.000Z",
            "description": null,
            "ena_support": true,
            "executable_users": null,
            "filter": [
              {
                "name": "name",
                "values": [
                  "base-iot4*"
                ]
              }
            ],
            "hypervisor": "xen",
            "id": "ami-088d384929bfb2341",
            "image_id": "ami-088d384929bfb2341",
            "image_location": "438513923646/base-iot4-amazon-linux-20220723014225",
            "image_owner_alias": null,
            "image_type": "machine",
            "kernel_id": null,
            "most_recent": true,
            "name": "base-iot4-amazon-linux-20220723014225",
            "name_regex": null,
            "owner_id": "438513923646",
            "owners": [
              "self"
            ],
            "platform": null,
            "platform_details": "Linux/UNIX",
            "product_codes": [],
            "public": false,
            "ramdisk_id": null,
            "root_device_name": "/dev/xvda",
            "root_device_type": "ebs",
            "root_snapshot_id": "snap-01e149cbf973362f1",
            "sriov_net_support": "simple",
            "state": "available",
            "state_reason": {
              "code": "UNSET",
              "message": "UNSET"
            },
            "tags": {
              "Name": "base-iot4-amazon-linux-20220723014225",
              "ami_category": "base",
              "approval_status": "testing",
              "os_type": "amazon-linux",
              "pr_branch": "main",
              "pr_sha": "a8d6e25"
            },
            "usage_operation": "RunInstances",
            "virtualization_type": "hvm"
          },
          "sensitive_attributes": []
        }
      ]
    },
    {
      "mode": "data",
      "type": "aws_availability_zones",
      "name": "available",
      "provider": "provider[\"registry.terraform.io/hashicorp/aws\"]",
      "instances": [
        {
          "schema_version": 0,
          "attributes": {
            "all_availability_zones": null,
            "exclude_names": null,
            "exclude_zone_ids": null,
            "filter": null,
            "group_names": [
              "us-east-1"
            ],
            "id": "us-east-1",
            "names": [
              "us-east-1a",
              "us-east-1b",
              "us-east-1c",
              "us-east-1d",
              "us-east-1e",
              "us-east-1f"
            ],
            "state": "available",
            "zone_ids": [
              "use1-az1",
              "use1-az2",
              "use1-az4",
              "use1-az6",
              "use1-az3",
              "use1-az5"
            ]
          },
          "sensitive_attributes": []
        }
      ]
    },
    {
      "mode": "data",
      "type": "aws_iam_instance_profile",
      "name": "instance_profile",
      "provider": "provider[\"registry.terraform.io/hashicorp/aws\"]",
      "instances": [
        {
          "schema_version": 0,
          "attributes": {
            "arn": "arn:aws:iam::438513923646:instance-profile/backup-admin",
            "create_date": "2022-01-21 00:34:51 +0000 UTC",
            "id": "AIPAWMGLXOY7GZTXD7IWU",
            "name": "backup-admin",
            "path": "/",
            "role_arn": "arn:aws:iam::438513923646:role/backup-admin",
            "role_id": "AROAWMGLXOY7L67HQN64X",
            "role_name": "backup-admin"
          },
          "sensitive_attributes": []
        }
      ]
    },
    {
      "mode": "data",
      "type": "aws_route53_zone",
      "name": "public",
      "provider": "provider[\"registry.terraform.io/hashicorp/aws\"]",
      "instances": [
        {
          "schema_version": 0,
          "attributes": {
            "arn": "arn:aws:route53:::hostedzone/Z0829393O79DSP0EU8I4",
            "caller_reference": "terraform-20211122233843715400000001",
            "comment": "Managed by Terraform",
            "id": "Z0829393O79DSP0EU8I4",
            "linked_service_description": null,
            "linked_service_principal": null,
            "name": "backup.iot4.net",
            "name_servers": [
              "ns-231.awsdns-28.com",
              "ns-648.awsdns-17.net",
              "ns-1146.awsdns-15.org",
              "ns-1980.awsdns-55.co.uk"
            ],
            "private_zone": false,
            "resource_record_set_count": 14,
            "tags": {},
            "vpc_id": null,
            "zone_id": "Z0829393O79DSP0EU8I4"
          },
          "sensitive_attributes": []
        }
      ]
    },
    {
      "mode": "data",
      "type": "http",
      "name": "myip",
      "provider": "provider[\"registry.terraform.io/hashicorp/http\"]",
      "instances": [
        {
          "schema_version": 0,
          "attributes": {
            "body": "174.17.43.94\n",
            "id": "http://ipv4.icanhazip.com",
            "request_headers": null,
            "response_headers": {
              "Access-Control-Allow-Methods": "GET",
              "Access-Control-Allow-Origin": "*",
              "Alt-Svc": "h3=\":443\"; ma=86400, h3-29=\":443\"; ma=86400",
              "Cf-Ray": "72f0c12fde0e7ffc-SAN",
              "Connection": "keep-alive",
              "Content-Length": "13",
              "Content-Type": "text/plain",
              "Date": "Sat, 23 Jul 2022 01:48:35 GMT",
              "Server": "cloudflare",
              "Set-Cookie": "__cf_bm=0nSblIZK0z1_IyWV0cGzHQD6.T9kH4UOb5944USs.z4-1658540915-0-AZN75dzBFOMM9quEoJXt9G3fYBHFPy9q6Yhcf783yw30fQpcE3qx10pTqT0WMqLgJi4gMNL5sPHEqra/FsGePV0=; path=/; expires=Sat, 23-Jul-22 02:18:35 GMT; domain=.icanhazip.com; HttpOnly; SameSite=None",
              "Vary": "Accept-Encoding"
            },
            "url": "http://ipv4.icanhazip.com"
          },
          "sensitive_attributes": []
        }
      ]
    },
    {
      "mode": "managed",
      "type": "aws_acm_certificate",
      "name": "a",
      "provider": "provider[\"registry.terraform.io/hashicorp/aws\"]",
      "instances": [
        {
          "schema_version": 0,
          "attributes": {
            "arn": "arn:aws:acm:us-east-1:438513923646:certificate/88532207-86d3-4a70-9693-fe7d319360b5",
            "certificate_authority_arn": "",
            "certificate_body": null,
            "certificate_chain": null,
            "domain_name": "east.backup.iot4.net",
            "domain_validation_options": [
              {
                "domain_name": "east.backup.iot4.net",
                "resource_record_name": "_79ff256f59a39e80cc4d6ea656cc715f.east.backup.iot4.net.",
                "resource_record_type": "CNAME",
                "resource_record_value": "_0f4ca6debb37f8d2a8930b7f1145b6b9.cnsgthfrdk.acm-validations.aws."
              }
            ],
            "id": "arn:aws:acm:us-east-1:438513923646:certificate/88532207-86d3-4a70-9693-fe7d319360b5",
            "options": [
              {
                "certificate_transparency_logging_preference": "ENABLED"
              }
            ],
            "private_key": null,
            "status": "ISSUED",
            "subject_alternative_names": [
              "east.backup.iot4.net"
            ],
            "tags": {
              "Email": "backup@iot4.net",
              "Owner": "Vihar Chokshi",
              "Use_Elastio": "True"
            },
            "tags_all": {
              "Email": "backup@iot4.net",
              "Owner": "Vihar Chokshi",
              "Use_Elastio": "True"
            },
            "validation_emails": [],
            "validation_method": "DNS",
            "validation_option": []
          },
          "sensitive_attributes": [],
          "private": "bnVsbA==",
          "create_before_destroy": true
        }
      ]
    },
    {
      "mode": "managed",
      "type": "aws_default_security_group",
      "name": "default",
      "provider": "provider[\"registry.terraform.io/hashicorp/aws\"]",
      "instances": [
        {
          "schema_version": 1,
          "attributes": {
            "arn": "arn:aws:ec2:us-east-1:438513923646:security-group/sg-0a6523fd37c863820",
            "description": "default VPC security group",
            "egress": [
              {
                "cidr_blocks": [
                  "0.0.0.0/0"
                ],
                "description": "",
                "from_port": 0,
                "ipv6_cidr_blocks": [],
                "prefix_list_ids": [],
                "protocol": "-1",
                "security_groups": [],
                "self": false,
                "to_port": 0
              }
            ],
            "id": "sg-0a6523fd37c863820",
            "ingress": [
              {
                "cidr_blocks": [
                  "0.0.0.0/0"
                ],
                "description": "",
                "from_port": 443,
                "ipv6_cidr_blocks": [],
                "prefix_list_ids": [],
                "protocol": "tcp",
                "security_groups": [],
                "self": false,
                "to_port": 443
              },
              {
                "cidr_blocks": [
                  "174.17.43.94/32"
                ],
                "description": "",
                "from_port": 22,
                "ipv6_cidr_blocks": [],
                "prefix_list_ids": [],
                "protocol": "tcp",
                "security_groups": [],
                "self": false,
                "to_port": 22
              },
              {
                "cidr_blocks": [],
                "description": "",
                "from_port": 2049,
                "ipv6_cidr_blocks": [],
                "prefix_list_ids": [],
                "protocol": "tcp",
                "security_groups": [],
                "self": true,
                "to_port": 2049
              },
              {
                "cidr_blocks": [],
                "description": "",
                "from_port": 80,
                "ipv6_cidr_blocks": [],
                "prefix_list_ids": [],
                "protocol": "tcp",
                "security_groups": [],
                "self": true,
                "to_port": 80
              }
            ],
            "name": "default",
            "owner_id": "438513923646",
            "revoke_rules_on_delete": false,
            "tags": {
              "Email": "backup@iot4.net",
              "Owner": "Vihar Chokshi",
              "Use_Elastio": "True"
            },
            "tags_all": {
              "Email": "backup@iot4.net",
              "Owner": "Vihar Chokshi",
              "Use_Elastio": "True"
            },
            "vpc_id": "vpc-0f05abf617666f2e9"
          },
          "sensitive_attributes": [],
          "private": "eyJzY2hlbWFfdmVyc2lvbiI6IjEifQ==",
          "dependencies": [
            "data.http.myip",
            "module.vpc.aws_vpc.this"
          ]
        }
      ]
    },
    {
      "mode": "managed",
      "type": "aws_elb",
      "name": "e",
      "provider": "provider[\"registry.terraform.io/hashicorp/aws\"]",
      "instances": [
        {
          "schema_version": 0,
          "attributes": {
            "access_logs": [],
            "arn": "arn:aws:elasticloadbalancing:us-east-1:438513923646:loadbalancer/east-elb",
            "availability_zones": [
              "us-east-1a",
              "us-east-1b",
              "us-east-1c"
            ],
            "connection_draining": true,
            "connection_draining_timeout": 400,
            "cross_zone_load_balancing": true,
            "desync_mitigation_mode": "defensive",
            "dns_name": "east-elb-1264499546.us-east-1.elb.amazonaws.com",
            "health_check": [
              {
                "healthy_threshold": 2,
                "interval": 30,
                "target": "HTTP:80/",
                "timeout": 3,
                "unhealthy_threshold": 2
              }
            ],
            "id": "east-elb",
            "idle_timeout": 400,
            "instances": [
              "i-01dca7fd873114bf6",
              "i-0371dcd07d159a45f"
            ],
            "internal": false,
            "listener": [
              {
                "instance_port": 80,
                "instance_protocol": "http",
                "lb_port": 443,
                "lb_protocol": "https",
                "ssl_certificate_id": "arn:aws:acm:us-east-1:438513923646:certificate/88532207-86d3-4a70-9693-fe7d319360b5"
              }
            ],
            "name": "east-elb",
            "name_prefix": null,
            "security_groups": [
              "sg-0a6523fd37c863820"
            ],
            "source_security_group": "438513923646/default",
            "source_security_group_id": "sg-0a6523fd37c863820",
            "subnets": [
              "subnet-02a5601e7208b71a6",
              "subnet-0701397a1e9d7c5d2",
              "subnet-0a0e2bfc0b0912161"
            ],
            "tags": {},
            "tags_all": {},
            "zone_id": "Z35SXDOTRQ7X7K"
          },
          "sensitive_attributes": [],
          "private": "bnVsbA==",
          "dependencies": [
            "aws_acm_certificate.a",
            "aws_instance.east",
            "aws_key_pair.v",
            "data.aws_ami.amazon-linux-2",
            "data.aws_availability_zones.available",
            "data.aws_iam_instance_profile.instance_profile",
            "module.vpc.aws_subnet.public"
          ]
        }
      ]
    },
    {
      "mode": "managed",
      "type": "aws_instance",
      "name": "east",
      "provider": "provider[\"registry.terraform.io/hashicorp/aws\"]",
      "instances": [
        {
          "index_key": 0,
          "schema_version": 1,
          "attributes": {
            "ami": "ami-088d384929bfb2341",
            "arn": "arn:aws:ec2:us-east-1:438513923646:instance/i-0371dcd07d159a45f",
            "associate_public_ip_address": true,
            "availability_zone": "us-east-1a",
            "capacity_reservation_specification": [
              {
                "capacity_reservation_preference": "open",
                "capacity_reservation_target": []
              }
            ],
            "cpu_core_count": 1,
            "cpu_threads_per_core": 2,
            "credit_specification": [
              {
                "cpu_credits": "unlimited"
              }
            ],
            "disable_api_termination": false,
            "ebs_block_device": [
              {
                "delete_on_termination": true,
                "device_name": "/dev/xvdb",
                "encrypted": false,
                "iops": 100,
                "kms_key_id": "",
                "snapshot_id": "snap-068285a1f21b979ce",
                "tags": {},
                "throughput": 0,
                "volume_id": "vol-0b9a358ad774828cf",
                "volume_size": 12,
                "volume_type": "gp2"
              }
            ],
            "ebs_optimized": false,
            "enclave_options": [
              {
                "enabled": false
              }
            ],
            "ephemeral_block_device": [],
            "get_password_data": false,
            "hibernation": false,
            "host_id": null,
            "iam_instance_profile": "backup-admin",
            "id": "i-0371dcd07d159a45f",
            "instance_initiated_shutdown_behavior": "stop",
            "instance_state": "running",
            "instance_type": "t3.micro",
            "ipv6_address_count": 0,
            "ipv6_addresses": [],
            "key_name": "backup@iot4.net",
            "launch_template": [],
            "maintenance_options": [
              {
                "auto_recovery": "default"
              }
            ],
            "metadata_options": [
              {
                "http_endpoint": "enabled",
                "http_put_response_hop_limit": 1,
                "http_tokens": "optional",
                "instance_metadata_tags": "disabled"
              }
            ],
            "monitoring": false,
            "network_interface": [],
            "outpost_arn": "",
            "password_data": "",
            "placement_group": "",
            "placement_partition_number": null,
            "primary_network_interface_id": "eni-0249a4e7ab43fe3e6",
            "private_dns": "ip-10-77-4-19.ec2.internal",
            "private_ip": "10.77.4.19",
            "public_dns": "ec2-3-80-163-179.compute-1.amazonaws.com",
            "public_ip": "3.80.163.179",
            "root_block_device": [
              {
                "delete_on_termination": true,
                "device_name": "/dev/xvda",
                "encrypted": false,
                "iops": 100,
                "kms_key_id": "",
                "tags": {},
                "throughput": 0,
                "volume_id": "vol-06470e191b2228d1e",
                "volume_size": 8,
                "volume_type": "gp2"
              }
            ],
            "secondary_private_ips": [],
            "security_groups": [],
            "source_dest_check": true,
            "subnet_id": "subnet-0a0e2bfc0b0912161",
            "tags": {
              "Email": "backup@iot4.net",
              "Name": "east-0.backup.iot4.net",
              "Owner": "Vihar Chokshi",
              "Use_Elastio": "True"
            },
            "tags_all": {
              "Email": "backup@iot4.net",
              "Name": "east-0.backup.iot4.net",
              "Owner": "Vihar Chokshi",
              "Use_Elastio": "True"
            },
            "tenancy": "default",
            "timeouts": null,
            "user_data": null,
            "user_data_base64": null,
            "user_data_replace_on_change": false,
            "volume_tags": null,
            "vpc_security_group_ids": [
              "sg-0a6523fd37c863820"
            ]
          },
          "sensitive_attributes": [],
          "private": "eyJlMmJmYjczMC1lY2FhLTExZTYtOGY4OC0zNDM2M2JjN2M0YzAiOnsiY3JlYXRlIjo2MDAwMDAwMDAwMDAsImRlbGV0ZSI6MTIwMDAwMDAwMDAwMCwidXBkYXRlIjo2MDAwMDAwMDAwMDB9LCJzY2hlbWFfdmVyc2lvbiI6IjEifQ==",
          "dependencies": [
            "aws_key_pair.v",
            "data.aws_ami.amazon-linux-2",
            "data.aws_availability_zones.available",
            "data.aws_iam_instance_profile.instance_profile",
            "module.vpc.aws_subnet.public"
          ]
        },
        {
          "index_key": 1,
          "schema_version": 1,
          "attributes": {
            "ami": "ami-088d384929bfb2341",
            "arn": "arn:aws:ec2:us-east-1:438513923646:instance/i-01dca7fd873114bf6",
            "associate_public_ip_address": true,
            "availability_zone": "us-east-1b",
            "capacity_reservation_specification": [
              {
                "capacity_reservation_preference": "open",
                "capacity_reservation_target": []
              }
            ],
            "cpu_core_count": 1,
            "cpu_threads_per_core": 2,
            "credit_specification": [
              {
                "cpu_credits": "unlimited"
              }
            ],
            "disable_api_termination": false,
            "ebs_block_device": [
              {
                "delete_on_termination": true,
                "device_name": "/dev/xvdb",
                "encrypted": false,
                "iops": 100,
                "kms_key_id": "",
                "snapshot_id": "snap-068285a1f21b979ce",
                "tags": {},
                "throughput": 0,
                "volume_id": "vol-04c71c3714a302e38",
                "volume_size": 12,
                "volume_type": "gp2"
              }
            ],
            "ebs_optimized": false,
            "enclave_options": [
              {
                "enabled": false
              }
            ],
            "ephemeral_block_device": [],
            "get_password_data": false,
            "hibernation": false,
            "host_id": null,
            "iam_instance_profile": "backup-admin",
            "id": "i-01dca7fd873114bf6",
            "instance_initiated_shutdown_behavior": "stop",
            "instance_state": "running",
            "instance_type": "t3.micro",
            "ipv6_address_count": 0,
            "ipv6_addresses": [],
            "key_name": "backup@iot4.net",
            "launch_template": [],
            "maintenance_options": [
              {
                "auto_recovery": "default"
              }
            ],
            "metadata_options": [
              {
                "http_endpoint": "enabled",
                "http_put_response_hop_limit": 1,
                "http_tokens": "optional",
                "instance_metadata_tags": "disabled"
              }
            ],
            "monitoring": false,
            "network_interface": [],
            "outpost_arn": "",
            "password_data": "",
            "placement_group": "",
            "placement_partition_number": null,
            "primary_network_interface_id": "eni-0a20011054ff49f76",
            "private_dns": "ip-10-77-5-79.ec2.internal",
            "private_ip": "10.77.5.79",
            "public_dns": "ec2-3-92-215-198.compute-1.amazonaws.com",
            "public_ip": "3.92.215.198",
            "root_block_device": [
              {
                "delete_on_termination": true,
                "device_name": "/dev/xvda",
                "encrypted": false,
                "iops": 100,
                "kms_key_id": "",
                "tags": {},
                "throughput": 0,
                "volume_id": "vol-0845420bdfe4ed0fa",
                "volume_size": 8,
                "volume_type": "gp2"
              }
            ],
            "secondary_private_ips": [],
            "security_groups": [],
            "source_dest_check": true,
            "subnet_id": "subnet-02a5601e7208b71a6",
            "tags": {
              "Email": "backup@iot4.net",
              "Name": "east-1.backup.iot4.net",
              "Owner": "Vihar Chokshi",
              "Use_Elastio": "True"
            },
            "tags_all": {
              "Email": "backup@iot4.net",
              "Name": "east-1.backup.iot4.net",
              "Owner": "Vihar Chokshi",
              "Use_Elastio": "True"
            },
            "tenancy": "default",
            "timeouts": null,
            "user_data": null,
            "user_data_base64": null,
            "user_data_replace_on_change": false,
            "volume_tags": null,
            "vpc_security_group_ids": [
              "sg-0a6523fd37c863820"
            ]
          },
          "sensitive_attributes": [],
          "private": "eyJlMmJmYjczMC1lY2FhLTExZTYtOGY4OC0zNDM2M2JjN2M0YzAiOnsiY3JlYXRlIjo2MDAwMDAwMDAwMDAsImRlbGV0ZSI6MTIwMDAwMDAwMDAwMCwidXBkYXRlIjo2MDAwMDAwMDAwMDB9LCJzY2hlbWFfdmVyc2lvbiI6IjEifQ==",
          "dependencies": [
            "aws_key_pair.v",
            "data.aws_ami.amazon-linux-2",
            "data.aws_availability_zones.available",
            "data.aws_iam_instance_profile.instance_profile",
            "module.vpc.aws_subnet.public"
          ]
        }
      ]
    },
    {
      "mode": "managed",
      "type": "aws_key_pair",
      "name": "v",
      "provider": "provider[\"registry.terraform.io/hashicorp/aws\"]",
      "instances": [
        {
          "schema_version": 1,
          "attributes": {
            "arn": "arn:aws:ec2:us-east-1:438513923646:key-pair/backup@iot4.net",
            "fingerprint": "b0:73:b8:17:da:f6:67:44:ec:3a:ff:1b:4d:3f:02:ea",
            "id": "backup@iot4.net",
            "key_name": "backup@iot4.net",
            "key_name_prefix": "",
            "key_pair_id": "key-0cf52af15297b9ffb",
            "public_key": "ssh-rsa AAAAB3NzaC1yc2EAAAADAQABAAABgQCr0/jDt9YqZvhoJunIZH8rCDM16S/MVP2pt2mSC2Sk7gnGT92f23fOcbmYa9Z1tKuSqk138t+Ep9T1ulUA7BFmaFTKT7RKEuLhXgqdH687CE17JLxKzaHCRw1Fu/NbU+iuh5wQjYC5gIoaZPnattxF/Fg4V/0u6kP72klIFHN2hMweeddtQYZv+MBz19cmKx/TKfxR8DTnuovCIoQYYp68qVBsZgp0KFh01AepLW57JQh9Csx53ikfyQLUD7R9Etejx6Wy0DLIfohd3W7Ng8js7X0yFooMiqZCfacRDpzs1uvVSuEiNKRqrCqXAAElsH0/lkLRPvA5UYug/wQDz9FrfLBm9RN+LxEvcSDN1XFcyuIm5iWzUQpx0fUcMRSClNWVpCL5SegZjiQ20OlcUHFCGDmjEXpIdpg52pjhvKZ122hMZvdZXVY/TOn8WSQhoWsrbuDfGkAhv/eRH8loL9G+MqWeye/D2QaZ1CgJZrLmAjaFBkq2C4KCXGViM2mI0SE= vchokshi@desktop-8pu3btq",
            "tags": {},
            "tags_all": {}
          },
          "sensitive_attributes": [],
          "private": "eyJzY2hlbWFfdmVyc2lvbiI6IjEifQ=="
        }
      ]
    },
    {
      "mode": "managed",
      "type": "aws_route53_health_check",
      "name": "e",
      "provider": "provider[\"registry.terraform.io/hashicorp/aws\"]",
      "instances": [
        {
          "schema_version": 0,
          "attributes": {
            "arn": "arn:aws:route53:::healthcheck/6ae07598-366c-4be2-898d-9c28d97b8e5d",
            "child_health_threshold": 0,
            "child_healthchecks": [],
            "cloudwatch_alarm_name": null,
            "cloudwatch_alarm_region": null,
            "disabled": false,
            "enable_sni": true,
            "failure_threshold": 5,
            "fqdn": "east.backup.iot4.net",
            "id": "6ae07598-366c-4be2-898d-9c28d97b8e5d",
            "insufficient_data_health_status": "",
            "invert_healthcheck": false,
            "ip_address": "",
            "measure_latency": false,
            "port": 443,
            "reference_name": null,
            "regions": [],
            "request_interval": 30,
            "resource_path": "/",
            "routing_control_arn": "",
            "search_string": "",
            "tags": {},
            "tags_all": {},
            "type": "HTTPS"
          },
          "sensitive_attributes": [],
          "private": "bnVsbA==",
          "dependencies": [
            "aws_acm_certificate.a",
            "aws_elb.e",
            "aws_instance.east",
            "aws_key_pair.v",
            "aws_route53_record.e",
            "data.aws_ami.amazon-linux-2",
            "data.aws_availability_zones.available",
            "data.aws_iam_instance_profile.instance_profile",
            "data.aws_route53_zone.public",
            "module.vpc.aws_subnet.public",
            "module.vpc.aws_vpc.this",
            "module.vpc.aws_vpc_ipv4_cidr_block_association.this"
          ]
        }
      ]
    },
    {
      "mode": "managed",
      "type": "aws_route53_record",
      "name": "e",
      "provider": "provider[\"registry.terraform.io/hashicorp/aws\"]",
      "instances": [
        {
          "schema_version": 2,
          "attributes": {
            "alias": [],
            "allow_overwrite": null,
            "failover_routing_policy": [],
            "fqdn": "east.backup.iot4.net",
            "geolocation_routing_policy": [],
            "health_check_id": "",
            "id": "Z0829393O79DSP0EU8I4_east.backup.iot4.net_CNAME",
            "latency_routing_policy": [],
            "multivalue_answer_routing_policy": null,
            "name": "east.backup.iot4.net",
            "records": [
              "east-elb-1264499546.us-east-1.elb.amazonaws.com"
            ],
            "set_identifier": "",
            "ttl": 300,
            "type": "CNAME",
            "weighted_routing_policy": [],
            "zone_id": "Z0829393O79DSP0EU8I4"
          },
          "sensitive_attributes": [],
          "private": "eyJzY2hlbWFfdmVyc2lvbiI6IjIifQ==",
          "dependencies": [
            "aws_acm_certificate.a",
            "aws_elb.e",
            "aws_instance.east",
            "aws_key_pair.v",
            "data.aws_ami.amazon-linux-2",
            "data.aws_availability_zones.available",
            "data.aws_iam_instance_profile.instance_profile",
            "data.aws_route53_zone.public",
            "module.vpc.aws_subnet.public",
            "module.vpc.aws_vpc.this",
            "module.vpc.aws_vpc_ipv4_cidr_block_association.this"
          ]
        }
      ]
    },
    {
      "mode": "managed",
      "type": "aws_route53_record",
      "name": "ssh",
      "provider": "provider[\"registry.terraform.io/hashicorp/aws\"]",
      "instances": [
        {
          "index_key": 0,
          "schema_version": 2,
          "attributes": {
            "alias": [],
            "allow_overwrite": null,
            "failover_routing_policy": [],
            "fqdn": "east-0.backup.iot4.net",
            "geolocation_routing_policy": [],
            "health_check_id": "",
            "id": "Z0829393O79DSP0EU8I4_east-0.backup.iot4.net_A",
            "latency_routing_policy": [],
            "multivalue_answer_routing_policy": null,
            "name": "east-0.backup.iot4.net",
            "records": [
              "3.80.163.179"
            ],
            "set_identifier": "",
            "ttl": 300,
            "type": "A",
            "weighted_routing_policy": [],
            "zone_id": "Z0829393O79DSP0EU8I4"
          },
          "sensitive_attributes": [],
          "private": "eyJzY2hlbWFfdmVyc2lvbiI6IjIifQ==",
          "dependencies": [
            "aws_instance.east",
            "aws_key_pair.v",
            "data.aws_ami.amazon-linux-2",
            "data.aws_availability_zones.available",
            "data.aws_iam_instance_profile.instance_profile",
            "data.aws_route53_zone.public",
            "module.vpc.aws_subnet.public"
          ]
        },
        {
          "index_key": 1,
          "schema_version": 2,
          "attributes": {
            "alias": [],
            "allow_overwrite": null,
            "failover_routing_policy": [],
            "fqdn": "east-1.backup.iot4.net",
            "geolocation_routing_policy": [],
            "health_check_id": "",
            "id": "Z0829393O79DSP0EU8I4_east-1.backup.iot4.net_A",
            "latency_routing_policy": [],
            "multivalue_answer_routing_policy": null,
            "name": "east-1.backup.iot4.net",
            "records": [
              "3.92.215.198"
            ],
            "set_identifier": "",
            "ttl": 300,
            "type": "A",
            "weighted_routing_policy": [],
            "zone_id": "Z0829393O79DSP0EU8I4"
          },
          "sensitive_attributes": [],
          "private": "eyJzY2hlbWFfdmVyc2lvbiI6IjIifQ==",
          "dependencies": [
            "aws_instance.east",
            "aws_key_pair.v",
            "data.aws_ami.amazon-linux-2",
            "data.aws_availability_zones.available",
            "data.aws_iam_instance_profile.instance_profile",
            "data.aws_route53_zone.public",
            "module.vpc.aws_subnet.public"
          ]
        }
      ]
    },
    {
      "mode": "managed",
      "type": "aws_ssm_parameter",
      "name": "site",
      "provider": "provider[\"registry.terraform.io/hashicorp/aws\"]",
      "instances": [
        {
          "schema_version": 0,
          "attributes": {
            "allowed_pattern": "",
            "arn": "arn:aws:ssm:us-east-1:438513923646:parameter/atlassian/site",
            "data_type": "text",
            "description": "",
            "id": "/atlassian/site",
            "key_id": "",
            "name": "/atlassian/site",
            "overwrite": null,
            "tags": {},
            "tags_all": {},
            "tier": "Standard",
            "type": "String",
            "value": "theonlyiot4",
            "version": 1
          },
          "sensitive_attributes": [],
          "private": "bnVsbA=="
        }
      ]
    },
    {
      "mode": "managed",
      "type": "aws_ssm_parameter",
      "name": "token",
      "provider": "provider[\"registry.terraform.io/hashicorp/aws\"]",
      "instances": [
        {
          "schema_version": 0,
          "attributes": {
            "allowed_pattern": "",
            "arn": "arn:aws:ssm:us-east-1:438513923646:parameter/atlassian/api_token",
            "data_type": "text",
            "description": "",
            "id": "/atlassian/api_token",
            "key_id": "alias/aws/ssm",
            "name": "/atlassian/api_token",
            "overwrite": null,
            "tags": {},
            "tags_all": {},
            "tier": "Standard",
            "type": "SecureString",
            "value": "K01L7n47EYm01y4yUKzS4EF3",
            "version": 1
          },
          "sensitive_attributes": [],
          "private": "bnVsbA=="
        }
      ]
    },
    {
      "mode": "managed",
      "type": "aws_ssm_parameter",
      "name": "user",
      "provider": "provider[\"registry.terraform.io/hashicorp/aws\"]",
      "instances": [
        {
          "schema_version": 0,
          "attributes": {
            "allowed_pattern": "",
            "arn": "arn:aws:ssm:us-east-1:438513923646:parameter/atlassian/user",
            "data_type": "text",
            "description": "",
            "id": "/atlassian/user",
            "key_id": "",
            "name": "/atlassian/user",
            "overwrite": null,
            "tags": {},
            "tags_all": {},
            "tier": "Standard",
            "type": "String",
            "value": "vc@iot4.net",
            "version": 1
          },
          "sensitive_attributes": [],
          "private": "bnVsbA=="
        }
      ]
    },
    {
      "module": "module.vpc",
      "mode": "managed",
      "type": "aws_internet_gateway",
      "name": "this",
      "provider": "provider[\"registry.terraform.io/hashicorp/aws\"]",
      "instances": [
        {
          "index_key": 0,
          "schema_version": 0,
          "attributes": {
            "arn": "arn:aws:ec2:us-east-1:438513923646:internet-gateway/igw-0aa27ac36e66b00c3",
            "id": "igw-0aa27ac36e66b00c3",
            "owner_id": "438513923646",
            "tags": {
              "Name": "iot-elastio"
            },
            "tags_all": {
              "Name": "iot-elastio"
            },
            "vpc_id": "vpc-0f05abf617666f2e9"
          },
          "sensitive_attributes": [],
          "private": "bnVsbA==",
          "dependencies": [
            "module.vpc.aws_vpc.this",
            "module.vpc.aws_vpc_ipv4_cidr_block_association.this"
          ]
        }
      ]
    },
    {
      "module": "module.vpc",
      "mode": "managed",
      "type": "aws_route",
      "name": "public_internet_gateway",
      "provider": "provider[\"registry.terraform.io/hashicorp/aws\"]",
      "instances": [
        {
          "index_key": 0,
          "schema_version": 0,
          "attributes": {
            "carrier_gateway_id": "",
            "core_network_arn": "",
            "destination_cidr_block": "0.0.0.0/0",
            "destination_ipv6_cidr_block": "",
            "destination_prefix_list_id": "",
            "egress_only_gateway_id": "",
            "gateway_id": "igw-0aa27ac36e66b00c3",
            "id": "r-rtb-009f42a3d0b6fe2b61080289494",
            "instance_id": "",
            "instance_owner_id": "",
            "local_gateway_id": "",
            "nat_gateway_id": "",
            "network_interface_id": "",
            "origin": "CreateRoute",
            "route_table_id": "rtb-009f42a3d0b6fe2b6",
            "state": "active",
            "timeouts": {
              "create": "5m",
              "delete": null,
              "update": null
            },
            "transit_gateway_id": "",
            "vpc_endpoint_id": "",
            "vpc_peering_connection_id": ""
          },
          "sensitive_attributes": [],
          "private": "eyJlMmJmYjczMC1lY2FhLTExZTYtOGY4OC0zNDM2M2JjN2M0YzAiOnsiY3JlYXRlIjozMDAwMDAwMDAwMDAsImRlbGV0ZSI6MzAwMDAwMDAwMDAwLCJ1cGRhdGUiOjEyMDAwMDAwMDAwMH19",
          "dependencies": [
            "module.vpc.aws_internet_gateway.this",
            "module.vpc.aws_route_table.public",
            "module.vpc.aws_vpc.this",
            "module.vpc.aws_vpc_ipv4_cidr_block_association.this"
          ]
        }
      ]
    },
    {
      "module": "module.vpc",
      "mode": "managed",
      "type": "aws_route_table",
      "name": "public",
      "provider": "provider[\"registry.terraform.io/hashicorp/aws\"]",
      "instances": [
        {
          "index_key": 0,
          "schema_version": 0,
          "attributes": {
            "arn": "arn:aws:ec2:us-east-1:438513923646:route-table/rtb-009f42a3d0b6fe2b6",
            "id": "rtb-009f42a3d0b6fe2b6",
            "owner_id": "438513923646",
            "propagating_vgws": [],
            "route": [
              {
                "carrier_gateway_id": "",
                "cidr_block": "0.0.0.0/0",
                "core_network_arn": "",
                "destination_prefix_list_id": "",
                "egress_only_gateway_id": "",
                "gateway_id": "igw-0aa27ac36e66b00c3",
                "instance_id": "",
                "ipv6_cidr_block": "",
                "local_gateway_id": "",
                "nat_gateway_id": "",
                "network_interface_id": "",
                "transit_gateway_id": "",
                "vpc_endpoint_id": "",
                "vpc_peering_connection_id": ""
              }
            ],
            "tags": {
              "Name": "iot-elastio-public"
            },
            "tags_all": {
              "Name": "iot-elastio-public"
            },
            "timeouts": null,
            "vpc_id": "vpc-0f05abf617666f2e9"
          },
          "sensitive_attributes": [],
          "private": "eyJlMmJmYjczMC1lY2FhLTExZTYtOGY4OC0zNDM2M2JjN2M0YzAiOnsiY3JlYXRlIjozMDAwMDAwMDAwMDAsImRlbGV0ZSI6MzAwMDAwMDAwMDAwLCJ1cGRhdGUiOjEyMDAwMDAwMDAwMH19",
          "dependencies": [
            "module.vpc.aws_vpc.this",
            "module.vpc.aws_vpc_ipv4_cidr_block_association.this"
          ]
        }
      ]
    },
    {
      "module": "module.vpc",
      "mode": "managed",
      "type": "aws_route_table_association",
      "name": "public",
      "provider": "provider[\"registry.terraform.io/hashicorp/aws\"]",
      "instances": [
        {
          "index_key": 0,
          "schema_version": 0,
          "attributes": {
            "gateway_id": "",
            "id": "rtbassoc-0bb3b5eac7c9d996a",
            "route_table_id": "rtb-009f42a3d0b6fe2b6",
            "subnet_id": "subnet-0a0e2bfc0b0912161"
          },
          "sensitive_attributes": [],
          "private": "bnVsbA==",
          "dependencies": [
            "data.aws_availability_zones.available",
            "module.vpc.aws_route_table.public",
            "module.vpc.aws_subnet.public",
            "module.vpc.aws_vpc.this",
            "module.vpc.aws_vpc_ipv4_cidr_block_association.this"
          ]
        },
        {
          "index_key": 1,
          "schema_version": 0,
          "attributes": {
            "gateway_id": "",
            "id": "rtbassoc-067822afcbbfc58f5",
            "route_table_id": "rtb-009f42a3d0b6fe2b6",
            "subnet_id": "subnet-02a5601e7208b71a6"
          },
          "sensitive_attributes": [],
          "private": "bnVsbA==",
          "dependencies": [
            "data.aws_availability_zones.available",
            "module.vpc.aws_route_table.public",
            "module.vpc.aws_subnet.public",
            "module.vpc.aws_vpc.this",
            "module.vpc.aws_vpc_ipv4_cidr_block_association.this"
          ]
        },
        {
          "index_key": 2,
          "schema_version": 0,
          "attributes": {
            "gateway_id": "",
            "id": "rtbassoc-0e347e53a97aea382",
            "route_table_id": "rtb-009f42a3d0b6fe2b6",
            "subnet_id": "subnet-0701397a1e9d7c5d2"
          },
          "sensitive_attributes": [],
          "private": "bnVsbA==",
          "dependencies": [
            "data.aws_availability_zones.available",
            "module.vpc.aws_route_table.public",
            "module.vpc.aws_subnet.public",
            "module.vpc.aws_vpc.this",
            "module.vpc.aws_vpc_ipv4_cidr_block_association.this"
          ]
        }
      ]
    },
    {
      "module": "module.vpc",
      "mode": "managed",
      "type": "aws_subnet",
      "name": "public",
      "provider": "provider[\"registry.terraform.io/hashicorp/aws\"]",
      "instances": [
        {
          "index_key": 0,
          "schema_version": 1,
          "attributes": {
            "arn": "arn:aws:ec2:us-east-1:438513923646:subnet/subnet-0a0e2bfc0b0912161",
            "assign_ipv6_address_on_creation": false,
            "availability_zone": "us-east-1a",
            "availability_zone_id": "use1-az1",
            "cidr_block": "10.77.4.0/24",
            "customer_owned_ipv4_pool": "",
            "enable_dns64": false,
            "enable_resource_name_dns_a_record_on_launch": false,
            "enable_resource_name_dns_aaaa_record_on_launch": false,
            "id": "subnet-0a0e2bfc0b0912161",
            "ipv6_cidr_block": "",
            "ipv6_cidr_block_association_id": "",
            "ipv6_native": false,
            "map_customer_owned_ip_on_launch": false,
            "map_public_ip_on_launch": true,
            "outpost_arn": "",
            "owner_id": "438513923646",
            "private_dns_hostname_type_on_launch": "ip-name",
            "tags": {
              "Name": "iot-elastio-public-us-east-1a"
            },
            "tags_all": {
              "Name": "iot-elastio-public-us-east-1a"
            },
            "timeouts": null,
            "vpc_id": "vpc-0f05abf617666f2e9"
          },
          "sensitive_attributes": [],
          "private": "eyJlMmJmYjczMC1lY2FhLTExZTYtOGY4OC0zNDM2M2JjN2M0YzAiOnsiY3JlYXRlIjo2MDAwMDAwMDAwMDAsImRlbGV0ZSI6MTIwMDAwMDAwMDAwMH0sInNjaGVtYV92ZXJzaW9uIjoiMSJ9",
          "dependencies": [
            "data.aws_availability_zones.available",
            "module.vpc.aws_vpc.this",
            "module.vpc.aws_vpc_ipv4_cidr_block_association.this"
          ]
        },
        {
          "index_key": 1,
          "schema_version": 1,
          "attributes": {
            "arn": "arn:aws:ec2:us-east-1:438513923646:subnet/subnet-02a5601e7208b71a6",
            "assign_ipv6_address_on_creation": false,
            "availability_zone": "us-east-1b",
            "availability_zone_id": "use1-az2",
            "cidr_block": "10.77.5.0/24",
            "customer_owned_ipv4_pool": "",
            "enable_dns64": false,
            "enable_resource_name_dns_a_record_on_launch": false,
            "enable_resource_name_dns_aaaa_record_on_launch": false,
            "id": "subnet-02a5601e7208b71a6",
            "ipv6_cidr_block": "",
            "ipv6_cidr_block_association_id": "",
            "ipv6_native": false,
            "map_customer_owned_ip_on_launch": false,
            "map_public_ip_on_launch": true,
            "outpost_arn": "",
            "owner_id": "438513923646",
            "private_dns_hostname_type_on_launch": "ip-name",
            "tags": {
              "Name": "iot-elastio-public-us-east-1b"
            },
            "tags_all": {
              "Name": "iot-elastio-public-us-east-1b"
            },
            "timeouts": null,
            "vpc_id": "vpc-0f05abf617666f2e9"
          },
          "sensitive_attributes": [],
          "private": "eyJlMmJmYjczMC1lY2FhLTExZTYtOGY4OC0zNDM2M2JjN2M0YzAiOnsiY3JlYXRlIjo2MDAwMDAwMDAwMDAsImRlbGV0ZSI6MTIwMDAwMDAwMDAwMH0sInNjaGVtYV92ZXJzaW9uIjoiMSJ9",
          "dependencies": [
            "data.aws_availability_zones.available",
            "module.vpc.aws_vpc.this",
            "module.vpc.aws_vpc_ipv4_cidr_block_association.this"
          ]
        },
        {
          "index_key": 2,
          "schema_version": 1,
          "attributes": {
            "arn": "arn:aws:ec2:us-east-1:438513923646:subnet/subnet-0701397a1e9d7c5d2",
            "assign_ipv6_address_on_creation": false,
            "availability_zone": "us-east-1c",
            "availability_zone_id": "use1-az4",
            "cidr_block": "10.77.6.0/24",
            "customer_owned_ipv4_pool": "",
            "enable_dns64": false,
            "enable_resource_name_dns_a_record_on_launch": false,
            "enable_resource_name_dns_aaaa_record_on_launch": false,
            "id": "subnet-0701397a1e9d7c5d2",
            "ipv6_cidr_block": "",
            "ipv6_cidr_block_association_id": "",
            "ipv6_native": false,
            "map_customer_owned_ip_on_launch": false,
            "map_public_ip_on_launch": true,
            "outpost_arn": "",
            "owner_id": "438513923646",
            "private_dns_hostname_type_on_launch": "ip-name",
            "tags": {
              "Name": "iot-elastio-public-us-east-1c"
            },
            "tags_all": {
              "Name": "iot-elastio-public-us-east-1c"
            },
            "timeouts": null,
            "vpc_id": "vpc-0f05abf617666f2e9"
          },
          "sensitive_attributes": [],
          "private": "eyJlMmJmYjczMC1lY2FhLTExZTYtOGY4OC0zNDM2M2JjN2M0YzAiOnsiY3JlYXRlIjo2MDAwMDAwMDAwMDAsImRlbGV0ZSI6MTIwMDAwMDAwMDAwMH0sInNjaGVtYV92ZXJzaW9uIjoiMSJ9",
          "dependencies": [
            "data.aws_availability_zones.available",
            "module.vpc.aws_vpc.this",
            "module.vpc.aws_vpc_ipv4_cidr_block_association.this"
          ]
        }
      ]
    },
    {
      "module": "module.vpc",
      "mode": "managed",
      "type": "aws_vpc",
      "name": "this",
      "provider": "provider[\"registry.terraform.io/hashicorp/aws\"]",
      "instances": [
        {
          "index_key": 0,
          "schema_version": 1,
          "attributes": {
            "arn": "arn:aws:ec2:us-east-1:438513923646:vpc/vpc-0f05abf617666f2e9",
            "assign_generated_ipv6_cidr_block": false,
            "cidr_block": "10.77.0.0/16",
            "default_network_acl_id": "acl-0be1035a1fd36ab7d",
            "default_route_table_id": "rtb-0d4af2fbb305f8f33",
            "default_security_group_id": "sg-0a6523fd37c863820",
            "dhcp_options_id": "dopt-06bbe34c97bd1bd8a",
            "enable_classiclink": false,
            "enable_classiclink_dns_support": false,
            "enable_dns_hostnames": true,
            "enable_dns_support": true,
            "id": "vpc-0f05abf617666f2e9",
            "instance_tenancy": "default",
            "ipv4_ipam_pool_id": null,
            "ipv4_netmask_length": null,
            "ipv6_association_id": "",
            "ipv6_cidr_block": "",
            "ipv6_cidr_block_network_border_group": "",
            "ipv6_ipam_pool_id": "",
            "ipv6_netmask_length": 0,
            "main_route_table_id": "rtb-0d4af2fbb305f8f33",
            "owner_id": "438513923646",
            "tags": {
              "Name": "iot-elastio"
            },
            "tags_all": {
              "Name": "iot-elastio"
            }
          },
          "sensitive_attributes": [],
          "private": "eyJzY2hlbWFfdmVyc2lvbiI6IjEifQ=="
        }
      ]
    },
    {
      "module": "module.vpc",
      "mode": "managed",
      "type": "aws_vpc_dhcp_options",
      "name": "this",
      "provider": "provider[\"registry.terraform.io/hashicorp/aws\"]",
      "instances": [
        {
          "index_key": 0,
          "schema_version": 0,
          "attributes": {
            "arn": "arn:aws:ec2:us-east-1:438513923646:dhcp-options/dopt-06bbe34c97bd1bd8a",
            "domain_name": "backup.iot4.net",
            "domain_name_servers": [
              "AmazonProvidedDNS"
            ],
            "id": "dopt-06bbe34c97bd1bd8a",
            "netbios_name_servers": [],
            "netbios_node_type": "",
            "ntp_servers": [],
            "owner_id": "438513923646",
            "tags": {
              "Name": "iot-elastio"
            },
            "tags_all": {
              "Name": "iot-elastio"
            }
          },
          "sensitive_attributes": [],
          "private": "bnVsbA=="
        }
      ]
    },
    {
      "module": "module.vpc",
      "mode": "managed",
      "type": "aws_vpc_dhcp_options_association",
      "name": "this",
      "provider": "provider[\"registry.terraform.io/hashicorp/aws\"]",
      "instances": [
        {
          "index_key": 0,
          "schema_version": 0,
          "attributes": {
            "dhcp_options_id": "dopt-06bbe34c97bd1bd8a",
            "id": "dopt-06bbe34c97bd1bd8a-vpc-0f05abf617666f2e9",
            "vpc_id": "vpc-0f05abf617666f2e9"
          },
          "sensitive_attributes": [],
          "private": "bnVsbA==",
          "dependencies": [
            "module.vpc.aws_vpc.this",
            "module.vpc.aws_vpc_dhcp_options.this",
            "module.vpc.aws_vpc_ipv4_cidr_block_association.this"
          ]
        }
      ]
    }
  ]
}
