{
  "version": 4,
  "terraform_version": "1.1.8",
  "serial": 44,
  "lineage": "275f5d4e-71b6-d8d3-988d-0dd785a93b92",
  "outputs": {},
  "resources": [
    {
      "mode": "data",
      "type": "aws_iam_policy_document",
      "name": "gator",
      "provider": "provider[\"registry.terraform.io/hashicorp/aws\"]",
      "instances": [
        {
          "schema_version": 0,
          "attributes": {
            "id": "582291161",
            "json": "{\n  \"Version\": \"2012-10-17\",\n  \"Statement\": [\n    {\n      \"Sid\": \"TerraformCreated\",\n      \"Effect\": \"Allow\",\n      \"Action\": \"sts:AssumeRole\",\n      \"Resource\": [\n        \"arn:aws:iam::732349697425:role/OrganizationAccountAccessRole\",\n        \"arn:aws:iam::641684806785:role/OrganizationAccountAccessRole\",\n        \"arn:aws:iam::438513923646:role/OrganizationAccountAccessRole\",\n        \"arn:aws:iam::389986100965:role/OrganizationAccountAccessRole\",\n        \"arn:aws:iam::375423940384:role/OrganizationAccountAccessRole\",\n        \"arn:aws:iam::264981948567:role/OrganizationAccountAccessRole\"\n      ]\n    },\n    {\n      \"Sid\": \"AmazonBillingAccess\",\n      \"Effect\": \"Allow\",\n      \"Action\": [\n        \"cur:*\",\n        \"budgets:*\",\n        \"aws-portal:*\"\n      ],\n      \"Resource\": \"*\"\n    }\n  ]\n}",
            "override_json": null,
            "override_policy_documents": null,
            "policy_id": null,
            "source_json": null,
            "source_policy_documents": null,
            "statement": [
              {
                "actions": [
                  "sts:AssumeRole"
                ],
                "condition": [],
                "effect": "Allow",
                "not_actions": [],
                "not_principals": [],
                "not_resources": [],
                "principals": [],
                "resources": [
                  "arn:aws:iam::264981948567:role/OrganizationAccountAccessRole",
                  "arn:aws:iam::375423940384:role/OrganizationAccountAccessRole",
                  "arn:aws:iam::389986100965:role/OrganizationAccountAccessRole",
                  "arn:aws:iam::438513923646:role/OrganizationAccountAccessRole",
                  "arn:aws:iam::641684806785:role/OrganizationAccountAccessRole",
                  "arn:aws:iam::732349697425:role/OrganizationAccountAccessRole"
                ],
                "sid": "TerraformCreated"
              },
              {
                "actions": [
                  "aws-portal:*",
                  "budgets:*",
                  "cur:*"
                ],
                "condition": [],
                "effect": "Allow",
                "not_actions": [],
                "not_principals": [],
                "not_resources": [],
                "principals": [],
                "resources": [
                  "*"
                ],
                "sid": "AmazonBillingAccess"
              }
            ],
            "version": "2012-10-17"
          },
          "sensitive_attributes": []
        }
      ]
    },
    {
      "mode": "data",
      "type": "aws_iam_policy_document",
      "name": "policy",
      "provider": "provider[\"registry.terraform.io/hashicorp/aws\"]",
      "instances": [
        {
          "schema_version": 0,
          "attributes": {
            "id": "3789612040",
            "json": "{\n  \"Version\": \"2012-10-17\",\n  \"Statement\": [\n    {\n      \"Sid\": \"\",\n      \"Effect\": \"Allow\",\n      \"Action\": [\n        \"s3:*\",\n        \"ec2:*\",\n        \"cloudwatch:*\",\n        \"cloudtrail:*\",\n        \"apigateway:*\",\n        \"acm:*\",\n        \"account:*\"\n      ],\n      \"Resource\": \"*\"\n    }\n  ]\n}",
            "override_json": null,
            "override_policy_documents": null,
            "policy_id": null,
            "source_json": null,
            "source_policy_documents": null,
            "statement": [
              {
                "actions": [
                  "account:*",
                  "acm:*",
                  "apigateway:*",
                  "cloudtrail:*",
                  "cloudwatch:*",
                  "ec2:*",
                  "s3:*"
                ],
                "condition": [],
                "effect": "Allow",
                "not_actions": [],
                "not_principals": [],
                "not_resources": [],
                "principals": [],
                "resources": [
                  "*"
                ],
                "sid": ""
              }
            ],
            "version": "2012-10-17"
          },
          "sensitive_attributes": []
        }
      ]
    },
    {
      "mode": "data",
      "type": "aws_iam_policy_document",
      "name": "restricted_policy",
      "provider": "provider[\"registry.terraform.io/hashicorp/aws\"]",
      "instances": [
        {
          "schema_version": 0,
          "attributes": {
            "id": "122189991",
            "json": "{\n  \"Version\": \"2012-10-17\",\n  \"Statement\": [\n    {\n      \"Sid\": \"\",\n      \"Effect\": \"Deny\",\n      \"Action\": [\n        \"s3:*\",\n        \"ec2:*\",\n        \"cloudwatch:*\",\n        \"cloudtrail:*\"\n      ],\n      \"Resource\": \"*\",\n      \"Condition\": {\n        \"StringNotEquals\": {\n          \"aws:RequestedRegion\": \"us-east-1\"\n        }\n      }\n    }\n  ]\n}",
            "override_json": null,
            "override_policy_documents": null,
            "policy_id": null,
            "source_json": null,
            "source_policy_documents": null,
            "statement": [
              {
                "actions": [
                  "cloudtrail:*",
                  "cloudwatch:*",
                  "ec2:*",
                  "s3:*"
                ],
                "condition": [
                  {
                    "test": "StringNotEquals",
                    "values": [
                      "us-east-1"
                    ],
                    "variable": "aws:RequestedRegion"
                  }
                ],
                "effect": "Deny",
                "not_actions": [],
                "not_principals": [],
                "not_resources": [],
                "principals": [],
                "resources": [
                  "*"
                ],
                "sid": ""
              }
            ],
            "version": "2012-10-17"
          },
          "sensitive_attributes": []
        }
      ]
    },
    {
      "mode": "data",
      "type": "http",
      "name": "myip",
      "provider": "provider[\"registry.terraform.io/hashicorp/http\"]",
      "instances": [
        {
          "schema_version": 0,
          "attributes": {
            "body": "174.17.20.57\n",
            "id": "http://ipv4.icanhazip.com",
            "request_headers": null,
            "response_headers": {
              "Access-Control-Allow-Methods": "GET",
              "Access-Control-Allow-Origin": "*",
              "Alt-Svc": "h3=\":443\"; ma=86400, h3-29=\":443\"; ma=86400",
              "Cf-Ray": "703b07e81ec57ffc-SAN",
              "Connection": "keep-alive",
              "Content-Length": "13",
              "Content-Type": "text/plain",
              "Date": "Fri, 29 Apr 2022 21:11:34 GMT",
              "Server": "cloudflare",
              "Set-Cookie": "__cf_bm=z.h0Vqp1L.WxzQw8KUnHJshf1R8.d2dOb562E8xCt1c-1651266694-0-AZ98F/LwzuplYvLMo87vy8HkPkfH9CSjoF45F9+4Ki9+SXj/R/tK+1XYyiDcEpIsicYT3tFCKtJSnkjXGrzemKo=; path=/; expires=Fri, 29-Apr-22 21:41:34 GMT; domain=.icanhazip.com; HttpOnly; SameSite=None",
              "Vary": "Accept-Encoding"
            },
            "url": "http://ipv4.icanhazip.com"
          },
          "sensitive_attributes": []
        }
      ]
    },
    {
      "mode": "managed",
      "type": "aws_iam_group",
      "name": "admins",
      "provider": "provider[\"registry.terraform.io/hashicorp/aws\"]",
      "instances": [
        {
          "schema_version": 0,
          "attributes": {
            "arn": "arn:aws:iam::308948682972:group/Administrators",
            "id": "Administrators",
            "name": "Administrators",
            "path": "/",
            "unique_id": "AGPAIP2XP5YAZRSLRURPK"
          },
          "sensitive_attributes": [],
          "private": "eyJzY2hlbWFfdmVyc2lvbiI6IjAifQ=="
        }
      ]
    },
    {
      "mode": "managed",
      "type": "aws_iam_group_policy_attachment",
      "name": "gator",
      "provider": "provider[\"registry.terraform.io/hashicorp/aws\"]",
      "instances": [
        {
          "schema_version": 0,
          "attributes": {
            "group": "Administrators",
            "id": "Administrators-arn:aws:iam::308948682972:policy/GATOR",
            "policy_arn": "arn:aws:iam::308948682972:policy/GATOR"
          },
          "sensitive_attributes": [],
          "private": "eyJzY2hlbWFfdmVyc2lvbiI6IjAifQ==",
          "dependencies": [
            "aws_iam_group.admins",
            "aws_iam_policy.gator",
            "data.aws_iam_policy_document.gator"
          ]
        }
      ]
    },
    {
      "mode": "managed",
      "type": "aws_iam_policy",
      "name": "gator",
      "provider": "provider[\"registry.terraform.io/hashicorp/aws\"]",
      "instances": [
        {
          "schema_version": 0,
          "attributes": {
            "arn": "arn:aws:iam::308948682972:policy/GATOR",
            "description": "GrantAccessToOrganizationAccountAccessRole",
            "id": "arn:aws:iam::308948682972:policy/GATOR",
            "name": "GATOR",
            "name_prefix": null,
            "path": "/",
            "policy": "{\"Statement\":[{\"Action\":\"sts:AssumeRole\",\"Effect\":\"Allow\",\"Resource\":[\"arn:aws:iam::732349697425:role/OrganizationAccountAccessRole\",\"arn:aws:iam::641684806785:role/OrganizationAccountAccessRole\",\"arn:aws:iam::438513923646:role/OrganizationAccountAccessRole\",\"arn:aws:iam::389986100965:role/OrganizationAccountAccessRole\",\"arn:aws:iam::375423940384:role/OrganizationAccountAccessRole\",\"arn:aws:iam::264981948567:role/OrganizationAccountAccessRole\"],\"Sid\":\"TerraformCreated\"},{\"Action\":[\"cur:*\",\"budgets:*\",\"aws-portal:*\"],\"Effect\":\"Allow\",\"Resource\":\"*\",\"Sid\":\"AmazonBillingAccess\"}],\"Version\":\"2012-10-17\"}",
            "policy_id": "ANPAUP3WGZDOAQOGNGG5G",
            "tags": {},
            "tags_all": {}
          },
          "sensitive_attributes": [],
          "private": "eyJzY2hlbWFfdmVyc2lvbiI6IjAifQ==",
          "dependencies": [
            "data.aws_iam_policy_document.gator"
          ]
        }
      ]
    },
    {
      "mode": "managed",
      "type": "aws_iam_user",
      "name": "vchokshi",
      "provider": "provider[\"registry.terraform.io/hashicorp/aws\"]",
      "instances": [
        {
          "schema_version": 0,
          "attributes": {
            "arn": "arn:aws:iam::308948682972:user/vchokshi",
            "force_destroy": null,
            "id": "vchokshi",
            "name": "vchokshi",
            "path": "/",
            "permissions_boundary": null,
            "tags": {},
            "tags_all": {},
            "unique_id": "AIDAIGPAITQRKTVBGRZNK"
          },
          "sensitive_attributes": [],
          "private": "eyJzY2hlbWFfdmVyc2lvbiI6IjAifQ=="
        }
      ]
    },
    {
      "mode": "managed",
      "type": "aws_iam_user_group_membership",
      "name": "vchokshi",
      "provider": "provider[\"registry.terraform.io/hashicorp/aws\"]",
      "instances": [
        {
          "schema_version": 0,
          "attributes": {
            "groups": [
              "Administrators"
            ],
            "id": "terraform-20220429202452604500000001",
            "user": "vchokshi"
          },
          "sensitive_attributes": [],
          "private": "bnVsbA==",
          "dependencies": [
            "aws_iam_group.admins",
            "aws_iam_user.vchokshi"
          ]
        }
      ]
    },
    {
      "mode": "managed",
      "type": "aws_organizations_account",
      "name": "backup",
      "provider": "provider[\"registry.terraform.io/hashicorp/aws\"]",
      "instances": [
        {
          "schema_version": 0,
          "attributes": {
            "arn": "arn:aws:organizations::308948682972:account/o-bpl9knf7mj/438513923646",
            "close_on_deletion": null,
            "email": "backup@iot4.net",
            "iam_user_access_to_billing": null,
            "id": "438513923646",
            "joined_method": "CREATED",
            "joined_timestamp": "2021-11-13T20:27:48Z",
            "name": "backup",
            "parent_id": "ou-pvo4-vrlmc0y1",
            "role_name": null,
            "status": "ACTIVE",
            "tags": {},
            "tags_all": {}
          },
          "sensitive_attributes": [],
          "private": "eyJzY2hlbWFfdmVyc2lvbiI6IjAifQ==",
          "dependencies": [
            "aws_organizations_organization.org",
            "aws_organizations_organizational_unit.grc",
            "aws_organizations_organizational_unit.main"
          ]
        }
      ]
    },
    {
      "mode": "managed",
      "type": "aws_organizations_account",
      "name": "finance",
      "provider": "provider[\"registry.terraform.io/hashicorp/aws\"]",
      "instances": [
        {
          "schema_version": 0,
          "attributes": {
            "arn": "arn:aws:organizations::308948682972:account/o-bpl9knf7mj/375423940384",
            "close_on_deletion": null,
            "email": "finance@iot4.net",
            "iam_user_access_to_billing": null,
            "id": "375423940384",
            "joined_method": "CREATED",
            "joined_timestamp": "2021-11-13T02:31:51Z",
            "name": "finance",
            "parent_id": "ou-pvo4-2410txyh",
            "role_name": null,
            "status": "ACTIVE",
            "tags": {},
            "tags_all": {}
          },
          "sensitive_attributes": [],
          "private": "eyJzY2hlbWFfdmVyc2lvbiI6IjAifQ==",
          "dependencies": [
            "aws_organizations_organization.org",
            "aws_organizations_organizational_unit.fpna",
            "aws_organizations_organizational_unit.main"
          ]
        }
      ]
    },
    {
      "mode": "managed",
      "type": "aws_organizations_account",
      "name": "hosting",
      "provider": "provider[\"registry.terraform.io/hashicorp/aws\"]",
      "instances": [
        {
          "schema_version": 0,
          "attributes": {
            "arn": "arn:aws:organizations::308948682972:account/o-bpl9knf7mj/264981948567",
            "close_on_deletion": null,
            "email": "ms@iot4.net",
            "iam_user_access_to_billing": null,
            "id": "264981948567",
            "joined_method": "CREATED",
            "joined_timestamp": "2021-11-13T02:38:42Z",
            "name": "hosting",
            "parent_id": "ou-pvo4-84zwhmov",
            "role_name": null,
            "status": "ACTIVE",
            "tags": {},
            "tags_all": {}
          },
          "sensitive_attributes": [],
          "private": "eyJzY2hlbWFfdmVyc2lvbiI6IjAifQ==",
          "dependencies": [
            "aws_organizations_organization.org",
            "aws_organizations_organizational_unit.main"
          ]
        }
      ]
    },
    {
      "mode": "managed",
      "type": "aws_organizations_account",
      "name": "monitron",
      "provider": "provider[\"registry.terraform.io/hashicorp/aws\"]",
      "instances": [
        {
          "schema_version": 0,
          "attributes": {
            "arn": "arn:aws:organizations::308948682972:account/o-bpl9knf7mj/389986100965",
            "close_on_deletion": null,
            "email": "monitron@iot4.net",
            "iam_user_access_to_billing": null,
            "id": "389986100965",
            "joined_method": "CREATED",
            "joined_timestamp": "2022-02-11T02:53:24Z",
            "name": "monitron",
            "parent_id": "ou-pvo4-84zwhmov",
            "role_name": null,
            "status": "ACTIVE",
            "tags": {},
            "tags_all": {}
          },
          "sensitive_attributes": [],
          "private": "eyJzY2hlbWFfdmVyc2lvbiI6IjAifQ==",
          "dependencies": [
            "aws_organizations_organization.org",
            "aws_organizations_organizational_unit.main"
          ]
        }
      ]
    },
    {
      "mode": "managed",
      "type": "aws_organizations_account",
      "name": "native",
      "provider": "provider[\"registry.terraform.io/hashicorp/aws\"]",
      "instances": [
        {
          "schema_version": 0,
          "attributes": {
            "arn": "arn:aws:organizations::308948682972:account/o-bpl9knf7mj/641684806785",
            "close_on_deletion": null,
            "email": "vchokshi@iot4.net",
            "iam_user_access_to_billing": null,
            "id": "641684806785",
            "joined_method": "CREATED",
            "joined_timestamp": "2021-11-13T02:36:26Z",
            "name": "native",
            "parent_id": "ou-pvo4-84zwhmov",
            "role_name": null,
            "status": "ACTIVE",
            "tags": {},
            "tags_all": {}
          },
          "sensitive_attributes": [],
          "private": "eyJzY2hlbWFfdmVyc2lvbiI6IjAifQ==",
          "dependencies": [
            "aws_organizations_organization.org",
            "aws_organizations_organizational_unit.main"
          ]
        }
      ]
    },
    {
      "mode": "managed",
      "type": "aws_organizations_account",
      "name": "reiblock",
      "provider": "provider[\"registry.terraform.io/hashicorp/aws\"]",
      "instances": [
        {
          "schema_version": 0,
          "attributes": {
            "arn": "arn:aws:organizations::308948682972:account/o-bpl9knf7mj/732349697425",
            "close_on_deletion": null,
            "email": "reiblock@iot4.net",
            "iam_user_access_to_billing": null,
            "id": "732349697425",
            "joined_method": "CREATED",
            "joined_timestamp": "2022-02-28T23:37:06Z",
            "name": "reiblock",
            "parent_id": "ou-pvo4-c795et63",
            "role_name": null,
            "status": "ACTIVE",
            "tags": {},
            "tags_all": {}
          },
          "sensitive_attributes": [],
          "private": "eyJzY2hlbWFfdmVyc2lvbiI6IjAifQ==",
          "dependencies": [
            "aws_organizations_organization.org",
            "aws_organizations_organizational_unit.main",
            "aws_organizations_organizational_unit.restricted"
          ]
        }
      ]
    },
    {
      "mode": "managed",
      "type": "aws_organizations_account",
      "name": "security",
      "provider": "provider[\"registry.terraform.io/hashicorp/aws\"]",
      "instances": [
        {
          "schema_version": 0,
          "attributes": {
            "arn": "arn:aws:organizations::308948682972:account/o-bpl9knf7mj/136483452582",
            "close_on_deletion": null,
            "email": "security@iot4.net",
            "iam_user_access_to_billing": null,
            "id": "136483452582",
            "joined_method": "CREATED",
            "joined_timestamp": "2021-12-20T04:48:17Z",
            "name": "security",
            "parent_id": "ou-pvo4-vrlmc0y1",
            "role_name": null,
            "status": "ACTIVE",
            "tags": {},
            "tags_all": {}
          },
          "sensitive_attributes": [],
          "private": "eyJzY2hlbWFfdmVyc2lvbiI6IjAifQ==",
          "dependencies": [
            "aws_organizations_organization.org",
            "aws_organizations_organizational_unit.grc",
            "aws_organizations_organizational_unit.main"
          ]
        }
      ]
    },
    {
      "mode": "managed",
      "type": "aws_organizations_organization",
      "name": "org",
      "provider": "provider[\"registry.terraform.io/hashicorp/aws\"]",
      "instances": [
        {
          "schema_version": 0,
          "attributes": {
            "accounts": [
              {
                "arn": "arn:aws:organizations::308948682972:account/o-bpl9knf7mj/641684806785",
                "email": "vchokshi@iot4.net",
                "id": "641684806785",
                "name": "native",
                "status": "ACTIVE"
              },
              {
                "arn": "arn:aws:organizations::308948682972:account/o-bpl9knf7mj/438513923646",
                "email": "backup@iot4.net",
                "id": "438513923646",
                "name": "backup",
                "status": "ACTIVE"
              },
              {
                "arn": "arn:aws:organizations::308948682972:account/o-bpl9knf7mj/375423940384",
                "email": "finance@iot4.net",
                "id": "375423940384",
                "name": "finance",
                "status": "ACTIVE"
              },
              {
                "arn": "arn:aws:organizations::308948682972:account/o-bpl9knf7mj/389986100965",
                "email": "monitron@iot4.net",
                "id": "389986100965",
                "name": "monitron",
                "status": "ACTIVE"
              },
              {
                "arn": "arn:aws:organizations::308948682972:account/o-bpl9knf7mj/136483452582",
                "email": "security@iot4.net",
                "id": "136483452582",
                "name": "security",
                "status": "ACTIVE"
              },
              {
                "arn": "arn:aws:organizations::308948682972:account/o-bpl9knf7mj/308948682972",
                "email": "vihar@iot4.net",
                "id": "308948682972",
                "name": "Vihar Chokshi",
                "status": "ACTIVE"
              },
              {
                "arn": "arn:aws:organizations::308948682972:account/o-bpl9knf7mj/264981948567",
                "email": "ms@iot4.net",
                "id": "264981948567",
                "name": "hosting",
                "status": "ACTIVE"
              },
              {
                "arn": "arn:aws:organizations::308948682972:account/o-bpl9knf7mj/732349697425",
                "email": "reiblock@iot4.net",
                "id": "732349697425",
                "name": "reiblock",
                "status": "ACTIVE"
              }
            ],
            "arn": "arn:aws:organizations::308948682972:organization/o-bpl9knf7mj",
            "aws_service_access_principals": [
              "backup.amazonaws.com",
              "config-multiaccountsetup.amazonaws.com",
              "config.amazonaws.com",
              "guardduty.amazonaws.com",
              "reporting.trustedadvisor.amazonaws.com",
              "securityhub.amazonaws.com",
              "sso.amazonaws.com"
            ],
            "enabled_policy_types": [
              "BACKUP_POLICY",
              "SERVICE_CONTROL_POLICY"
            ],
            "feature_set": "ALL",
            "id": "o-bpl9knf7mj",
            "master_account_arn": "arn:aws:organizations::308948682972:account/o-bpl9knf7mj/308948682972",
            "master_account_email": "vihar@iot4.net",
            "master_account_id": "308948682972",
            "non_master_accounts": [
              {
                "arn": "arn:aws:organizations::308948682972:account/o-bpl9knf7mj/641684806785",
                "email": "vchokshi@iot4.net",
                "id": "641684806785",
                "name": "native",
                "status": "ACTIVE"
              },
              {
                "arn": "arn:aws:organizations::308948682972:account/o-bpl9knf7mj/438513923646",
                "email": "backup@iot4.net",
                "id": "438513923646",
                "name": "backup",
                "status": "ACTIVE"
              },
              {
                "arn": "arn:aws:organizations::308948682972:account/o-bpl9knf7mj/375423940384",
                "email": "finance@iot4.net",
                "id": "375423940384",
                "name": "finance",
                "status": "ACTIVE"
              },
              {
                "arn": "arn:aws:organizations::308948682972:account/o-bpl9knf7mj/389986100965",
                "email": "monitron@iot4.net",
                "id": "389986100965",
                "name": "monitron",
                "status": "ACTIVE"
              },
              {
                "arn": "arn:aws:organizations::308948682972:account/o-bpl9knf7mj/136483452582",
                "email": "security@iot4.net",
                "id": "136483452582",
                "name": "security",
                "status": "ACTIVE"
              },
              {
                "arn": "arn:aws:organizations::308948682972:account/o-bpl9knf7mj/264981948567",
                "email": "ms@iot4.net",
                "id": "264981948567",
                "name": "hosting",
                "status": "ACTIVE"
              },
              {
                "arn": "arn:aws:organizations::308948682972:account/o-bpl9knf7mj/732349697425",
                "email": "reiblock@iot4.net",
                "id": "732349697425",
                "name": "reiblock",
                "status": "ACTIVE"
              }
            ],
            "roots": [
              {
                "arn": "arn:aws:organizations::308948682972:root/o-bpl9knf7mj/r-pvo4",
                "id": "r-pvo4",
                "name": "Root",
                "policy_types": [
                  {
                    "status": "ENABLED",
                    "type": "BACKUP_POLICY"
                  },
                  {
                    "status": "ENABLED",
                    "type": "SERVICE_CONTROL_POLICY"
                  }
                ]
              }
            ]
          },
          "sensitive_attributes": [],
          "private": "eyJzY2hlbWFfdmVyc2lvbiI6IjAifQ=="
        }
      ]
    },
    {
      "mode": "managed",
      "type": "aws_organizations_organizational_unit",
      "name": "fpna",
      "provider": "provider[\"registry.terraform.io/hashicorp/aws\"]",
      "instances": [
        {
          "schema_version": 0,
          "attributes": {
            "accounts": [
              {
                "arn": "arn:aws:organizations::308948682972:account/o-bpl9knf7mj/375423940384",
                "email": "finance@iot4.net",
                "id": "375423940384",
                "name": "finance"
              }
            ],
            "arn": "arn:aws:organizations::308948682972:ou/o-bpl9knf7mj/ou-pvo4-2410txyh",
            "id": "ou-pvo4-2410txyh",
            "name": "fpna",
            "parent_id": "ou-pvo4-84zwhmov",
            "tags": {},
            "tags_all": {}
          },
          "sensitive_attributes": [],
          "private": "eyJzY2hlbWFfdmVyc2lvbiI6IjAifQ==",
          "dependencies": [
            "aws_organizations_organization.org",
            "aws_organizations_organizational_unit.main"
          ]
        }
      ]
    },
    {
      "mode": "managed",
      "type": "aws_organizations_organizational_unit",
      "name": "grc",
      "provider": "provider[\"registry.terraform.io/hashicorp/aws\"]",
      "instances": [
        {
          "schema_version": 0,
          "attributes": {
            "accounts": [
              {
                "arn": "arn:aws:organizations::308948682972:account/o-bpl9knf7mj/136483452582",
                "email": "security@iot4.net",
                "id": "136483452582",
                "name": "security"
              },
              {
                "arn": "arn:aws:organizations::308948682972:account/o-bpl9knf7mj/438513923646",
                "email": "backup@iot4.net",
                "id": "438513923646",
                "name": "backup"
              }
            ],
            "arn": "arn:aws:organizations::308948682972:ou/o-bpl9knf7mj/ou-pvo4-vrlmc0y1",
            "id": "ou-pvo4-vrlmc0y1",
            "name": "grc",
            "parent_id": "ou-pvo4-84zwhmov",
            "tags": {},
            "tags_all": {}
          },
          "sensitive_attributes": [],
          "private": "eyJzY2hlbWFfdmVyc2lvbiI6IjAifQ==",
          "dependencies": [
            "aws_organizations_organization.org",
            "aws_organizations_organizational_unit.main"
          ]
        }
      ]
    },
    {
      "mode": "managed",
      "type": "aws_organizations_organizational_unit",
      "name": "main",
      "provider": "provider[\"registry.terraform.io/hashicorp/aws\"]",
      "instances": [
        {
          "schema_version": 0,
          "attributes": {
            "accounts": [
              {
                "arn": "arn:aws:organizations::308948682972:account/o-bpl9knf7mj/264981948567",
                "email": "ms@iot4.net",
                "id": "264981948567",
                "name": "hosting"
              },
              {
                "arn": "arn:aws:organizations::308948682972:account/o-bpl9knf7mj/641684806785",
                "email": "vchokshi@iot4.net",
                "id": "641684806785",
                "name": "native"
              },
              {
                "arn": "arn:aws:organizations::308948682972:account/o-bpl9knf7mj/389986100965",
                "email": "monitron@iot4.net",
                "id": "389986100965",
                "name": "monitron"
              }
            ],
            "arn": "arn:aws:organizations::308948682972:ou/o-bpl9knf7mj/ou-pvo4-84zwhmov",
            "id": "ou-pvo4-84zwhmov",
            "name": "iot4",
            "parent_id": "r-pvo4",
            "tags": {},
            "tags_all": {}
          },
          "sensitive_attributes": [],
          "private": "eyJzY2hlbWFfdmVyc2lvbiI6IjAifQ==",
          "dependencies": [
            "aws_organizations_organization.org"
          ]
        }
      ]
    },
    {
      "mode": "managed",
      "type": "aws_organizations_organizational_unit",
      "name": "restricted",
      "provider": "provider[\"registry.terraform.io/hashicorp/aws\"]",
      "instances": [
        {
          "schema_version": 0,
          "attributes": {
            "accounts": [
              {
                "arn": "arn:aws:organizations::308948682972:account/o-bpl9knf7mj/732349697425",
                "email": "reiblock@iot4.net",
                "id": "732349697425",
                "name": "reiblock"
              }
            ],
            "arn": "arn:aws:organizations::308948682972:ou/o-bpl9knf7mj/ou-pvo4-c795et63",
            "id": "ou-pvo4-c795et63",
            "name": "restricted",
            "parent_id": "ou-pvo4-84zwhmov",
            "tags": {},
            "tags_all": {}
          },
          "sensitive_attributes": [],
          "private": "eyJzY2hlbWFfdmVyc2lvbiI6IjAifQ==",
          "dependencies": [
            "aws_organizations_organization.org",
            "aws_organizations_organizational_unit.main"
          ]
        }
      ]
    },
    {
      "mode": "managed",
      "type": "aws_organizations_policy",
      "name": "backup",
      "provider": "provider[\"registry.terraform.io/hashicorp/aws\"]",
      "instances": [
        {
          "schema_version": 0,
          "attributes": {
            "arn": "arn:aws:organizations::308948682972:policy/o-bpl9knf7mj/backup_policy/p-89rf8vgxlv",
            "content": "{\n  \"plans\": {\n    \"org-backup-plan\": {\n      \"regions\": {\n        \"@@assign\": [\n          \"eu-west-1\",\n          \"ap-northeast-3\",\n          \"ca-central-1\",\n          \"us-east-1\",\n          \"us-east-2\",\n          \"us-west-1\",\n          \"us-west-2\",\n          \"eu-central-1\"\n        ]\n      },\n      \"rules\": {\n        \"org-backup-rule\": {\n          \"schedule_expression\": {\n            \"@@assign\": \"cron(0 5 ? * * *)\"\n          },\n          \"lifecycle\": {\n            \"move_to_cold_storage_after_days\": {\n              \"@@assign\": \"1\"\n            },\n            \"delete_after_days\": {\n              \"@@assign\": \"91\"\n            }\n          },\n          \"target_backup_vault_name\": {\n            \"@@assign\": \"account-vault\"\n          },\n          \"copy_actions\": {\n            \"arn:aws:backup:us-east-1:$account:backup-vault:account-vault\": {\n              \"target_backup_vault_arn\": {\n                \"@@assign\": \"arn:aws:backup:us-east-1:$account:backup-vault:account-vault\"\n              },\n              \"lifecycle\": {\n                \"delete_after_days\": {\n                  \"@@assign\": \"91\"\n                },\n                \"move_to_cold_storage_after_days\": {\n                  \"@@assign\": \"1\"\n                }\n              }\n            }\n          }\n        }\n      },\n      \"backup_plan_tags\": {},\n      \"selections\": {\n        \"tags\": {\n          \"backup-resource-assignment\": {\n            \"iam_role_arn\": {\n              \"@@assign\": \"arn:aws:iam::$account:role/OrganizationAccountAccessRole\"\n            },\n            \"tag_key\": {\n              \"@@assign\": \"Backup\"\n            },\n            \"tag_value\": {\n              \"@@assign\": [\n                \"True\"\n              ]\n            }\n          }\n        }\n      }\n    }\n  }\n}\n",
            "description": "",
            "id": "p-89rf8vgxlv",
            "name": "organization-backup-policy",
            "tags": {},
            "tags_all": {},
            "type": "BACKUP_POLICY"
          },
          "sensitive_attributes": [],
          "private": "eyJzY2hlbWFfdmVyc2lvbiI6IjAifQ=="
        }
      ]
    },
    {
      "mode": "managed",
      "type": "aws_organizations_policy",
      "name": "policy",
      "provider": "provider[\"registry.terraform.io/hashicorp/aws\"]",
      "instances": [
        {
          "schema_version": 0,
          "attributes": {
            "arn": "arn:aws:organizations::308948682972:policy/o-bpl9knf7mj/service_control_policy/p-5v6a310r",
            "content": "{\n  \"Version\": \"2012-10-17\",\n  \"Statement\": [\n    {\n      \"Sid\": \"\",\n      \"Effect\": \"Allow\",\n      \"Action\": [\n        \"s3:*\",\n        \"ec2:*\",\n        \"cloudwatch:*\",\n        \"cloudtrail:*\",\n        \"apigateway:*\",\n        \"acm:*\",\n        \"account:*\"\n      ],\n      \"Resource\": \"*\"\n    }\n  ]\n}",
            "description": "AWS Service Control Policy",
            "id": "p-5v6a310r",
            "name": "organization_policy",
            "tags": {},
            "tags_all": {},
            "type": "SERVICE_CONTROL_POLICY"
          },
          "sensitive_attributes": [],
          "private": "eyJzY2hlbWFfdmVyc2lvbiI6IjAifQ==",
          "dependencies": [
            "data.aws_iam_policy_document.policy"
          ]
        }
      ]
    },
    {
      "mode": "managed",
      "type": "aws_organizations_policy",
      "name": "restricted_policy",
      "provider": "provider[\"registry.terraform.io/hashicorp/aws\"]",
      "instances": [
        {
          "schema_version": 0,
          "attributes": {
            "arn": "arn:aws:organizations::308948682972:policy/o-bpl9knf7mj/service_control_policy/p-ds739o3h",
            "content": "{\n  \"Version\": \"2012-10-17\",\n  \"Statement\": [\n    {\n      \"Sid\": \"\",\n      \"Effect\": \"Deny\",\n      \"Action\": [\n        \"s3:*\",\n        \"ec2:*\",\n        \"cloudwatch:*\",\n        \"cloudtrail:*\"\n      ],\n      \"Resource\": \"*\",\n      \"Condition\": {\n        \"StringNotEquals\": {\n          \"aws:RequestedRegion\": [\n            \"us-east-1\"\n          ]\n        }\n      }\n    }\n  ]\n}",
            "description": "AWS Restricted Service Control Policy",
            "id": "p-ds739o3h",
            "name": "restricted_policy",
            "tags": {},
            "tags_all": {},
            "type": "SERVICE_CONTROL_POLICY"
          },
          "sensitive_attributes": [],
          "private": "eyJzY2hlbWFfdmVyc2lvbiI6IjAifQ==",
          "dependencies": [
            "data.aws_iam_policy_document.restricted_policy"
          ]
        }
      ]
    },
    {
      "mode": "managed",
      "type": "aws_organizations_policy_attachment",
      "name": "attachment",
      "provider": "provider[\"registry.terraform.io/hashicorp/aws\"]",
      "instances": [
        {
          "schema_version": 0,
          "attributes": {
            "id": "ou-pvo4-84zwhmov:p-5v6a310r",
            "policy_id": "p-5v6a310r",
            "target_id": "ou-pvo4-84zwhmov"
          },
          "sensitive_attributes": [],
          "private": "eyJzY2hlbWFfdmVyc2lvbiI6IjAifQ==",
          "dependencies": [
            "aws_organizations_organization.org",
            "aws_organizations_organizational_unit.main",
            "aws_organizations_policy.policy",
            "data.aws_iam_policy_document.policy"
          ]
        }
      ]
    },
    {
      "mode": "managed",
      "type": "aws_organizations_policy_attachment",
      "name": "backup",
      "provider": "provider[\"registry.terraform.io/hashicorp/aws\"]",
      "instances": [
        {
          "schema_version": 0,
          "attributes": {
            "id": "r-pvo4:p-89rf8vgxlv",
            "policy_id": "p-89rf8vgxlv",
            "target_id": "r-pvo4"
          },
          "sensitive_attributes": [],
          "private": "eyJzY2hlbWFfdmVyc2lvbiI6IjAifQ==",
          "dependencies": [
            "aws_organizations_organization.org",
            "aws_organizations_policy.backup"
          ]
        }
      ]
    },
    {
      "mode": "managed",
      "type": "aws_organizations_policy_attachment",
      "name": "restricted_attachment",
      "provider": "provider[\"registry.terraform.io/hashicorp/aws\"]",
      "instances": [
        {
          "schema_version": 0,
          "attributes": {
            "id": "ou-pvo4-c795et63:p-ds739o3h",
            "policy_id": "p-ds739o3h",
            "target_id": "ou-pvo4-c795et63"
          },
          "sensitive_attributes": [],
          "private": "eyJzY2hlbWFfdmVyc2lvbiI6IjAifQ==",
          "dependencies": [
            "aws_organizations_organization.org",
            "aws_organizations_organizational_unit.main",
            "aws_organizations_organizational_unit.restricted",
            "aws_organizations_policy.restricted_policy",
            "data.aws_iam_policy_document.restricted_policy"
          ]
        }
      ]
    },
    {
      "mode": "managed",
      "type": "aws_route53_record",
      "name": "azure",
      "provider": "provider[\"registry.terraform.io/hashicorp/aws\"]",
      "instances": [
        {
          "schema_version": 2,
          "attributes": {
            "alias": [],
            "allow_overwrite": null,
            "failover_routing_policy": [],
            "fqdn": "az.iot4.net",
            "geolocation_routing_policy": [],
            "health_check_id": "",
            "id": "Z3AXZBN956KU95_az.iot4.net_NS",
            "latency_routing_policy": [],
            "multivalue_answer_routing_policy": null,
            "name": "az.iot4.net",
            "records": [
              "ns1-07.azure-dns.com.",
              "ns2-07.azure-dns.net.",
              "ns3-07.azure-dns.org.",
              "ns4-07.azure-dns.info."
            ],
            "set_identifier": "",
            "ttl": 300,
            "type": "NS",
            "weighted_routing_policy": [],
            "zone_id": "Z3AXZBN956KU95"
          },
          "sensitive_attributes": [],
          "private": "eyJzY2hlbWFfdmVyc2lvbiI6IjIifQ==",
          "dependencies": [
            "aws_route53_zone.iot"
          ]
        }
      ]
    },
    {
      "mode": "managed",
      "type": "aws_route53_record",
      "name": "backup",
      "provider": "provider[\"registry.terraform.io/hashicorp/aws\"]",
      "instances": [
        {
          "schema_version": 2,
          "attributes": {
            "alias": [],
            "allow_overwrite": null,
            "failover_routing_policy": [],
            "fqdn": "backup.iot4.net",
            "geolocation_routing_policy": [],
            "health_check_id": "",
            "id": "Z3AXZBN956KU95_backup.iot4.net_NS",
            "latency_routing_policy": [],
            "multivalue_answer_routing_policy": null,
            "name": "backup.iot4.net",
            "records": [
              "ns-1146.awsdns-15.org",
              "ns-1980.awsdns-55.co.uk",
              "ns-231.awsdns-28.com",
              "ns-648.awsdns-17.net"
            ],
            "set_identifier": "",
            "ttl": 300,
            "type": "NS",
            "weighted_routing_policy": [],
            "zone_id": "Z3AXZBN956KU95"
          },
          "sensitive_attributes": [],
          "private": "eyJzY2hlbWFfdmVyc2lvbiI6IjIifQ==",
          "dependencies": [
            "aws_route53_zone.iot"
          ]
        }
      ]
    },
    {
      "mode": "managed",
      "type": "aws_route53_record",
      "name": "finance",
      "provider": "provider[\"registry.terraform.io/hashicorp/aws\"]",
      "instances": [
        {
          "schema_version": 2,
          "attributes": {
            "alias": [],
            "allow_overwrite": null,
            "failover_routing_policy": [],
            "fqdn": "finance.iot4.net",
            "geolocation_routing_policy": [],
            "health_check_id": "",
            "id": "Z3AXZBN956KU95_finance.iot4.net_NS",
            "latency_routing_policy": [],
            "multivalue_answer_routing_policy": null,
            "name": "finance.iot4.net",
            "records": [
              "ns-1097.awsdns-09.org",
              "ns-1784.awsdns-31.co.uk",
              "ns-436.awsdns-54.com",
              "ns-806.awsdns-36.net"
            ],
            "set_identifier": "",
            "ttl": 300,
            "type": "NS",
            "weighted_routing_policy": [],
            "zone_id": "Z3AXZBN956KU95"
          },
          "sensitive_attributes": [],
          "private": "eyJzY2hlbWFfdmVyc2lvbiI6IjIifQ==",
          "dependencies": [
            "aws_route53_zone.iot"
          ]
        }
      ]
    },
    {
      "mode": "managed",
      "type": "aws_route53_record",
      "name": "lithium",
      "provider": "provider[\"registry.terraform.io/hashicorp/aws\"]",
      "instances": [
        {
          "schema_version": 2,
          "attributes": {
            "alias": [],
            "allow_overwrite": null,
            "failover_routing_policy": [],
            "fqdn": "lithium.iot4.net",
            "geolocation_routing_policy": [],
            "health_check_id": null,
            "id": "Z3AXZBN956KU95_lithium.iot4.net_A",
            "latency_routing_policy": [],
            "multivalue_answer_routing_policy": null,
            "name": "lithium.iot4.net",
            "records": [
              "174.17.20.57"
            ],
            "set_identifier": null,
            "ttl": 300,
            "type": "A",
            "weighted_routing_policy": [],
            "zone_id": "Z3AXZBN956KU95"
          },
          "sensitive_attributes": [],
          "private": "eyJzY2hlbWFfdmVyc2lvbiI6IjIifQ==",
          "dependencies": [
            "aws_route53_zone.iot",
            "data.http.myip"
          ]
        }
      ]
    },
    {
      "mode": "managed",
      "type": "aws_route53_record",
      "name": "security",
      "provider": "provider[\"registry.terraform.io/hashicorp/aws\"]",
      "instances": [
        {
          "schema_version": 2,
          "attributes": {
            "alias": [],
            "allow_overwrite": null,
            "failover_routing_policy": [],
            "fqdn": "security.iot4.net",
            "geolocation_routing_policy": [],
            "health_check_id": "",
            "id": "Z3AXZBN956KU95_security.iot4.net_NS",
            "latency_routing_policy": [],
            "multivalue_answer_routing_policy": null,
            "name": "security.iot4.net",
            "records": [
              "ns-1367.awsdns-42.org",
              "ns-1789.awsdns-31.co.uk",
              "ns-220.awsdns-27.com",
              "ns-757.awsdns-30.net"
            ],
            "set_identifier": "",
            "ttl": 300,
            "type": "NS",
            "weighted_routing_policy": [],
            "zone_id": "Z3AXZBN956KU95"
          },
          "sensitive_attributes": [],
          "private": "eyJzY2hlbWFfdmVyc2lvbiI6IjIifQ==",
          "dependencies": [
            "aws_route53_zone.iot"
          ]
        }
      ]
    },
    {
      "mode": "managed",
      "type": "aws_route53_zone",
      "name": "internal_iot",
      "provider": "provider[\"registry.terraform.io/hashicorp/aws\"]",
      "instances": [
        {
          "schema_version": 0,
          "attributes": {
            "arn": "arn:aws:route53:::hostedzone/Z082397311B7AULABL139",
            "comment": "Managed by Terraform",
            "delegation_set_id": "",
            "force_destroy": false,
            "id": "Z082397311B7AULABL139",
            "name": "internal.iot4.net",
            "name_servers": [
              "ns-0.awsdns-00.com.",
              "ns-1024.awsdns-00.org.",
              "ns-1536.awsdns-00.co.uk.",
              "ns-512.awsdns-00.net."
            ],
            "tags": {},
            "tags_all": {},
            "vpc": [
              {
                "vpc_id": "vpc-08690b9a9d47c792b",
                "vpc_region": "eu-central-1"
              }
            ],
            "zone_id": "Z082397311B7AULABL139"
          },
          "sensitive_attributes": [],
          "private": "bnVsbA=="
        }
      ]
    },
    {
      "mode": "managed",
      "type": "aws_route53_zone",
      "name": "iot",
      "provider": "provider[\"registry.terraform.io/hashicorp/aws\"]",
      "instances": [
        {
          "schema_version": 0,
          "attributes": {
            "arn": "arn:aws:route53:::hostedzone/Z3AXZBN956KU95",
            "comment": "Managed by Terraform",
            "delegation_set_id": "",
            "force_destroy": null,
            "id": "Z3AXZBN956KU95",
            "name": "iot4.net",
            "name_servers": [
              "ns-1284.awsdns-32.org",
              "ns-1649.awsdns-14.co.uk",
              "ns-84.awsdns-10.com",
              "ns-868.awsdns-44.net"
            ],
            "tags": {},
            "tags_all": {},
            "vpc": [],
            "zone_id": "Z3AXZBN956KU95"
          },
          "sensitive_attributes": [],
          "private": "eyJzY2hlbWFfdmVyc2lvbiI6IjAifQ=="
        }
      ]
    },
    {
      "mode": "managed",
      "type": "aws_route53_zone",
      "name": "vchokshi",
      "provider": "provider[\"registry.terraform.io/hashicorp/aws\"]",
      "instances": [
        {
          "schema_version": 0,
          "attributes": {
            "arn": "arn:aws:route53:::hostedzone/Z15L6FCPG5MX09",
            "comment": "Managed by Terraform",
            "delegation_set_id": "",
            "force_destroy": false,
            "id": "Z15L6FCPG5MX09",
            "name": "vchokshi.com",
            "name_servers": [
              "ns-1283.awsdns-32.org",
              "ns-176.awsdns-22.com",
              "ns-1833.awsdns-37.co.uk",
              "ns-927.awsdns-51.net"
            ],
            "tags": {},
            "tags_all": {},
            "vpc": [],
            "zone_id": "Z15L6FCPG5MX09"
          },
          "sensitive_attributes": [],
          "private": "bnVsbA=="
        }
      ]
    },
    {
      "mode": "managed",
      "type": "aws_route53_zone",
      "name": "viharc",
      "provider": "provider[\"registry.terraform.io/hashicorp/aws\"]",
      "instances": [
        {
          "schema_version": 0,
          "attributes": {
            "arn": "arn:aws:route53:::hostedzone/Z25731ITAW1L5U",
            "comment": "Managed by Terraform",
            "delegation_set_id": "",
            "force_destroy": false,
            "id": "Z25731ITAW1L5U",
            "name": "viharc.com",
            "name_servers": [
              "ns-1428.awsdns-50.org",
              "ns-1657.awsdns-15.co.uk",
              "ns-380.awsdns-47.com",
              "ns-912.awsdns-50.net"
            ],
            "tags": {},
            "tags_all": {},
            "vpc": [],
            "zone_id": "Z25731ITAW1L5U"
          },
          "sensitive_attributes": [],
          "private": "bnVsbA=="
        }
      ]
    }
  ]
}
