{
  "version": 4,
  "terraform_version": "0.12.26",
  "serial": 134,
  "lineage": "440a9eb6-5b4e-40c3-e4d3-346e478b7065",
  "outputs": {
    "elk_private_ip": {
      "value": "10.2.0.4",
      "type": "string"
    },
    "elk_public_ip": {
      "value": "http://40.112.190.211:5601/app/kibana",
      "type": "string"
    },
    "jumphost_ip": {
      "value": "52.190.6.173",
      "type": "string"
    },
    "lb-frontend-ip": {
      "value": "http://40.71.122.201/login.php",
      "type": "string"
    },
    "web_ips": {
      "value": [
        "10.0.0.5",
        "10.0.0.6"
      ],
      "type": [
        "tuple",
        [
          "string",
          "string"
        ]
      ]
    }
  },
  "resources": [
    {
      "mode": "data",
      "type": "http",
      "name": "myip",
      "provider": "provider.http",
      "instances": [
        {
          "schema_version": 0,
          "attributes": {
            "body": "174.26.95.174\n",
            "id": "http://ipv4.icanhazip.com",
            "request_headers": null,
            "response_headers": {
              "Access-Control-Allow-Methods": "GET",
              "Access-Control-Allow-Origin": "*",
              "Alt-Svc": "h3=\":443\"; ma=86400, h3-29=\":443\"; ma=86400, h3-28=\":443\"; ma=86400, h3-27=\":443\"; ma=86400",
              "Cf-Ray": "6927915e0b593155-LAX",
              "Connection": "keep-alive",
              "Content-Length": "14",
              "Content-Type": "text/plain",
              "Date": "Wed, 22 Sep 2021 00:55:27 GMT",
              "Server": "cloudflare",
              "Set-Cookie": "__cf_bm=ab5VGarqX6crTYrWBqHWcAdkVYns0XYs3TEmizPqRk0-1632272127-0-AXQjH0wgqfBU1zYCq9yLA77yU/ZpVBqaTgVOrohEF7pXLWfZjVCajuUU48XfHIfklSzhZtBQgMx/SlQd4SUZfUU=; path=/; expires=Wed, 22-Sep-21 01:25:27 GMT; domain=.icanhazip.com; HttpOnly; SameSite=None",
              "Vary": "Accept-Encoding"
            },
            "url": "http://ipv4.icanhazip.com"
          }
        }
      ]
    },
    {
      "mode": "managed",
      "type": "azurerm_availability_set",
      "name": "azaz",
      "provider": "provider.azurerm",
      "instances": [
        {
          "schema_version": 0,
          "attributes": {
            "id": "/subscriptions/91b21a5a-e370-45ba-9bf5-5ac16e47c937/resourceGroups/green-rg/providers/Microsoft.Compute/availabilitySets/green-availability-set",
            "location": "eastus",
            "managed": true,
            "name": "green-availability-set",
            "platform_fault_domain_count": 2,
            "platform_update_domain_count": 2,
            "proximity_placement_group_id": null,
            "resource_group_name": "green-rg",
            "tags": {
              "Email": "vc@iot4.net",
              "Name": "week-13-stack",
              "Owner": "Vihar Chokshi"
            },
            "timeouts": null
          },
          "private": "eyJlMmJmYjczMC1lY2FhLTExZTYtOGY4OC0zNDM2M2JjN2M0YzAiOnsiY3JlYXRlIjoxODAwMDAwMDAwMDAwLCJkZWxldGUiOjE4MDAwMDAwMDAwMDAsInJlYWQiOjMwMDAwMDAwMDAwMCwidXBkYXRlIjoxODAwMDAwMDAwMDAwfX0=",
          "dependencies": [
            "azurerm_resource_group.rg"
          ]
        }
      ]
    },
    {
      "mode": "managed",
      "type": "azurerm_lb",
      "name": "lb",
      "provider": "provider.azurerm",
      "instances": [
        {
          "schema_version": 0,
          "attributes": {
            "frontend_ip_configuration": [
              {
                "id": "/subscriptions/91b21a5a-e370-45ba-9bf5-5ac16e47c937/resourceGroups/green-rg/providers/Microsoft.Network/loadBalancers/green-lb/frontendIPConfigurations/green-frontend-ip-config",
                "inbound_nat_rules": [],
                "load_balancer_rules": [
                  "/subscriptions/91b21a5a-e370-45ba-9bf5-5ac16e47c937/resourceGroups/green-rg/providers/Microsoft.Network/loadBalancers/green-lb/loadBalancingRules/green-lb-rule"
                ],
                "name": "green-frontend-ip-config",
                "outbound_rules": [],
                "private_ip_address": "",
                "private_ip_address_allocation": "Dynamic",
                "private_ip_address_version": "",
                "public_ip_address_id": "/subscriptions/91b21a5a-e370-45ba-9bf5-5ac16e47c937/resourceGroups/green-rg/providers/Microsoft.Network/publicIPAddresses/green-lb-ip",
                "public_ip_prefix_id": "",
                "subnet_id": "",
                "zones": []
              }
            ],
            "id": "/subscriptions/91b21a5a-e370-45ba-9bf5-5ac16e47c937/resourceGroups/green-rg/providers/Microsoft.Network/loadBalancers/green-lb",
            "location": "eastus",
            "name": "green-lb",
            "private_ip_address": "",
            "private_ip_addresses": [],
            "resource_group_name": "green-rg",
            "sku": "Basic",
            "tags": {},
            "timeouts": null
          },
          "private": "eyJlMmJmYjczMC1lY2FhLTExZTYtOGY4OC0zNDM2M2JjN2M0YzAiOnsiY3JlYXRlIjoxODAwMDAwMDAwMDAwLCJkZWxldGUiOjE4MDAwMDAwMDAwMDAsInJlYWQiOjMwMDAwMDAwMDAwMCwidXBkYXRlIjoxODAwMDAwMDAwMDAwfX0=",
          "dependencies": [
            "azurerm_public_ip.lb_public_ip",
            "azurerm_resource_group.rg"
          ]
        }
      ]
    },
    {
      "mode": "managed",
      "type": "azurerm_lb_backend_address_pool",
      "name": "lb_backend_pool",
      "provider": "provider.azurerm",
      "instances": [
        {
          "schema_version": 0,
          "attributes": {
            "backend_address": [],
            "backend_ip_configurations": [],
            "id": "/subscriptions/91b21a5a-e370-45ba-9bf5-5ac16e47c937/resourceGroups/green-rg/providers/Microsoft.Network/loadBalancers/green-lb/backendAddressPools/green-backend-address-pool",
            "load_balancing_rules": [
              "/subscriptions/91b21a5a-e370-45ba-9bf5-5ac16e47c937/resourceGroups/green-rg/providers/Microsoft.Network/loadBalancers/green-lb/loadBalancingRules/green-lb-rule"
            ],
            "loadbalancer_id": "/subscriptions/91b21a5a-e370-45ba-9bf5-5ac16e47c937/resourceGroups/green-rg/providers/Microsoft.Network/loadBalancers/green-lb",
            "name": "green-backend-address-pool",
            "outbound_rules": [],
            "resource_group_name": "green-rg",
            "timeouts": null
          },
          "private": "eyJlMmJmYjczMC1lY2FhLTExZTYtOGY4OC0zNDM2M2JjN2M0YzAiOnsiY3JlYXRlIjoxODAwMDAwMDAwMDAwLCJkZWxldGUiOjE4MDAwMDAwMDAwMDAsInJlYWQiOjMwMDAwMDAwMDAwMCwidXBkYXRlIjoxODAwMDAwMDAwMDAwfX0=",
          "dependencies": [
            "azurerm_lb.lb",
            "azurerm_public_ip.lb_public_ip",
            "azurerm_resource_group.rg"
          ]
        }
      ]
    },
    {
      "mode": "managed",
      "type": "azurerm_lb_probe",
      "name": "lb_probe",
      "provider": "provider.azurerm",
      "instances": [
        {
          "schema_version": 0,
          "attributes": {
            "id": "/subscriptions/91b21a5a-e370-45ba-9bf5-5ac16e47c937/resourceGroups/green-rg/providers/Microsoft.Network/loadBalancers/green-lb/probes/green-lb-probe",
            "interval_in_seconds": 15,
            "load_balancer_rules": [
              "/subscriptions/91b21a5a-e370-45ba-9bf5-5ac16e47c937/resourceGroups/green-rg/providers/Microsoft.Network/loadBalancers/green-lb/loadBalancingRules/green-lb-rule"
            ],
            "loadbalancer_id": "/subscriptions/91b21a5a-e370-45ba-9bf5-5ac16e47c937/resourceGroups/green-rg/providers/Microsoft.Network/loadBalancers/green-lb",
            "name": "green-lb-probe",
            "number_of_probes": 2,
            "port": 80,
            "protocol": "Tcp",
            "request_path": "",
            "resource_group_name": "green-rg",
            "timeouts": null
          },
          "private": "eyJlMmJmYjczMC1lY2FhLTExZTYtOGY4OC0zNDM2M2JjN2M0YzAiOnsiY3JlYXRlIjoxODAwMDAwMDAwMDAwLCJkZWxldGUiOjE4MDAwMDAwMDAwMDAsInJlYWQiOjMwMDAwMDAwMDAwMCwidXBkYXRlIjoxODAwMDAwMDAwMDAwfX0=",
          "dependencies": [
            "azurerm_lb.lb",
            "azurerm_public_ip.lb_public_ip",
            "azurerm_resource_group.rg"
          ]
        }
      ]
    },
    {
      "mode": "managed",
      "type": "azurerm_lb_rule",
      "name": "lb_rule",
      "provider": "provider.azurerm",
      "instances": [
        {
          "schema_version": 0,
          "attributes": {
            "backend_address_pool_id": "/subscriptions/91b21a5a-e370-45ba-9bf5-5ac16e47c937/resourceGroups/green-rg/providers/Microsoft.Network/loadBalancers/green-lb/backendAddressPools/green-backend-address-pool",
            "backend_port": 80,
            "disable_outbound_snat": false,
            "enable_floating_ip": false,
            "enable_tcp_reset": false,
            "frontend_ip_configuration_id": "/subscriptions/91b21a5a-e370-45ba-9bf5-5ac16e47c937/resourceGroups/green-rg/providers/Microsoft.Network/loadBalancers/green-lb/frontendIPConfigurations/green-frontend-ip-config",
            "frontend_ip_configuration_name": "green-frontend-ip-config",
            "frontend_port": 80,
            "id": "/subscriptions/91b21a5a-e370-45ba-9bf5-5ac16e47c937/resourceGroups/green-rg/providers/Microsoft.Network/loadBalancers/green-lb/loadBalancingRules/green-lb-rule",
            "idle_timeout_in_minutes": 4,
            "load_distribution": "Default",
            "loadbalancer_id": "/subscriptions/91b21a5a-e370-45ba-9bf5-5ac16e47c937/resourceGroups/green-rg/providers/Microsoft.Network/loadBalancers/green-lb",
            "name": "green-lb-rule",
            "probe_id": "/subscriptions/91b21a5a-e370-45ba-9bf5-5ac16e47c937/resourceGroups/green-rg/providers/Microsoft.Network/loadBalancers/green-lb/probes/green-lb-probe",
            "protocol": "Tcp",
            "resource_group_name": "green-rg",
            "timeouts": null
          },
          "private": "eyJlMmJmYjczMC1lY2FhLTExZTYtOGY4OC0zNDM2M2JjN2M0YzAiOnsiY3JlYXRlIjoxODAwMDAwMDAwMDAwLCJkZWxldGUiOjE4MDAwMDAwMDAwMDAsInJlYWQiOjMwMDAwMDAwMDAwMCwidXBkYXRlIjoxODAwMDAwMDAwMDAwfX0=",
          "dependencies": [
            "azurerm_lb.lb",
            "azurerm_lb_backend_address_pool.lb_backend_pool",
            "azurerm_lb_probe.lb_probe",
            "azurerm_public_ip.lb_public_ip",
            "azurerm_resource_group.rg"
          ]
        }
      ]
    },
    {
      "mode": "managed",
      "type": "azurerm_linux_virtual_machine",
      "name": "elk",
      "provider": "provider.azurerm",
      "instances": [
        {
          "schema_version": 0,
          "attributes": {
            "additional_capabilities": [],
            "admin_password": null,
            "admin_ssh_key": [
              {
                "public_key": "ssh-rsa AAAAB3NzaC1yc2EAAAADAQABAAABAQCkX0xsWyd82bGyeTv/EzNbKWCL2w1kXN38U2SclaUGZyGP3HR9dwJ49A8ezK7wGD4lBgjWHmLk6RnuADXdQJI2rTrVdzbcotJC+lzCQ0twK2qmDa0ufLfI8Wh0mllD4gpGYxgQPeihXWZDVRGy7SRIk24A2R7wy3/pRm/kaVsVQCJN4TWjJIYKlvf0gGubvZz5HKBHZl4Vjd2lLkTU1wiQuGZQ+jYKs6KAba6j6yPgON2DqGlUFDXzfTHoTxLXGuXc1S0x5WntiDDqu9YnHCwpexZzdvRWtAVDEbsx+6u83Q8kbQmE0Eqoxre/YEwX11LrCt9fqKTfFCDGK9p9rYTl vchokshi@green-jump-box\n",
                "username": "vchokshi"
              }
            ],
            "admin_username": "vchokshi",
            "allow_extension_operations": true,
            "availability_set_id": "",
            "boot_diagnostics": [],
            "computer_name": "green-elk",
            "custom_data": null,
            "dedicated_host_id": "",
            "disable_password_authentication": true,
            "encryption_at_host_enabled": false,
            "eviction_policy": "",
            "extensions_time_budget": "PT1H30M",
            "id": "/subscriptions/91b21a5a-e370-45ba-9bf5-5ac16e47c937/resourceGroups/green-rg/providers/Microsoft.Compute/virtualMachines/green-elk",
            "identity": [],
            "license_type": "",
            "location": "westus",
            "max_bid_price": -1,
            "name": "green-elk",
            "network_interface_ids": [
              "/subscriptions/91b21a5a-e370-45ba-9bf5-5ac16e47c937/resourceGroups/green-rg/providers/Microsoft.Network/networkInterfaces/green-elk-nic"
            ],
            "os_disk": [
              {
                "caching": "ReadWrite",
                "diff_disk_settings": [],
                "disk_encryption_set_id": "",
                "disk_size_gb": 30,
                "name": "green-elk_disk1_4c9dedb09ae14fe3ae4552bc96fda7d1",
                "storage_account_type": "Standard_LRS",
                "write_accelerator_enabled": false
              }
            ],
            "plan": [],
            "platform_fault_domain": -1,
            "priority": "Regular",
            "private_ip_address": "10.2.0.4",
            "private_ip_addresses": [
              "10.2.0.4"
            ],
            "provision_vm_agent": true,
            "proximity_placement_group_id": "",
            "public_ip_address": "40.112.190.211",
            "public_ip_addresses": [
              "40.112.190.211"
            ],
            "resource_group_name": "green-rg",
            "secret": [],
            "size": "Standard_DS3_v2",
            "source_image_id": "",
            "source_image_reference": [
              {
                "offer": "UbuntuServer",
                "publisher": "Canonical",
                "sku": "18.04-LTS",
                "version": "latest"
              }
            ],
            "tags": {
              "Email": "vc@iot4.net",
              "Name": "week-13-stack",
              "Owner": "Vihar Chokshi"
            },
            "timeouts": null,
            "virtual_machine_id": "98e7cd40-5adb-43a6-84c5-9a5ad5e88955",
            "virtual_machine_scale_set_id": "",
            "zone": ""
          },
          "private": "eyJlMmJmYjczMC1lY2FhLTExZTYtOGY4OC0zNDM2M2JjN2M0YzAiOnsiY3JlYXRlIjoyNzAwMDAwMDAwMDAwLCJkZWxldGUiOjI3MDAwMDAwMDAwMDAsInJlYWQiOjMwMDAwMDAwMDAwMCwidXBkYXRlIjoyNzAwMDAwMDAwMDAwfX0=",
          "dependencies": [
            "azurerm_network_interface.elk_nic",
            "azurerm_public_ip.elk_ip",
            "azurerm_resource_group.rg",
            "azurerm_subnet.e"
          ]
        }
      ]
    },
    {
      "mode": "managed",
      "type": "azurerm_linux_virtual_machine",
      "name": "jumphost",
      "provider": "provider.azurerm",
      "instances": [
        {
          "schema_version": 0,
          "attributes": {
            "additional_capabilities": [],
            "admin_password": null,
            "admin_ssh_key": [
              {
                "public_key": "ssh-rsa AAAAB3NzaC1yc2EAAAADAQABAAABgQDfKh3HQpvUXc6/8SSOZE/YLjw7reJt78WXWKb791P8LmNVBIEdJnXLbWNNElc3eD1KzPp9wjspirRqnTcw2Vg7tlCYXvKHtGeADU/ko2/MihFiWNGms3JryyyPdmyTyMeDzhdMGhgkBSTDxe1+WGtLy7tV7nZhiykG2TaR7flbN3bgfgnp5sGhsW3qvCbEM0o0dVbB7QXB5vmJM4aWJ9V3kX7npwPbxhSMmxnEZntpZ+OChKVPKoUny02UCJt9FPvHJLdtf6ZhJz2nJCeVfald71uYUMQN9exT6ZB302PrOQPCS8J2DybH61bozm+SYno8nXjhLXSsZrmi9JyUATML3lDiqOIq61vnJCfduJjxkQGze8oreMNcnWLi5AflhphcAU6iH4akY+M7N5UhOFPAOtvhun9TiHB572KQUXajl15MDfE2sjMh7VCyL7r38lvqNh/Dq1UltB/x82+RFpv/+vcYZ4Yf7uWpJhvopHLnKus0pkqKrcdrX3N1vfJvTOM= vchokshi@vipert491.iot4.net\n",
                "username": "vchokshi"
              }
            ],
            "admin_username": "vchokshi",
            "allow_extension_operations": true,
            "availability_set_id": "",
            "boot_diagnostics": [],
            "computer_name": "green-jump-box",
            "custom_data": null,
            "dedicated_host_id": "",
            "disable_password_authentication": true,
            "encryption_at_host_enabled": false,
            "eviction_policy": "",
            "extensions_time_budget": "PT1H30M",
            "id": "/subscriptions/91b21a5a-e370-45ba-9bf5-5ac16e47c937/resourceGroups/green-rg/providers/Microsoft.Compute/virtualMachines/green-jump-box",
            "identity": [],
            "license_type": "",
            "location": "eastus",
            "max_bid_price": -1,
            "name": "green-jump-box",
            "network_interface_ids": [
              "/subscriptions/91b21a5a-e370-45ba-9bf5-5ac16e47c937/resourceGroups/green-rg/providers/Microsoft.Network/networkInterfaces/green-nic"
            ],
            "os_disk": [
              {
                "caching": "ReadWrite",
                "diff_disk_settings": [],
                "disk_encryption_set_id": "",
                "disk_size_gb": 30,
                "name": "green-jump-box_disk1_f1233148c6da420a93d3e174975d6ceb",
                "storage_account_type": "Standard_LRS",
                "write_accelerator_enabled": false
              }
            ],
            "plan": [],
            "platform_fault_domain": -1,
            "priority": "Regular",
            "private_ip_address": "10.0.0.4",
            "private_ip_addresses": [
              "10.0.0.4"
            ],
            "provision_vm_agent": true,
            "proximity_placement_group_id": "",
            "public_ip_address": "52.190.6.173",
            "public_ip_addresses": [
              "52.190.6.173"
            ],
            "resource_group_name": "green-rg",
            "secret": [],
            "size": "Standard_B1ms",
            "source_image_id": "",
            "source_image_reference": [
              {
                "offer": "UbuntuServer",
                "publisher": "Canonical",
                "sku": "18.04-LTS",
                "version": "latest"
              }
            ],
            "tags": {
              "Email": "vc@iot4.net",
              "Name": "week-13-stack",
              "Owner": "Vihar Chokshi"
            },
            "timeouts": null,
            "virtual_machine_id": "c09ee320-e6c0-413b-9964-ab65622478af",
            "virtual_machine_scale_set_id": "",
            "zone": ""
          },
          "private": "eyJlMmJmYjczMC1lY2FhLTExZTYtOGY4OC0zNDM2M2JjN2M0YzAiOnsiY3JlYXRlIjoyNzAwMDAwMDAwMDAwLCJkZWxldGUiOjI3MDAwMDAwMDAwMDAsInJlYWQiOjMwMDAwMDAwMDAwMCwidXBkYXRlIjoyNzAwMDAwMDAwMDAwfX0=",
          "dependencies": [
            "azurerm_network_interface.nic",
            "azurerm_public_ip.jump_ip",
            "azurerm_resource_group.rg",
            "azurerm_subnet.s",
            "azurerm_virtual_network.vn"
          ]
        }
      ]
    },
    {
      "mode": "managed",
      "type": "azurerm_linux_virtual_machine",
      "name": "web",
      "each": "list",
      "provider": "provider.azurerm",
      "instances": [
        {
          "index_key": 0,
          "schema_version": 0,
          "attributes": {
            "additional_capabilities": [],
            "admin_password": null,
            "admin_ssh_key": [
              {
                "public_key": "ssh-rsa AAAAB3NzaC1yc2EAAAADAQABAAABAQCkX0xsWyd82bGyeTv/EzNbKWCL2w1kXN38U2SclaUGZyGP3HR9dwJ49A8ezK7wGD4lBgjWHmLk6RnuADXdQJI2rTrVdzbcotJC+lzCQ0twK2qmDa0ufLfI8Wh0mllD4gpGYxgQPeihXWZDVRGy7SRIk24A2R7wy3/pRm/kaVsVQCJN4TWjJIYKlvf0gGubvZz5HKBHZl4Vjd2lLkTU1wiQuGZQ+jYKs6KAba6j6yPgON2DqGlUFDXzfTHoTxLXGuXc1S0x5WntiDDqu9YnHCwpexZzdvRWtAVDEbsx+6u83Q8kbQmE0Eqoxre/YEwX11LrCt9fqKTfFCDGK9p9rYTl vchokshi@green-jump-box\n",
                "username": "vchokshi"
              }
            ],
            "admin_username": "vchokshi",
            "allow_extension_operations": true,
            "availability_set_id": "/subscriptions/91b21a5a-e370-45ba-9bf5-5ac16e47c937/resourceGroups/green-rg/providers/Microsoft.Compute/availabilitySets/GREEN-AVAILABILITY-SET",
            "boot_diagnostics": [],
            "computer_name": "green-web-0",
            "custom_data": null,
            "dedicated_host_id": "",
            "disable_password_authentication": true,
            "encryption_at_host_enabled": false,
            "eviction_policy": "",
            "extensions_time_budget": "PT1H30M",
            "id": "/subscriptions/91b21a5a-e370-45ba-9bf5-5ac16e47c937/resourceGroups/green-rg/providers/Microsoft.Compute/virtualMachines/green-web-0",
            "identity": [],
            "license_type": "",
            "location": "eastus",
            "max_bid_price": -1,
            "name": "green-web-0",
            "network_interface_ids": [
              "/subscriptions/91b21a5a-e370-45ba-9bf5-5ac16e47c937/resourceGroups/green-rg/providers/Microsoft.Network/networkInterfaces/green-web-net-0"
            ],
            "os_disk": [
              {
                "caching": "ReadWrite",
                "diff_disk_settings": [],
                "disk_encryption_set_id": "",
                "disk_size_gb": 30,
                "name": "green-web-0_OsDisk_1_ee9bd73cb3664eebac2abad357fb4df6",
                "storage_account_type": "Standard_LRS",
                "write_accelerator_enabled": false
              }
            ],
            "plan": [],
            "platform_fault_domain": -1,
            "priority": "Regular",
            "private_ip_address": "10.0.0.5",
            "private_ip_addresses": [
              "10.0.0.5"
            ],
            "provision_vm_agent": true,
            "proximity_placement_group_id": "",
            "public_ip_address": "",
            "public_ip_addresses": [],
            "resource_group_name": "green-rg",
            "secret": [],
            "size": "Standard_B1s",
            "source_image_id": "",
            "source_image_reference": [
              {
                "offer": "UbuntuServer",
                "publisher": "Canonical",
                "sku": "18.04-LTS",
                "version": "latest"
              }
            ],
            "tags": {
              "Email": "vc@iot4.net",
              "Name": "week-13-stack",
              "Owner": "Vihar Chokshi"
            },
            "timeouts": null,
            "virtual_machine_id": "6a2dcb7d-8648-4d74-8822-2f2f7fb63625",
            "virtual_machine_scale_set_id": "",
            "zone": ""
          },
          "private": "eyJlMmJmYjczMC1lY2FhLTExZTYtOGY4OC0zNDM2M2JjN2M0YzAiOnsiY3JlYXRlIjoyNzAwMDAwMDAwMDAwLCJkZWxldGUiOjI3MDAwMDAwMDAwMDAsInJlYWQiOjMwMDAwMDAwMDAwMCwidXBkYXRlIjoyNzAwMDAwMDAwMDAwfX0=",
          "dependencies": [
            "azurerm_availability_set.azaz",
            "azurerm_network_interface.web_nic",
            "azurerm_resource_group.rg",
            "azurerm_subnet.s"
          ]
        },
        {
          "index_key": 1,
          "schema_version": 0,
          "attributes": {
            "additional_capabilities": [],
            "admin_password": null,
            "admin_ssh_key": [
              {
                "public_key": "ssh-rsa AAAAB3NzaC1yc2EAAAADAQABAAABAQCkX0xsWyd82bGyeTv/EzNbKWCL2w1kXN38U2SclaUGZyGP3HR9dwJ49A8ezK7wGD4lBgjWHmLk6RnuADXdQJI2rTrVdzbcotJC+lzCQ0twK2qmDa0ufLfI8Wh0mllD4gpGYxgQPeihXWZDVRGy7SRIk24A2R7wy3/pRm/kaVsVQCJN4TWjJIYKlvf0gGubvZz5HKBHZl4Vjd2lLkTU1wiQuGZQ+jYKs6KAba6j6yPgON2DqGlUFDXzfTHoTxLXGuXc1S0x5WntiDDqu9YnHCwpexZzdvRWtAVDEbsx+6u83Q8kbQmE0Eqoxre/YEwX11LrCt9fqKTfFCDGK9p9rYTl vchokshi@green-jump-box\n",
                "username": "vchokshi"
              }
            ],
            "admin_username": "vchokshi",
            "allow_extension_operations": true,
            "availability_set_id": "/subscriptions/91b21a5a-e370-45ba-9bf5-5ac16e47c937/resourceGroups/green-rg/providers/Microsoft.Compute/availabilitySets/GREEN-AVAILABILITY-SET",
            "boot_diagnostics": [],
            "computer_name": "green-web-1",
            "custom_data": null,
            "dedicated_host_id": "",
            "disable_password_authentication": true,
            "encryption_at_host_enabled": false,
            "eviction_policy": "",
            "extensions_time_budget": "PT1H30M",
            "id": "/subscriptions/91b21a5a-e370-45ba-9bf5-5ac16e47c937/resourceGroups/green-rg/providers/Microsoft.Compute/virtualMachines/green-web-1",
            "identity": [],
            "license_type": "",
            "location": "eastus",
            "max_bid_price": -1,
            "name": "green-web-1",
            "network_interface_ids": [
              "/subscriptions/91b21a5a-e370-45ba-9bf5-5ac16e47c937/resourceGroups/green-rg/providers/Microsoft.Network/networkInterfaces/green-web-net-1"
            ],
            "os_disk": [
              {
                "caching": "ReadWrite",
                "diff_disk_settings": [],
                "disk_encryption_set_id": "",
                "disk_size_gb": 30,
                "name": "green-web-1_OsDisk_1_d97a003d88534c5189146ddc6e071a15",
                "storage_account_type": "Standard_LRS",
                "write_accelerator_enabled": false
              }
            ],
            "plan": [],
            "platform_fault_domain": -1,
            "priority": "Regular",
            "private_ip_address": "10.0.0.6",
            "private_ip_addresses": [
              "10.0.0.6"
            ],
            "provision_vm_agent": true,
            "proximity_placement_group_id": "",
            "public_ip_address": "",
            "public_ip_addresses": [],
            "resource_group_name": "green-rg",
            "secret": [],
            "size": "Standard_B1s",
            "source_image_id": "",
            "source_image_reference": [
              {
                "offer": "UbuntuServer",
                "publisher": "Canonical",
                "sku": "18.04-LTS",
                "version": "latest"
              }
            ],
            "tags": {
              "Email": "vc@iot4.net",
              "Name": "week-13-stack",
              "Owner": "Vihar Chokshi"
            },
            "timeouts": null,
            "virtual_machine_id": "47733900-2943-445a-9cc9-b32d33883b46",
            "virtual_machine_scale_set_id": "",
            "zone": ""
          },
          "private": "eyJlMmJmYjczMC1lY2FhLTExZTYtOGY4OC0zNDM2M2JjN2M0YzAiOnsiY3JlYXRlIjoyNzAwMDAwMDAwMDAwLCJkZWxldGUiOjI3MDAwMDAwMDAwMDAsInJlYWQiOjMwMDAwMDAwMDAwMCwidXBkYXRlIjoyNzAwMDAwMDAwMDAwfX0=",
          "dependencies": [
            "azurerm_availability_set.azaz",
            "azurerm_network_interface.web_nic",
            "azurerm_resource_group.rg",
            "azurerm_subnet.s"
          ]
        }
      ]
    },
    {
      "mode": "managed",
      "type": "azurerm_network_interface",
      "name": "elk_nic",
      "provider": "provider.azurerm",
      "instances": [
        {
          "schema_version": 0,
          "attributes": {
            "applied_dns_servers": [],
            "dns_servers": [],
            "enable_accelerated_networking": false,
            "enable_ip_forwarding": false,
            "id": "/subscriptions/91b21a5a-e370-45ba-9bf5-5ac16e47c937/resourceGroups/green-rg/providers/Microsoft.Network/networkInterfaces/green-elk-nic",
            "internal_dns_name_label": "",
            "internal_domain_name_suffix": "gpi4zxkkgphudjrwyvi354lu4h.dx.internal.cloudapp.net",
            "ip_configuration": [
              {
                "name": "green-elk-nic-config",
                "primary": true,
                "private_ip_address": "10.2.0.4",
                "private_ip_address_allocation": "Dynamic",
                "private_ip_address_version": "IPv4",
                "public_ip_address_id": "/subscriptions/91b21a5a-e370-45ba-9bf5-5ac16e47c937/resourceGroups/green-rg/providers/Microsoft.Network/publicIPAddresses/green-elk-ip",
                "subnet_id": "/subscriptions/91b21a5a-e370-45ba-9bf5-5ac16e47c937/resourceGroups/green-rg/providers/Microsoft.Network/virtualNetworks/green-elk-net/subnets/green-elk-subnet"
              }
            ],
            "location": "westus",
            "mac_address": "",
            "name": "green-elk-nic",
            "private_ip_address": "10.2.0.4",
            "private_ip_addresses": [
              "10.2.0.4"
            ],
            "resource_group_name": "green-rg",
            "tags": null,
            "timeouts": null,
            "virtual_machine_id": ""
          },
          "private": "eyJlMmJmYjczMC1lY2FhLTExZTYtOGY4OC0zNDM2M2JjN2M0YzAiOnsiY3JlYXRlIjoxODAwMDAwMDAwMDAwLCJkZWxldGUiOjE4MDAwMDAwMDAwMDAsInJlYWQiOjMwMDAwMDAwMDAwMCwidXBkYXRlIjoxODAwMDAwMDAwMDAwfX0=",
          "dependencies": [
            "azurerm_public_ip.elk_ip",
            "azurerm_resource_group.rg",
            "azurerm_subnet.e"
          ]
        }
      ]
    },
    {
      "mode": "managed",
      "type": "azurerm_network_interface",
      "name": "nic",
      "provider": "provider.azurerm",
      "instances": [
        {
          "schema_version": 0,
          "attributes": {
            "applied_dns_servers": [],
            "dns_servers": [],
            "enable_accelerated_networking": false,
            "enable_ip_forwarding": false,
            "id": "/subscriptions/91b21a5a-e370-45ba-9bf5-5ac16e47c937/resourceGroups/green-rg/providers/Microsoft.Network/networkInterfaces/green-nic",
            "internal_dns_name_label": "",
            "internal_domain_name_suffix": "cje1dpdt5ltenc343mssdqz5if.bx.internal.cloudapp.net",
            "ip_configuration": [
              {
                "name": "green-nic-config",
                "primary": true,
                "private_ip_address": "10.0.0.4",
                "private_ip_address_allocation": "Dynamic",
                "private_ip_address_version": "IPv4",
                "public_ip_address_id": "/subscriptions/91b21a5a-e370-45ba-9bf5-5ac16e47c937/resourceGroups/green-rg/providers/Microsoft.Network/publicIPAddresses/green-jump-ip",
                "subnet_id": "/subscriptions/91b21a5a-e370-45ba-9bf5-5ac16e47c937/resourceGroups/green-rg/providers/Microsoft.Network/virtualNetworks/green-vnet/subnets/green-subnet"
              }
            ],
            "location": "eastus",
            "mac_address": "00-0D-3A-12-4F-54",
            "name": "green-nic",
            "private_ip_address": "10.0.0.4",
            "private_ip_addresses": [
              "10.0.0.4"
            ],
            "resource_group_name": "green-rg",
            "tags": {},
            "timeouts": null,
            "virtual_machine_id": "/subscriptions/91b21a5a-e370-45ba-9bf5-5ac16e47c937/resourceGroups/green-rg/providers/Microsoft.Compute/virtualMachines/green-jump-box"
          },
          "private": "eyJlMmJmYjczMC1lY2FhLTExZTYtOGY4OC0zNDM2M2JjN2M0YzAiOnsiY3JlYXRlIjoxODAwMDAwMDAwMDAwLCJkZWxldGUiOjE4MDAwMDAwMDAwMDAsInJlYWQiOjMwMDAwMDAwMDAwMCwidXBkYXRlIjoxODAwMDAwMDAwMDAwfX0=",
          "dependencies": [
            "azurerm_public_ip.jump_ip",
            "azurerm_resource_group.rg",
            "azurerm_subnet.s",
            "azurerm_virtual_network.vn"
          ]
        }
      ]
    },
    {
      "mode": "managed",
      "type": "azurerm_network_interface",
      "name": "web_nic",
      "each": "list",
      "provider": "provider.azurerm",
      "instances": [
        {
          "index_key": 0,
          "schema_version": 0,
          "attributes": {
            "applied_dns_servers": [],
            "dns_servers": [],
            "enable_accelerated_networking": false,
            "enable_ip_forwarding": false,
            "id": "/subscriptions/91b21a5a-e370-45ba-9bf5-5ac16e47c937/resourceGroups/green-rg/providers/Microsoft.Network/networkInterfaces/green-web-net-0",
            "internal_dns_name_label": "",
            "internal_domain_name_suffix": "cje1dpdt5ltenc343mssdqz5if.bx.internal.cloudapp.net",
            "ip_configuration": [
              {
                "name": "green-web-nic-0-config",
                "primary": true,
                "private_ip_address": "10.0.0.5",
                "private_ip_address_allocation": "Dynamic",
                "private_ip_address_version": "IPv4",
                "public_ip_address_id": "",
                "subnet_id": "/subscriptions/91b21a5a-e370-45ba-9bf5-5ac16e47c937/resourceGroups/green-rg/providers/Microsoft.Network/virtualNetworks/green-vnet/subnets/green-subnet"
              }
            ],
            "location": "eastus",
            "mac_address": "",
            "name": "green-web-net-0",
            "private_ip_address": "10.0.0.5",
            "private_ip_addresses": [
              "10.0.0.5"
            ],
            "resource_group_name": "green-rg",
            "tags": null,
            "timeouts": null,
            "virtual_machine_id": ""
          },
          "private": "eyJlMmJmYjczMC1lY2FhLTExZTYtOGY4OC0zNDM2M2JjN2M0YzAiOnsiY3JlYXRlIjoxODAwMDAwMDAwMDAwLCJkZWxldGUiOjE4MDAwMDAwMDAwMDAsInJlYWQiOjMwMDAwMDAwMDAwMCwidXBkYXRlIjoxODAwMDAwMDAwMDAwfX0=",
          "dependencies": [
            "azurerm_resource_group.rg",
            "azurerm_subnet.s"
          ]
        },
        {
          "index_key": 1,
          "schema_version": 0,
          "attributes": {
            "applied_dns_servers": [],
            "dns_servers": [],
            "enable_accelerated_networking": false,
            "enable_ip_forwarding": false,
            "id": "/subscriptions/91b21a5a-e370-45ba-9bf5-5ac16e47c937/resourceGroups/green-rg/providers/Microsoft.Network/networkInterfaces/green-web-net-1",
            "internal_dns_name_label": "",
            "internal_domain_name_suffix": "cje1dpdt5ltenc343mssdqz5if.bx.internal.cloudapp.net",
            "ip_configuration": [
              {
                "name": "green-web-nic-1-config",
                "primary": true,
                "private_ip_address": "10.0.0.6",
                "private_ip_address_allocation": "Dynamic",
                "private_ip_address_version": "IPv4",
                "public_ip_address_id": "",
                "subnet_id": "/subscriptions/91b21a5a-e370-45ba-9bf5-5ac16e47c937/resourceGroups/green-rg/providers/Microsoft.Network/virtualNetworks/green-vnet/subnets/green-subnet"
              }
            ],
            "location": "eastus",
            "mac_address": "",
            "name": "green-web-net-1",
            "private_ip_address": "10.0.0.6",
            "private_ip_addresses": [
              "10.0.0.6"
            ],
            "resource_group_name": "green-rg",
            "tags": null,
            "timeouts": null,
            "virtual_machine_id": ""
          },
          "private": "eyJlMmJmYjczMC1lY2FhLTExZTYtOGY4OC0zNDM2M2JjN2M0YzAiOnsiY3JlYXRlIjoxODAwMDAwMDAwMDAwLCJkZWxldGUiOjE4MDAwMDAwMDAwMDAsInJlYWQiOjMwMDAwMDAwMDAwMCwidXBkYXRlIjoxODAwMDAwMDAwMDAwfX0=",
          "dependencies": [
            "azurerm_resource_group.rg",
            "azurerm_subnet.s"
          ]
        }
      ]
    },
    {
      "mode": "managed",
      "type": "azurerm_network_security_group",
      "name": "nsg",
      "provider": "provider.azurerm",
      "instances": [
        {
          "schema_version": 0,
          "attributes": {
            "id": "/subscriptions/91b21a5a-e370-45ba-9bf5-5ac16e47c937/resourceGroups/green-rg/providers/Microsoft.Network/networkSecurityGroups/green-nsg",
            "location": "eastus",
            "name": "green-nsg",
            "resource_group_name": "green-rg",
            "security_rule": [
              {
                "access": "Allow",
                "description": "",
                "destination_address_prefix": "*",
                "destination_address_prefixes": [],
                "destination_application_security_group_ids": [],
                "destination_port_range": "22",
                "destination_port_ranges": [],
                "direction": "Inbound",
                "name": "SSH",
                "priority": 1001,
                "protocol": "Tcp",
                "source_address_prefix": "174.26.95.174",
                "source_address_prefixes": [],
                "source_application_security_group_ids": [],
                "source_port_range": "*",
                "source_port_ranges": []
              },
              {
                "access": "Allow",
                "description": "",
                "destination_address_prefix": "*",
                "destination_address_prefixes": [],
                "destination_application_security_group_ids": [],
                "destination_port_range": "5601",
                "destination_port_ranges": [],
                "direction": "Inbound",
                "name": "HTTPKIB",
                "priority": 1004,
                "protocol": "Tcp",
                "source_address_prefix": "0.0.0.0",
                "source_address_prefixes": [],
                "source_application_security_group_ids": [],
                "source_port_range": "*",
                "source_port_ranges": []
              },
              {
                "access": "Allow",
                "description": "",
                "destination_address_prefix": "AzureLoadBalancer",
                "destination_address_prefixes": [],
                "destination_application_security_group_ids": [],
                "destination_port_range": "80",
                "destination_port_ranges": [],
                "direction": "Inbound",
                "name": "HTTP",
                "priority": 1003,
                "protocol": "Tcp",
                "source_address_prefix": "174.26.95.174",
                "source_address_prefixes": [],
                "source_application_security_group_ids": [],
                "source_port_range": "*",
                "source_port_ranges": []
              },
              {
                "access": "Allow",
                "description": "",
                "destination_address_prefix": "VirtualNetwork",
                "destination_address_prefixes": [],
                "destination_application_security_group_ids": [],
                "destination_port_range": "22",
                "destination_port_ranges": [],
                "direction": "Inbound",
                "name": "SSH-Internal",
                "priority": 1002,
                "protocol": "Tcp",
                "source_address_prefix": "10.0.0.4",
                "source_address_prefixes": [],
                "source_application_security_group_ids": [],
                "source_port_range": "*",
                "source_port_ranges": []
              }
            ],
            "tags": {
              "Email": "vc@iot4.net",
              "Name": "week-13-stack",
              "Owner": "Vihar Chokshi"
            },
            "timeouts": null
          },
          "private": "eyJlMmJmYjczMC1lY2FhLTExZTYtOGY4OC0zNDM2M2JjN2M0YzAiOnsiY3JlYXRlIjoxODAwMDAwMDAwMDAwLCJkZWxldGUiOjE4MDAwMDAwMDAwMDAsInJlYWQiOjMwMDAwMDAwMDAwMCwidXBkYXRlIjoxODAwMDAwMDAwMDAwfX0=",
          "dependencies": [
            "azurerm_linux_virtual_machine.jumphost",
            "azurerm_network_interface.nic",
            "azurerm_public_ip.jump_ip",
            "azurerm_resource_group.rg",
            "azurerm_subnet.s",
            "azurerm_virtual_network.vn"
          ]
        }
      ]
    },
    {
      "mode": "managed",
      "type": "azurerm_public_ip",
      "name": "elk_ip",
      "provider": "provider.azurerm",
      "instances": [
        {
          "schema_version": 0,
          "attributes": {
            "allocation_method": "Dynamic",
            "domain_name_label": null,
            "fqdn": null,
            "id": "/subscriptions/91b21a5a-e370-45ba-9bf5-5ac16e47c937/resourceGroups/green-rg/providers/Microsoft.Network/publicIPAddresses/green-elk-ip",
            "idle_timeout_in_minutes": 4,
            "ip_address": "",
            "ip_tags": null,
            "ip_version": "IPv4",
            "location": "westus",
            "name": "green-elk-ip",
            "public_ip_prefix_id": null,
            "resource_group_name": "green-rg",
            "reverse_fqdn": null,
            "sku": "Basic",
            "tags": {
              "Email": "vc@iot4.net",
              "Name": "week-13-stack",
              "Owner": "Vihar Chokshi"
            },
            "timeouts": null,
            "zones": null
          },
          "private": "eyJlMmJmYjczMC1lY2FhLTExZTYtOGY4OC0zNDM2M2JjN2M0YzAiOnsiY3JlYXRlIjoxODAwMDAwMDAwMDAwLCJkZWxldGUiOjE4MDAwMDAwMDAwMDAsInJlYWQiOjMwMDAwMDAwMDAwMCwidXBkYXRlIjoxODAwMDAwMDAwMDAwfX0=",
          "dependencies": [
            "azurerm_resource_group.rg"
          ]
        }
      ]
    },
    {
      "mode": "managed",
      "type": "azurerm_public_ip",
      "name": "jump_ip",
      "provider": "provider.azurerm",
      "instances": [
        {
          "schema_version": 0,
          "attributes": {
            "allocation_method": "Dynamic",
            "domain_name_label": null,
            "fqdn": null,
            "id": "/subscriptions/91b21a5a-e370-45ba-9bf5-5ac16e47c937/resourceGroups/green-rg/providers/Microsoft.Network/publicIPAddresses/green-jump-ip",
            "idle_timeout_in_minutes": 4,
            "ip_address": "52.190.6.173",
            "ip_tags": {},
            "ip_version": "IPv4",
            "location": "eastus",
            "name": "green-jump-ip",
            "public_ip_prefix_id": null,
            "resource_group_name": "green-rg",
            "reverse_fqdn": null,
            "sku": "Basic",
            "tags": {
              "Email": "vc@iot4.net",
              "Name": "week-13-stack",
              "Owner": "Vihar Chokshi"
            },
            "timeouts": null,
            "zones": []
          },
          "private": "eyJlMmJmYjczMC1lY2FhLTExZTYtOGY4OC0zNDM2M2JjN2M0YzAiOnsiY3JlYXRlIjoxODAwMDAwMDAwMDAwLCJkZWxldGUiOjE4MDAwMDAwMDAwMDAsInJlYWQiOjMwMDAwMDAwMDAwMCwidXBkYXRlIjoxODAwMDAwMDAwMDAwfX0=",
          "dependencies": [
            "azurerm_resource_group.rg"
          ]
        }
      ]
    },
    {
      "mode": "managed",
      "type": "azurerm_public_ip",
      "name": "lb_public_ip",
      "provider": "provider.azurerm",
      "instances": [
        {
          "schema_version": 0,
          "attributes": {
            "allocation_method": "Static",
            "domain_name_label": null,
            "fqdn": null,
            "id": "/subscriptions/91b21a5a-e370-45ba-9bf5-5ac16e47c937/resourceGroups/green-rg/providers/Microsoft.Network/publicIPAddresses/green-lb-ip",
            "idle_timeout_in_minutes": 4,
            "ip_address": "40.71.122.201",
            "ip_tags": {},
            "ip_version": "IPv4",
            "location": "eastus",
            "name": "green-lb-ip",
            "public_ip_prefix_id": null,
            "resource_group_name": "green-rg",
            "reverse_fqdn": null,
            "sku": "Basic",
            "tags": {
              "Email": "vc@iot4.net",
              "Name": "week-13-stack",
              "Owner": "Vihar Chokshi"
            },
            "timeouts": null,
            "zones": []
          },
          "private": "eyJlMmJmYjczMC1lY2FhLTExZTYtOGY4OC0zNDM2M2JjN2M0YzAiOnsiY3JlYXRlIjoxODAwMDAwMDAwMDAwLCJkZWxldGUiOjE4MDAwMDAwMDAwMDAsInJlYWQiOjMwMDAwMDAwMDAwMCwidXBkYXRlIjoxODAwMDAwMDAwMDAwfX0=",
          "dependencies": [
            "azurerm_resource_group.rg"
          ]
        }
      ]
    },
    {
      "mode": "managed",
      "type": "azurerm_resource_group",
      "name": "rg",
      "provider": "provider.azurerm",
      "instances": [
        {
          "schema_version": 0,
          "attributes": {
            "id": "/subscriptions/91b21a5a-e370-45ba-9bf5-5ac16e47c937/resourceGroups/green-rg",
            "location": "eastus",
            "name": "green-rg",
            "tags": {
              "Email": "vc@iot4.net",
              "Name": "week-13-stack",
              "Owner": "Vihar Chokshi"
            },
            "timeouts": null
          },
          "private": "eyJlMmJmYjczMC1lY2FhLTExZTYtOGY4OC0zNDM2M2JjN2M0YzAiOnsiY3JlYXRlIjo1NDAwMDAwMDAwMDAwLCJkZWxldGUiOjU0MDAwMDAwMDAwMDAsInJlYWQiOjMwMDAwMDAwMDAwMCwidXBkYXRlIjo1NDAwMDAwMDAwMDAwfX0="
        }
      ]
    },
    {
      "mode": "managed",
      "type": "azurerm_subnet",
      "name": "e",
      "provider": "provider.azurerm",
      "instances": [
        {
          "schema_version": 0,
          "attributes": {
            "address_prefix": "10.2.0.0/24",
            "address_prefixes": [
              "10.2.0.0/24"
            ],
            "delegation": [],
            "enforce_private_link_endpoint_network_policies": false,
            "enforce_private_link_service_network_policies": false,
            "id": "/subscriptions/91b21a5a-e370-45ba-9bf5-5ac16e47c937/resourceGroups/green-rg/providers/Microsoft.Network/virtualNetworks/green-elk-net/subnets/green-elk-subnet",
            "name": "green-elk-subnet",
            "resource_group_name": "green-rg",
            "service_endpoint_policy_ids": [],
            "service_endpoints": [],
            "timeouts": null,
            "virtual_network_name": "green-elk-net"
          },
          "private": "eyJlMmJmYjczMC1lY2FhLTExZTYtOGY4OC0zNDM2M2JjN2M0YzAiOnsiY3JlYXRlIjoxODAwMDAwMDAwMDAwLCJkZWxldGUiOjE4MDAwMDAwMDAwMDAsInJlYWQiOjMwMDAwMDAwMDAwMCwidXBkYXRlIjoxODAwMDAwMDAwMDAwfX0=",
          "dependencies": [
            "azurerm_resource_group.rg",
            "azurerm_virtual_network.elk-vn"
          ]
        }
      ]
    },
    {
      "mode": "managed",
      "type": "azurerm_subnet",
      "name": "s",
      "provider": "provider.azurerm",
      "instances": [
        {
          "schema_version": 0,
          "attributes": {
            "address_prefix": "10.0.0.0/24",
            "address_prefixes": [
              "10.0.0.0/24"
            ],
            "delegation": [],
            "enforce_private_link_endpoint_network_policies": false,
            "enforce_private_link_service_network_policies": false,
            "id": "/subscriptions/91b21a5a-e370-45ba-9bf5-5ac16e47c937/resourceGroups/green-rg/providers/Microsoft.Network/virtualNetworks/green-vnet/subnets/green-subnet",
            "name": "green-subnet",
            "resource_group_name": "green-rg",
            "service_endpoint_policy_ids": [],
            "service_endpoints": [],
            "timeouts": null,
            "virtual_network_name": "green-vnet"
          },
          "private": "eyJlMmJmYjczMC1lY2FhLTExZTYtOGY4OC0zNDM2M2JjN2M0YzAiOnsiY3JlYXRlIjoxODAwMDAwMDAwMDAwLCJkZWxldGUiOjE4MDAwMDAwMDAwMDAsInJlYWQiOjMwMDAwMDAwMDAwMCwidXBkYXRlIjoxODAwMDAwMDAwMDAwfX0=",
          "dependencies": [
            "azurerm_resource_group.rg",
            "azurerm_virtual_network.vn"
          ]
        }
      ]
    },
    {
      "mode": "managed",
      "type": "azurerm_virtual_network",
      "name": "elk-vn",
      "provider": "provider.azurerm",
      "instances": [
        {
          "schema_version": 0,
          "attributes": {
            "address_space": [
              "10.2.0.0/16"
            ],
            "bgp_community": "",
            "ddos_protection_plan": [],
            "dns_servers": [],
            "guid": "ddecd133-334a-41cf-a636-c551dff974f7",
            "id": "/subscriptions/91b21a5a-e370-45ba-9bf5-5ac16e47c937/resourceGroups/green-rg/providers/Microsoft.Network/virtualNetworks/green-elk-net",
            "location": "westus",
            "name": "green-elk-net",
            "resource_group_name": "green-rg",
            "subnet": [
              {
                "address_prefix": "10.2.0.0/24",
                "id": "/subscriptions/91b21a5a-e370-45ba-9bf5-5ac16e47c937/resourceGroups/green-rg/providers/Microsoft.Network/virtualNetworks/green-elk-net/subnets/green-elk-subnet",
                "name": "green-elk-subnet",
                "security_group": ""
              }
            ],
            "tags": {
              "Email": "vc@iot4.net",
              "Name": "week-13-stack",
              "Owner": "Vihar Chokshi"
            },
            "timeouts": null,
            "vm_protection_enabled": false
          },
          "private": "eyJlMmJmYjczMC1lY2FhLTExZTYtOGY4OC0zNDM2M2JjN2M0YzAiOnsiY3JlYXRlIjoxODAwMDAwMDAwMDAwLCJkZWxldGUiOjE4MDAwMDAwMDAwMDAsInJlYWQiOjMwMDAwMDAwMDAwMCwidXBkYXRlIjoxODAwMDAwMDAwMDAwfX0=",
          "dependencies": [
            "azurerm_resource_group.rg"
          ]
        }
      ]
    },
    {
      "mode": "managed",
      "type": "azurerm_virtual_network",
      "name": "vn",
      "provider": "provider.azurerm",
      "instances": [
        {
          "schema_version": 0,
          "attributes": {
            "address_space": [
              "10.0.0.0/16"
            ],
            "bgp_community": "",
            "ddos_protection_plan": [],
            "dns_servers": [],
            "guid": "bcb14912-fa73-46e6-8bbe-eb2521c33f45",
            "id": "/subscriptions/91b21a5a-e370-45ba-9bf5-5ac16e47c937/resourceGroups/green-rg/providers/Microsoft.Network/virtualNetworks/green-vnet",
            "location": "eastus",
            "name": "green-vnet",
            "resource_group_name": "green-rg",
            "subnet": [
              {
                "address_prefix": "10.0.0.0/24",
                "id": "/subscriptions/91b21a5a-e370-45ba-9bf5-5ac16e47c937/resourceGroups/green-rg/providers/Microsoft.Network/virtualNetworks/green-vnet/subnets/green-subnet",
                "name": "green-subnet",
                "security_group": ""
              }
            ],
            "tags": {
              "Email": "vc@iot4.net",
              "Name": "week-13-stack",
              "Owner": "Vihar Chokshi"
            },
            "timeouts": null,
            "vm_protection_enabled": false
          },
          "private": "eyJlMmJmYjczMC1lY2FhLTExZTYtOGY4OC0zNDM2M2JjN2M0YzAiOnsiY3JlYXRlIjoxODAwMDAwMDAwMDAwLCJkZWxldGUiOjE4MDAwMDAwMDAwMDAsInJlYWQiOjMwMDAwMDAwMDAwMCwidXBkYXRlIjoxODAwMDAwMDAwMDAwfX0=",
          "dependencies": [
            "azurerm_resource_group.rg"
          ]
        }
      ]
    },
    {
      "mode": "managed",
      "type": "azurerm_virtual_network_peering",
      "name": "elk-to-vn",
      "provider": "provider.azurerm",
      "instances": [
        {
          "schema_version": 0,
          "attributes": {
            "allow_forwarded_traffic": false,
            "allow_gateway_transit": false,
            "allow_virtual_network_access": true,
            "id": "/subscriptions/91b21a5a-e370-45ba-9bf5-5ac16e47c937/resourceGroups/green-rg/providers/Microsoft.Network/virtualNetworks/green-vnet/virtualNetworkPeerings/green-net-to-elk",
            "name": "green-net-to-elk",
            "remote_virtual_network_id": "/subscriptions/91b21a5a-e370-45ba-9bf5-5ac16e47c937/resourceGroups/green-rg/providers/Microsoft.Network/virtualNetworks/green-elk-net",
            "resource_group_name": "green-rg",
            "timeouts": null,
            "use_remote_gateways": false,
            "virtual_network_name": "green-vnet"
          },
          "private": "eyJlMmJmYjczMC1lY2FhLTExZTYtOGY4OC0zNDM2M2JjN2M0YzAiOnsiY3JlYXRlIjoxODAwMDAwMDAwMDAwLCJkZWxldGUiOjE4MDAwMDAwMDAwMDAsInJlYWQiOjMwMDAwMDAwMDAwMCwidXBkYXRlIjoxODAwMDAwMDAwMDAwfX0=",
          "dependencies": [
            "azurerm_resource_group.rg",
            "azurerm_virtual_network.elk-vn",
            "azurerm_virtual_network.vn"
          ]
        }
      ]
    },
    {
      "mode": "managed",
      "type": "azurerm_virtual_network_peering",
      "name": "vn-to-elk",
      "provider": "provider.azurerm",
      "instances": [
        {
          "schema_version": 0,
          "attributes": {
            "allow_forwarded_traffic": false,
            "allow_gateway_transit": false,
            "allow_virtual_network_access": true,
            "id": "/subscriptions/91b21a5a-e370-45ba-9bf5-5ac16e47c937/resourceGroups/green-rg/providers/Microsoft.Network/virtualNetworks/green-elk-net/virtualNetworkPeerings/elk-to-green-net",
            "name": "elk-to-green-net",
            "remote_virtual_network_id": "/subscriptions/91b21a5a-e370-45ba-9bf5-5ac16e47c937/resourceGroups/green-rg/providers/Microsoft.Network/virtualNetworks/green-vnet",
            "resource_group_name": "green-rg",
            "timeouts": null,
            "use_remote_gateways": false,
            "virtual_network_name": "green-elk-net"
          },
          "private": "eyJlMmJmYjczMC1lY2FhLTExZTYtOGY4OC0zNDM2M2JjN2M0YzAiOnsiY3JlYXRlIjoxODAwMDAwMDAwMDAwLCJkZWxldGUiOjE4MDAwMDAwMDAwMDAsInJlYWQiOjMwMDAwMDAwMDAwMCwidXBkYXRlIjoxODAwMDAwMDAwMDAwfX0=",
          "dependencies": [
            "azurerm_resource_group.rg",
            "azurerm_virtual_network.elk-vn",
            "azurerm_virtual_network.vn"
          ]
        }
      ]
    }
  ]
}
