{
  "version": 4,
  "terraform_version": "0.12.26",
  "serial": 105,
  "lineage": "f9f64d4f-1acc-2cf0-2013-028161907d30",
  "outputs": {
    "elk_private_ip": {
      "value": "10.2.0.4",
      "type": "string"
    },
    "elk_public_ip": {
      "value": "http://40.78.13.79:5601/app/kibana",
      "type": "string"
    },
    "jumphost_ip": {
      "value": "137.135.96.199",
      "type": "string"
    },
    "lb-frontend-ip": {
      "value": "http://13.90.38.132/login.php",
      "type": "string"
    },
    "web_ips": {
      "value": [
        "10.0.0.6",
        "10.0.0.5"
      ],
      "type": [
        "tuple",
        [
          "string",
          "string"
        ]
      ]
    }
  },
  "resources": [
    {
      "mode": "data",
      "type": "http",
      "name": "myip",
      "provider": "provider.http",
      "instances": [
        {
          "schema_version": 0,
          "attributes": {
            "body": "174.26.89.218\n",
            "id": "http://ipv4.icanhazip.com",
            "request_headers": null,
            "response_headers": {
              "Access-Control-Allow-Methods": "GET",
              "Access-Control-Allow-Origin": "*",
              "Alt-Svc": "h3-27=\":443\"; ma=86400, h3-28=\":443\"; ma=86400, h3-29=\":443\"; ma=86400",
              "Cf-Ray": "6485096c2c51e037-DFW",
              "Cf-Request-Id": "09c704379c0000e0379a96e000000001",
              "Content-Length": "14",
              "Content-Type": "text/plain",
              "Date": "Sat, 01 May 2021 00:54:08 GMT",
              "Server": "cloudflare",
              "Set-Cookie": "__cfduid=d5884cf10d90a125003a861ce28c1d8c31619830448; expires=Mon, 31-May-21 00:54:08 GMT; path=/; domain=.icanhazip.com; HttpOnly; SameSite=Lax",
              "Vary": "Accept-Encoding",
              "X-Otter": "🦦",
              "X-Rtfm": "Learn about this site at http://bit.ly/icanhazip-faq",
              "X-Thank-You": "Many thanks to the fine people at Cloudflare for keeping this site afloat!"
            },
            "url": "http://ipv4.icanhazip.com"
          }
        }
      ]
    },
    {
      "mode": "managed",
      "type": "azurerm_availability_set",
      "name": "azaz",
      "provider": "provider.azurerm",
      "instances": [
        {
          "schema_version": 0,
          "attributes": {
            "id": "/subscriptions/83156ea2-efba-4e2d-a775-b95616ee7a0b/resourceGroups/red-rg/providers/Microsoft.Compute/availabilitySets/red-availability-set",
            "location": "eastus",
            "managed": true,
            "name": "red-availability-set",
            "platform_fault_domain_count": 2,
            "platform_update_domain_count": 2,
            "proximity_placement_group_id": null,
            "resource_group_name": "red-rg",
            "tags": {
              "Email": "vc@iot4.net",
              "Name": "red-stack",
              "Owner": "Vihar Chokshi"
            },
            "timeouts": null
          },
          "private": "eyJlMmJmYjczMC1lY2FhLTExZTYtOGY4OC0zNDM2M2JjN2M0YzAiOnsiY3JlYXRlIjoxODAwMDAwMDAwMDAwLCJkZWxldGUiOjE4MDAwMDAwMDAwMDAsInJlYWQiOjMwMDAwMDAwMDAwMCwidXBkYXRlIjoxODAwMDAwMDAwMDAwfX0=",
          "dependencies": [
            "azurerm_resource_group.rg"
          ]
        }
      ]
    },
    {
      "mode": "managed",
      "type": "azurerm_lb",
      "name": "lb",
      "provider": "provider.azurerm",
      "instances": [
        {
          "schema_version": 0,
          "attributes": {
            "frontend_ip_configuration": [
              {
                "id": "/subscriptions/83156ea2-efba-4e2d-a775-b95616ee7a0b/resourceGroups/red-rg/providers/Microsoft.Network/loadBalancers/red-lb/frontendIPConfigurations/red-frontend-ip-config",
                "inbound_nat_rules": [],
                "load_balancer_rules": [
                  "/subscriptions/83156ea2-efba-4e2d-a775-b95616ee7a0b/resourceGroups/red-rg/providers/Microsoft.Network/loadBalancers/red-lb/loadBalancingRules/red-lb-rule"
                ],
                "name": "red-frontend-ip-config",
                "outbound_rules": [],
                "private_ip_address": "",
                "private_ip_address_allocation": "Dynamic",
                "private_ip_address_version": "IPv4",
                "public_ip_address_id": "/subscriptions/83156ea2-efba-4e2d-a775-b95616ee7a0b/resourceGroups/red-rg/providers/Microsoft.Network/publicIPAddresses/red-lb-ip",
                "public_ip_prefix_id": "",
                "subnet_id": "",
                "zones": []
              }
            ],
            "id": "/subscriptions/83156ea2-efba-4e2d-a775-b95616ee7a0b/resourceGroups/red-rg/providers/Microsoft.Network/loadBalancers/red-lb",
            "location": "eastus",
            "name": "red-lb",
            "private_ip_address": "",
            "private_ip_addresses": [],
            "resource_group_name": "red-rg",
            "sku": "Basic",
            "tags": {},
            "timeouts": null
          },
          "private": "eyJlMmJmYjczMC1lY2FhLTExZTYtOGY4OC0zNDM2M2JjN2M0YzAiOnsiY3JlYXRlIjoxODAwMDAwMDAwMDAwLCJkZWxldGUiOjE4MDAwMDAwMDAwMDAsInJlYWQiOjMwMDAwMDAwMDAwMCwidXBkYXRlIjoxODAwMDAwMDAwMDAwfX0=",
          "dependencies": [
            "azurerm_public_ip.lb_public_ip",
            "azurerm_resource_group.rg"
          ]
        }
      ]
    },
    {
      "mode": "managed",
      "type": "azurerm_lb_backend_address_pool",
      "name": "lb_backend_pool",
      "provider": "provider.azurerm",
      "instances": [
        {
          "schema_version": 0,
          "attributes": {
            "backend_address": [],
            "backend_ip_configurations": [
              "/subscriptions/83156ea2-efba-4e2d-a775-b95616ee7a0b/resourceGroups/red-rg/providers/Microsoft.Network/networkInterfaces/red-web-net-1/ipConfigurations/red-web-nic-1-config",
              "/subscriptions/83156ea2-efba-4e2d-a775-b95616ee7a0b/resourceGroups/red-rg/providers/Microsoft.Network/networkInterfaces/red-web-net-0/ipConfigurations/red-web-nic-0-config"
            ],
            "id": "/subscriptions/83156ea2-efba-4e2d-a775-b95616ee7a0b/resourceGroups/red-rg/providers/Microsoft.Network/loadBalancers/red-lb/backendAddressPools/red-backend-address-pool",
            "load_balancing_rules": [
              "/subscriptions/83156ea2-efba-4e2d-a775-b95616ee7a0b/resourceGroups/red-rg/providers/Microsoft.Network/loadBalancers/red-lb/loadBalancingRules/red-lb-rule"
            ],
            "loadbalancer_id": "/subscriptions/83156ea2-efba-4e2d-a775-b95616ee7a0b/resourceGroups/red-rg/providers/Microsoft.Network/loadBalancers/red-lb",
            "name": "red-backend-address-pool",
            "outbound_rules": [],
            "resource_group_name": "red-rg",
            "timeouts": null
          },
          "private": "eyJlMmJmYjczMC1lY2FhLTExZTYtOGY4OC0zNDM2M2JjN2M0YzAiOnsiY3JlYXRlIjoxODAwMDAwMDAwMDAwLCJkZWxldGUiOjE4MDAwMDAwMDAwMDAsInJlYWQiOjMwMDAwMDAwMDAwMCwidXBkYXRlIjoxODAwMDAwMDAwMDAwfX0=",
          "dependencies": [
            "azurerm_lb.lb",
            "azurerm_public_ip.lb_public_ip",
            "azurerm_resource_group.rg"
          ]
        }
      ]
    },
    {
      "mode": "managed",
      "type": "azurerm_lb_probe",
      "name": "lb_probe",
      "provider": "provider.azurerm",
      "instances": [
        {
          "schema_version": 0,
          "attributes": {
            "id": "/subscriptions/83156ea2-efba-4e2d-a775-b95616ee7a0b/resourceGroups/red-rg/providers/Microsoft.Network/loadBalancers/red-lb/probes/red-lb-probe",
            "interval_in_seconds": 15,
            "load_balancer_rules": [
              "/subscriptions/83156ea2-efba-4e2d-a775-b95616ee7a0b/resourceGroups/red-rg/providers/Microsoft.Network/loadBalancers/red-lb/loadBalancingRules/red-lb-rule"
            ],
            "loadbalancer_id": "/subscriptions/83156ea2-efba-4e2d-a775-b95616ee7a0b/resourceGroups/red-rg/providers/Microsoft.Network/loadBalancers/red-lb",
            "name": "red-lb-probe",
            "number_of_probes": 2,
            "port": 80,
            "protocol": "Tcp",
            "request_path": "",
            "resource_group_name": "red-rg",
            "timeouts": null
          },
          "private": "eyJlMmJmYjczMC1lY2FhLTExZTYtOGY4OC0zNDM2M2JjN2M0YzAiOnsiY3JlYXRlIjoxODAwMDAwMDAwMDAwLCJkZWxldGUiOjE4MDAwMDAwMDAwMDAsInJlYWQiOjMwMDAwMDAwMDAwMCwidXBkYXRlIjoxODAwMDAwMDAwMDAwfX0=",
          "dependencies": [
            "azurerm_lb.lb",
            "azurerm_public_ip.lb_public_ip",
            "azurerm_resource_group.rg"
          ]
        }
      ]
    },
    {
      "mode": "managed",
      "type": "azurerm_lb_rule",
      "name": "lb_rule",
      "provider": "provider.azurerm",
      "instances": [
        {
          "schema_version": 0,
          "attributes": {
            "backend_address_pool_id": "/subscriptions/83156ea2-efba-4e2d-a775-b95616ee7a0b/resourceGroups/red-rg/providers/Microsoft.Network/loadBalancers/red-lb/backendAddressPools/red-backend-address-pool",
            "backend_port": 80,
            "disable_outbound_snat": false,
            "enable_floating_ip": false,
            "enable_tcp_reset": false,
            "frontend_ip_configuration_id": "/subscriptions/83156ea2-efba-4e2d-a775-b95616ee7a0b/resourceGroups/red-rg/providers/Microsoft.Network/loadBalancers/red-lb/frontendIPConfigurations/red-frontend-ip-config",
            "frontend_ip_configuration_name": "red-frontend-ip-config",
            "frontend_port": 80,
            "id": "/subscriptions/83156ea2-efba-4e2d-a775-b95616ee7a0b/resourceGroups/red-rg/providers/Microsoft.Network/loadBalancers/red-lb/loadBalancingRules/red-lb-rule",
            "idle_timeout_in_minutes": 4,
            "load_distribution": "Default",
            "loadbalancer_id": "/subscriptions/83156ea2-efba-4e2d-a775-b95616ee7a0b/resourceGroups/red-rg/providers/Microsoft.Network/loadBalancers/red-lb",
            "name": "red-lb-rule",
            "probe_id": "/subscriptions/83156ea2-efba-4e2d-a775-b95616ee7a0b/resourceGroups/red-rg/providers/Microsoft.Network/loadBalancers/red-lb/probes/red-lb-probe",
            "protocol": "Tcp",
            "resource_group_name": "red-rg",
            "timeouts": null
          },
          "private": "eyJlMmJmYjczMC1lY2FhLTExZTYtOGY4OC0zNDM2M2JjN2M0YzAiOnsiY3JlYXRlIjoxODAwMDAwMDAwMDAwLCJkZWxldGUiOjE4MDAwMDAwMDAwMDAsInJlYWQiOjMwMDAwMDAwMDAwMCwidXBkYXRlIjoxODAwMDAwMDAwMDAwfX0=",
          "dependencies": [
            "azurerm_lb.lb",
            "azurerm_lb_backend_address_pool.lb_backend_pool",
            "azurerm_lb_probe.lb_probe",
            "azurerm_resource_group.rg"
          ]
        }
      ]
    },
    {
      "mode": "managed",
      "type": "azurerm_linux_virtual_machine",
      "name": "elk",
      "provider": "provider.azurerm",
      "instances": [
        {
          "schema_version": 0,
          "attributes": {
            "additional_capabilities": [],
            "admin_password": null,
            "admin_ssh_key": [
              {
                "public_key": "ssh-rsa AAAAB3NzaC1yc2EAAAADAQABAAABAQDK24QXf6MAph099kARMjAVc8Dud+xINYNwnChXOS66lG5WE5KiBrJ0cM2lioR+f8NjShAVj/jkcFG9eUDncnC8U0ImrHh4W2GfOUeIJpDB4io+wcgY1vYxKdTkEgaYMgrx5FmU8TLd+HcumcwyCIqydjK9dudkNyo2vjyd0EGgSzcHmFLevnvP0yE4cbjeqSjNH5nvuXmli089PU+IydEqGUzxYMo9h+JjsXn9/8aAm+ZBZLKrDpA2/hWYSJiWS3s4NOiq40o+8kYQsogy7SEOnfjnudXdITxBGGzSna37rqD2+JAAZPmOXzgypJFxFjG3GDEY33WmKVqgm78KuFPD vihar@red-jump-box\n",
                "username": "vihar"
              }
            ],
            "admin_username": "vihar",
            "allow_extension_operations": true,
            "availability_set_id": "",
            "boot_diagnostics": [],
            "computer_name": "red-elk",
            "custom_data": null,
            "dedicated_host_id": "",
            "disable_password_authentication": true,
            "encryption_at_host_enabled": false,
            "eviction_policy": "",
            "extensions_time_budget": "PT1H30M",
            "id": "/subscriptions/83156ea2-efba-4e2d-a775-b95616ee7a0b/resourceGroups/red-rg/providers/Microsoft.Compute/virtualMachines/red-elk",
            "identity": [],
            "license_type": "",
            "location": "westus",
            "max_bid_price": -1,
            "name": "red-elk",
            "network_interface_ids": [
              "/subscriptions/83156ea2-efba-4e2d-a775-b95616ee7a0b/resourceGroups/red-rg/providers/Microsoft.Network/networkInterfaces/red-elk-nic"
            ],
            "os_disk": [
              {
                "caching": "ReadWrite",
                "diff_disk_settings": [],
                "disk_encryption_set_id": "",
                "disk_size_gb": 30,
                "name": "red-elk_OsDisk_1_690bd462dcf74be99f4294206fb18f2d",
                "storage_account_type": "Standard_LRS",
                "write_accelerator_enabled": false
              }
            ],
            "plan": [],
            "platform_fault_domain": -1,
            "priority": "Regular",
            "private_ip_address": "10.2.0.4",
            "private_ip_addresses": [
              "10.2.0.4"
            ],
            "provision_vm_agent": true,
            "proximity_placement_group_id": "",
            "public_ip_address": "40.78.13.79",
            "public_ip_addresses": [
              "40.78.13.79"
            ],
            "resource_group_name": "red-rg",
            "secret": [],
            "size": "Standard_DS3_v2",
            "source_image_id": "",
            "source_image_reference": [
              {
                "offer": "UbuntuServer",
                "publisher": "Canonical",
                "sku": "18.04-LTS",
                "version": "latest"
              }
            ],
            "tags": {
              "Email": "vc@iot4.net",
              "Name": "red-stack",
              "Owner": "Vihar Chokshi"
            },
            "timeouts": null,
            "virtual_machine_id": "b3e3b9d7-5531-4b04-89a9-c081c84addc2",
            "virtual_machine_scale_set_id": "",
            "zone": ""
          },
          "private": "eyJlMmJmYjczMC1lY2FhLTExZTYtOGY4OC0zNDM2M2JjN2M0YzAiOnsiY3JlYXRlIjoyNzAwMDAwMDAwMDAwLCJkZWxldGUiOjI3MDAwMDAwMDAwMDAsInJlYWQiOjMwMDAwMDAwMDAwMCwidXBkYXRlIjoyNzAwMDAwMDAwMDAwfX0=",
          "dependencies": [
            "azurerm_network_interface.elk_nic",
            "azurerm_public_ip.elk_ip",
            "azurerm_resource_group.rg",
            "azurerm_subnet.e"
          ]
        }
      ]
    },
    {
      "mode": "managed",
      "type": "azurerm_linux_virtual_machine",
      "name": "jumphost",
      "provider": "provider.azurerm",
      "instances": [
        {
          "schema_version": 0,
          "attributes": {
            "additional_capabilities": [],
            "admin_password": null,
            "admin_ssh_key": [
              {
                "public_key": "ssh-rsa AAAAB3NzaC1yc2EAAAADAQABAAABgQDCIXDic+v2zy4U+4FV022TD9cB6CGRjetOamRZvr6P5lOjCeh+KPEEMcA+GDgUqsU+5x7ejDrvmU59HDKYms1bC5AJsPEc2hzOXUifGv3k1WY4JvLJvRYxsNZnqq0HSYCswcth2eMOyL9ylhesuH5rIIpRX0Do6CVbIzMTeWPptQWbMzT7IL+J1KHgAzlw96TuH+6aYwpEpWPp0NjOhHU/Ytvpm75F5/HfpBX8kr2g0oH6ep0+iFfPoS9EqWxW2/C+r2wLf5iCnty0TaMIlD4mhIwLu7p+J1l/r76xqsCMeS9XVu2/N7cU3wh6m/2pwV+n7Dllw73RojHxq7HbvnDhNSCCPTyjzuyPliIq5sNDsg8xuacSXMpXLk1AQ7QDLPo/Gl5b2mWBo4v1T0k/0++vE2XsFR+wGcaa1J3/dd4MOlnu2iJRHEY6GyqU/FHhavBVLRpTVGh2YaK/askaWka/1YuNr8VFzgkOoAOR/cjNmHJA8eMCE8ai4/maz0EAoXM= vihar@vipert490\n",
                "username": "vihar"
              }
            ],
            "admin_username": "vihar",
            "allow_extension_operations": true,
            "availability_set_id": "",
            "boot_diagnostics": [],
            "computer_name": "red-jump-box",
            "custom_data": null,
            "dedicated_host_id": "",
            "disable_password_authentication": true,
            "encryption_at_host_enabled": false,
            "eviction_policy": "",
            "extensions_time_budget": "PT1H30M",
            "id": "/subscriptions/83156ea2-efba-4e2d-a775-b95616ee7a0b/resourceGroups/red-rg/providers/Microsoft.Compute/virtualMachines/red-jump-box",
            "identity": [],
            "license_type": "",
            "location": "eastus",
            "max_bid_price": -1,
            "name": "red-jump-box",
            "network_interface_ids": [
              "/subscriptions/83156ea2-efba-4e2d-a775-b95616ee7a0b/resourceGroups/red-rg/providers/Microsoft.Network/networkInterfaces/red-nic"
            ],
            "os_disk": [
              {
                "caching": "ReadWrite",
                "diff_disk_settings": [],
                "disk_encryption_set_id": "",
                "disk_size_gb": 30,
                "name": "red-jump-box_disk1_d6dd15f234d34f70b10a5334ebc27ff9",
                "storage_account_type": "Standard_LRS",
                "write_accelerator_enabled": false
              }
            ],
            "plan": [],
            "platform_fault_domain": -1,
            "priority": "Regular",
            "private_ip_address": "10.0.0.4",
            "private_ip_addresses": [
              "10.0.0.4"
            ],
            "provision_vm_agent": true,
            "proximity_placement_group_id": "",
            "public_ip_address": "137.135.96.199",
            "public_ip_addresses": [
              "137.135.96.199"
            ],
            "resource_group_name": "red-rg",
            "secret": [],
            "size": "Standard_B1ms",
            "source_image_id": "",
            "source_image_reference": [
              {
                "offer": "UbuntuServer",
                "publisher": "Canonical",
                "sku": "18.04-LTS",
                "version": "latest"
              }
            ],
            "tags": {
              "Email": "vc@iot4.net",
              "Name": "red-stack",
              "Owner": "Vihar Chokshi"
            },
            "timeouts": null,
            "virtual_machine_id": "7d52f545-6b16-4563-b458-245f1d1eed6e",
            "virtual_machine_scale_set_id": "",
            "zone": ""
          },
          "private": "eyJlMmJmYjczMC1lY2FhLTExZTYtOGY4OC0zNDM2M2JjN2M0YzAiOnsiY3JlYXRlIjoyNzAwMDAwMDAwMDAwLCJkZWxldGUiOjI3MDAwMDAwMDAwMDAsInJlYWQiOjMwMDAwMDAwMDAwMCwidXBkYXRlIjoyNzAwMDAwMDAwMDAwfX0=",
          "dependencies": [
            "azurerm_network_interface.nic",
            "azurerm_resource_group.rg"
          ]
        }
      ]
    },
    {
      "mode": "managed",
      "type": "azurerm_linux_virtual_machine",
      "name": "web",
      "each": "list",
      "provider": "provider.azurerm",
      "instances": [
        {
          "index_key": 0,
          "schema_version": 0,
          "attributes": {
            "additional_capabilities": [],
            "admin_password": null,
            "admin_ssh_key": [
              {
                "public_key": "ssh-rsa AAAAB3NzaC1yc2EAAAADAQABAAABAQDK24QXf6MAph099kARMjAVc8Dud+xINYNwnChXOS66lG5WE5KiBrJ0cM2lioR+f8NjShAVj/jkcFG9eUDncnC8U0ImrHh4W2GfOUeIJpDB4io+wcgY1vYxKdTkEgaYMgrx5FmU8TLd+HcumcwyCIqydjK9dudkNyo2vjyd0EGgSzcHmFLevnvP0yE4cbjeqSjNH5nvuXmli089PU+IydEqGUzxYMo9h+JjsXn9/8aAm+ZBZLKrDpA2/hWYSJiWS3s4NOiq40o+8kYQsogy7SEOnfjnudXdITxBGGzSna37rqD2+JAAZPmOXzgypJFxFjG3GDEY33WmKVqgm78KuFPD vihar@red-jump-box\n",
                "username": "vihar"
              }
            ],
            "admin_username": "vihar",
            "allow_extension_operations": true,
            "availability_set_id": "/subscriptions/83156ea2-efba-4e2d-a775-b95616ee7a0b/resourceGroups/red-rg/providers/Microsoft.Compute/availabilitySets/RED-AVAILABILITY-SET",
            "boot_diagnostics": [],
            "computer_name": "red-web-0",
            "custom_data": null,
            "dedicated_host_id": "",
            "disable_password_authentication": true,
            "encryption_at_host_enabled": false,
            "eviction_policy": "",
            "extensions_time_budget": "PT1H30M",
            "id": "/subscriptions/83156ea2-efba-4e2d-a775-b95616ee7a0b/resourceGroups/red-rg/providers/Microsoft.Compute/virtualMachines/red-web-0",
            "identity": [],
            "license_type": "",
            "location": "eastus",
            "max_bid_price": -1,
            "name": "red-web-0",
            "network_interface_ids": [
              "/subscriptions/83156ea2-efba-4e2d-a775-b95616ee7a0b/resourceGroups/red-rg/providers/Microsoft.Network/networkInterfaces/red-web-net-0"
            ],
            "os_disk": [
              {
                "caching": "ReadWrite",
                "diff_disk_settings": [],
                "disk_encryption_set_id": "",
                "disk_size_gb": 30,
                "name": "red-web-0_OsDisk_1_059701b3a3d84c1ea55e4c8bd0bafea0",
                "storage_account_type": "Standard_LRS",
                "write_accelerator_enabled": false
              }
            ],
            "plan": [],
            "platform_fault_domain": -1,
            "priority": "Regular",
            "private_ip_address": "10.0.0.6",
            "private_ip_addresses": [
              "10.0.0.6"
            ],
            "provision_vm_agent": true,
            "proximity_placement_group_id": "",
            "public_ip_address": "",
            "public_ip_addresses": [],
            "resource_group_name": "red-rg",
            "secret": [],
            "size": "Standard_B1s",
            "source_image_id": "",
            "source_image_reference": [
              {
                "offer": "UbuntuServer",
                "publisher": "Canonical",
                "sku": "18.04-LTS",
                "version": "latest"
              }
            ],
            "tags": {
              "Email": "vc@iot4.net",
              "Name": "red-stack",
              "Owner": "Vihar Chokshi"
            },
            "timeouts": null,
            "virtual_machine_id": "5ee61883-ba8d-4645-b93f-d4463a395cf5",
            "virtual_machine_scale_set_id": "",
            "zone": ""
          },
          "private": "eyJlMmJmYjczMC1lY2FhLTExZTYtOGY4OC0zNDM2M2JjN2M0YzAiOnsiY3JlYXRlIjoyNzAwMDAwMDAwMDAwLCJkZWxldGUiOjI3MDAwMDAwMDAwMDAsInJlYWQiOjMwMDAwMDAwMDAwMCwidXBkYXRlIjoyNzAwMDAwMDAwMDAwfX0=",
          "dependencies": [
            "azurerm_availability_set.azaz",
            "azurerm_network_interface.web_nic",
            "azurerm_resource_group.rg"
          ]
        },
        {
          "index_key": 1,
          "schema_version": 0,
          "attributes": {
            "additional_capabilities": [],
            "admin_password": null,
            "admin_ssh_key": [
              {
                "public_key": "ssh-rsa AAAAB3NzaC1yc2EAAAADAQABAAABAQDK24QXf6MAph099kARMjAVc8Dud+xINYNwnChXOS66lG5WE5KiBrJ0cM2lioR+f8NjShAVj/jkcFG9eUDncnC8U0ImrHh4W2GfOUeIJpDB4io+wcgY1vYxKdTkEgaYMgrx5FmU8TLd+HcumcwyCIqydjK9dudkNyo2vjyd0EGgSzcHmFLevnvP0yE4cbjeqSjNH5nvuXmli089PU+IydEqGUzxYMo9h+JjsXn9/8aAm+ZBZLKrDpA2/hWYSJiWS3s4NOiq40o+8kYQsogy7SEOnfjnudXdITxBGGzSna37rqD2+JAAZPmOXzgypJFxFjG3GDEY33WmKVqgm78KuFPD vihar@red-jump-box\n",
                "username": "vihar"
              }
            ],
            "admin_username": "vihar",
            "allow_extension_operations": true,
            "availability_set_id": "/subscriptions/83156ea2-efba-4e2d-a775-b95616ee7a0b/resourceGroups/red-rg/providers/Microsoft.Compute/availabilitySets/RED-AVAILABILITY-SET",
            "boot_diagnostics": [],
            "computer_name": "red-web-1",
            "custom_data": null,
            "dedicated_host_id": "",
            "disable_password_authentication": true,
            "encryption_at_host_enabled": false,
            "eviction_policy": "",
            "extensions_time_budget": "PT1H30M",
            "id": "/subscriptions/83156ea2-efba-4e2d-a775-b95616ee7a0b/resourceGroups/red-rg/providers/Microsoft.Compute/virtualMachines/red-web-1",
            "identity": [],
            "license_type": "",
            "location": "eastus",
            "max_bid_price": -1,
            "name": "red-web-1",
            "network_interface_ids": [
              "/subscriptions/83156ea2-efba-4e2d-a775-b95616ee7a0b/resourceGroups/red-rg/providers/Microsoft.Network/networkInterfaces/red-web-net-1"
            ],
            "os_disk": [
              {
                "caching": "ReadWrite",
                "diff_disk_settings": [],
                "disk_encryption_set_id": "",
                "disk_size_gb": 30,
                "name": "red-web-1_OsDisk_1_ee33cf7236294445a4ef3b280393cf52",
                "storage_account_type": "Standard_LRS",
                "write_accelerator_enabled": false
              }
            ],
            "plan": [],
            "platform_fault_domain": -1,
            "priority": "Regular",
            "private_ip_address": "10.0.0.5",
            "private_ip_addresses": [
              "10.0.0.5"
            ],
            "provision_vm_agent": true,
            "proximity_placement_group_id": "",
            "public_ip_address": "",
            "public_ip_addresses": [],
            "resource_group_name": "red-rg",
            "secret": [],
            "size": "Standard_B1s",
            "source_image_id": "",
            "source_image_reference": [
              {
                "offer": "UbuntuServer",
                "publisher": "Canonical",
                "sku": "18.04-LTS",
                "version": "latest"
              }
            ],
            "tags": {
              "Email": "vc@iot4.net",
              "Name": "red-stack",
              "Owner": "Vihar Chokshi"
            },
            "timeouts": null,
            "virtual_machine_id": "5f8e1d1b-18f9-48a8-96e2-0eac53db9c98",
            "virtual_machine_scale_set_id": "",
            "zone": ""
          },
          "private": "eyJlMmJmYjczMC1lY2FhLTExZTYtOGY4OC0zNDM2M2JjN2M0YzAiOnsiY3JlYXRlIjoyNzAwMDAwMDAwMDAwLCJkZWxldGUiOjI3MDAwMDAwMDAwMDAsInJlYWQiOjMwMDAwMDAwMDAwMCwidXBkYXRlIjoyNzAwMDAwMDAwMDAwfX0=",
          "dependencies": [
            "azurerm_availability_set.azaz",
            "azurerm_network_interface.web_nic",
            "azurerm_resource_group.rg"
          ]
        }
      ]
    },
    {
      "mode": "managed",
      "type": "azurerm_network_interface",
      "name": "elk_nic",
      "provider": "provider.azurerm",
      "instances": [
        {
          "schema_version": 0,
          "attributes": {
            "applied_dns_servers": [],
            "dns_servers": [],
            "enable_accelerated_networking": false,
            "enable_ip_forwarding": false,
            "id": "/subscriptions/83156ea2-efba-4e2d-a775-b95616ee7a0b/resourceGroups/red-rg/providers/Microsoft.Network/networkInterfaces/red-elk-nic",
            "internal_dns_name_label": "",
            "internal_domain_name_suffix": "5vsg3rngdmyedkapk3qtt5s1zh.dx.internal.cloudapp.net",
            "ip_configuration": [
              {
                "name": "red-elk-nic-config",
                "primary": true,
                "private_ip_address": "10.2.0.4",
                "private_ip_address_allocation": "Dynamic",
                "private_ip_address_version": "IPv4",
                "public_ip_address_id": "/subscriptions/83156ea2-efba-4e2d-a775-b95616ee7a0b/resourceGroups/red-rg/providers/Microsoft.Network/publicIPAddresses/red-elk-ip",
                "subnet_id": "/subscriptions/83156ea2-efba-4e2d-a775-b95616ee7a0b/resourceGroups/red-rg/providers/Microsoft.Network/virtualNetworks/red-elk-net/subnets/red-elk-subnet"
              }
            ],
            "location": "westus",
            "mac_address": "00-0D-3A-32-1D-91",
            "name": "red-elk-nic",
            "private_ip_address": "10.2.0.4",
            "private_ip_addresses": [
              "10.2.0.4"
            ],
            "resource_group_name": "red-rg",
            "tags": {},
            "timeouts": null,
            "virtual_machine_id": "/subscriptions/83156ea2-efba-4e2d-a775-b95616ee7a0b/resourceGroups/red-rg/providers/Microsoft.Compute/virtualMachines/red-elk"
          },
          "private": "eyJlMmJmYjczMC1lY2FhLTExZTYtOGY4OC0zNDM2M2JjN2M0YzAiOnsiY3JlYXRlIjoxODAwMDAwMDAwMDAwLCJkZWxldGUiOjE4MDAwMDAwMDAwMDAsInJlYWQiOjMwMDAwMDAwMDAwMCwidXBkYXRlIjoxODAwMDAwMDAwMDAwfX0=",
          "dependencies": [
            "azurerm_public_ip.elk_ip",
            "azurerm_resource_group.rg",
            "azurerm_subnet.e"
          ]
        }
      ]
    },
    {
      "mode": "managed",
      "type": "azurerm_network_interface",
      "name": "nic",
      "provider": "provider.azurerm",
      "instances": [
        {
          "schema_version": 0,
          "attributes": {
            "applied_dns_servers": [],
            "dns_servers": [],
            "enable_accelerated_networking": false,
            "enable_ip_forwarding": false,
            "id": "/subscriptions/83156ea2-efba-4e2d-a775-b95616ee7a0b/resourceGroups/red-rg/providers/Microsoft.Network/networkInterfaces/red-nic",
            "internal_dns_name_label": "",
            "internal_domain_name_suffix": "xsgowdjzivtu3pexdhnhh0sshd.bx.internal.cloudapp.net",
            "ip_configuration": [
              {
                "name": "red-nic-config",
                "primary": true,
                "private_ip_address": "10.0.0.4",
                "private_ip_address_allocation": "Dynamic",
                "private_ip_address_version": "IPv4",
                "public_ip_address_id": "/subscriptions/83156ea2-efba-4e2d-a775-b95616ee7a0b/resourceGroups/red-rg/providers/Microsoft.Network/publicIPAddresses/red-jump-ip",
                "subnet_id": "/subscriptions/83156ea2-efba-4e2d-a775-b95616ee7a0b/resourceGroups/red-rg/providers/Microsoft.Network/virtualNetworks/red-vnet/subnets/red-subnet"
              }
            ],
            "location": "eastus",
            "mac_address": "00-22-48-20-D7-70",
            "name": "red-nic",
            "private_ip_address": "10.0.0.4",
            "private_ip_addresses": [
              "10.0.0.4"
            ],
            "resource_group_name": "red-rg",
            "tags": {},
            "timeouts": null,
            "virtual_machine_id": "/subscriptions/83156ea2-efba-4e2d-a775-b95616ee7a0b/resourceGroups/red-rg/providers/Microsoft.Compute/virtualMachines/red-jump-box"
          },
          "private": "eyJlMmJmYjczMC1lY2FhLTExZTYtOGY4OC0zNDM2M2JjN2M0YzAiOnsiY3JlYXRlIjoxODAwMDAwMDAwMDAwLCJkZWxldGUiOjE4MDAwMDAwMDAwMDAsInJlYWQiOjMwMDAwMDAwMDAwMCwidXBkYXRlIjoxODAwMDAwMDAwMDAwfX0=",
          "dependencies": [
            "azurerm_public_ip.jump_ip",
            "azurerm_resource_group.rg",
            "azurerm_subnet.s",
            "azurerm_virtual_network.vn"
          ]
        }
      ]
    },
    {
      "mode": "managed",
      "type": "azurerm_network_interface",
      "name": "web_nic",
      "each": "list",
      "provider": "provider.azurerm",
      "instances": [
        {
          "index_key": 0,
          "schema_version": 0,
          "attributes": {
            "applied_dns_servers": [],
            "dns_servers": [],
            "enable_accelerated_networking": false,
            "enable_ip_forwarding": false,
            "id": "/subscriptions/83156ea2-efba-4e2d-a775-b95616ee7a0b/resourceGroups/red-rg/providers/Microsoft.Network/networkInterfaces/red-web-net-0",
            "internal_dns_name_label": "",
            "internal_domain_name_suffix": "xsgowdjzivtu3pexdhnhh0sshd.bx.internal.cloudapp.net",
            "ip_configuration": [
              {
                "name": "red-web-nic-0-config",
                "primary": true,
                "private_ip_address": "10.0.0.6",
                "private_ip_address_allocation": "Dynamic",
                "private_ip_address_version": "IPv4",
                "public_ip_address_id": "",
                "subnet_id": "/subscriptions/83156ea2-efba-4e2d-a775-b95616ee7a0b/resourceGroups/red-rg/providers/Microsoft.Network/virtualNetworks/red-vnet/subnets/red-subnet"
              }
            ],
            "location": "eastus",
            "mac_address": "00-0D-3A-8E-CF-A6",
            "name": "red-web-net-0",
            "private_ip_address": "10.0.0.6",
            "private_ip_addresses": [
              "10.0.0.6"
            ],
            "resource_group_name": "red-rg",
            "tags": {},
            "timeouts": null,
            "virtual_machine_id": "/subscriptions/83156ea2-efba-4e2d-a775-b95616ee7a0b/resourceGroups/red-rg/providers/Microsoft.Compute/virtualMachines/red-web-0"
          },
          "private": "eyJlMmJmYjczMC1lY2FhLTExZTYtOGY4OC0zNDM2M2JjN2M0YzAiOnsiY3JlYXRlIjoxODAwMDAwMDAwMDAwLCJkZWxldGUiOjE4MDAwMDAwMDAwMDAsInJlYWQiOjMwMDAwMDAwMDAwMCwidXBkYXRlIjoxODAwMDAwMDAwMDAwfX0=",
          "dependencies": [
            "azurerm_resource_group.rg",
            "azurerm_subnet.s"
          ]
        },
        {
          "index_key": 1,
          "schema_version": 0,
          "attributes": {
            "applied_dns_servers": [],
            "dns_servers": [],
            "enable_accelerated_networking": false,
            "enable_ip_forwarding": false,
            "id": "/subscriptions/83156ea2-efba-4e2d-a775-b95616ee7a0b/resourceGroups/red-rg/providers/Microsoft.Network/networkInterfaces/red-web-net-1",
            "internal_dns_name_label": "",
            "internal_domain_name_suffix": "xsgowdjzivtu3pexdhnhh0sshd.bx.internal.cloudapp.net",
            "ip_configuration": [
              {
                "name": "red-web-nic-1-config",
                "primary": true,
                "private_ip_address": "10.0.0.5",
                "private_ip_address_allocation": "Dynamic",
                "private_ip_address_version": "IPv4",
                "public_ip_address_id": "",
                "subnet_id": "/subscriptions/83156ea2-efba-4e2d-a775-b95616ee7a0b/resourceGroups/red-rg/providers/Microsoft.Network/virtualNetworks/red-vnet/subnets/red-subnet"
              }
            ],
            "location": "eastus",
            "mac_address": "00-0D-3A-9B-B3-15",
            "name": "red-web-net-1",
            "private_ip_address": "10.0.0.5",
            "private_ip_addresses": [
              "10.0.0.5"
            ],
            "resource_group_name": "red-rg",
            "tags": {},
            "timeouts": null,
            "virtual_machine_id": "/subscriptions/83156ea2-efba-4e2d-a775-b95616ee7a0b/resourceGroups/red-rg/providers/Microsoft.Compute/virtualMachines/red-web-1"
          },
          "private": "eyJlMmJmYjczMC1lY2FhLTExZTYtOGY4OC0zNDM2M2JjN2M0YzAiOnsiY3JlYXRlIjoxODAwMDAwMDAwMDAwLCJkZWxldGUiOjE4MDAwMDAwMDAwMDAsInJlYWQiOjMwMDAwMDAwMDAwMCwidXBkYXRlIjoxODAwMDAwMDAwMDAwfX0=",
          "dependencies": [
            "azurerm_resource_group.rg",
            "azurerm_subnet.s"
          ]
        }
      ]
    },
    {
      "mode": "managed",
      "type": "azurerm_network_security_group",
      "name": "nsg",
      "provider": "provider.azurerm",
      "instances": [
        {
          "schema_version": 0,
          "attributes": {
            "id": "/subscriptions/83156ea2-efba-4e2d-a775-b95616ee7a0b/resourceGroups/red-rg/providers/Microsoft.Network/networkSecurityGroups/red-nsg",
            "location": "eastus",
            "name": "red-nsg",
            "resource_group_name": "red-rg",
            "security_rule": [
              {
                "access": "Allow",
                "description": "",
                "destination_address_prefix": "*",
                "destination_address_prefixes": [],
                "destination_application_security_group_ids": [],
                "destination_port_range": "5601",
                "destination_port_ranges": [],
                "direction": "Inbound",
                "name": "HTTPKIB",
                "priority": 1004,
                "protocol": "Tcp",
                "source_address_prefix": "174.26.89.218",
                "source_address_prefixes": [],
                "source_application_security_group_ids": [],
                "source_port_range": "*",
                "source_port_ranges": []
              },
              {
                "access": "Allow",
                "description": null,
                "destination_address_prefix": "*",
                "destination_address_prefixes": [],
                "destination_application_security_group_ids": [],
                "destination_port_range": "22",
                "destination_port_ranges": [],
                "direction": "Inbound",
                "name": "SSH",
                "priority": 1001,
                "protocol": "Tcp",
                "source_address_prefix": "174.26.89.218",
                "source_address_prefixes": [],
                "source_application_security_group_ids": [],
                "source_port_range": "*",
                "source_port_ranges": []
              },
              {
                "access": "Allow",
                "description": null,
                "destination_address_prefix": "AzureLoadBalancer",
                "destination_address_prefixes": [],
                "destination_application_security_group_ids": [],
                "destination_port_range": "80",
                "destination_port_ranges": [],
                "direction": "Inbound",
                "name": "HTTP",
                "priority": 1003,
                "protocol": "Tcp",
                "source_address_prefix": "174.26.89.218",
                "source_address_prefixes": [],
                "source_application_security_group_ids": [],
                "source_port_range": "*",
                "source_port_ranges": []
              },
              {
                "access": "Allow",
                "description": null,
                "destination_address_prefix": "VirtualNetwork",
                "destination_address_prefixes": [],
                "destination_application_security_group_ids": [],
                "destination_port_range": "22",
                "destination_port_ranges": [],
                "direction": "Inbound",
                "name": "SSH-Internal",
                "priority": 1002,
                "protocol": "Tcp",
                "source_address_prefix": "10.0.0.4",
                "source_address_prefixes": [],
                "source_application_security_group_ids": [],
                "source_port_range": "*",
                "source_port_ranges": []
              }
            ],
            "tags": {
              "Email": "vc@iot4.net",
              "Name": "red-stack",
              "Owner": "Vihar Chokshi"
            },
            "timeouts": null
          },
          "private": "eyJlMmJmYjczMC1lY2FhLTExZTYtOGY4OC0zNDM2M2JjN2M0YzAiOnsiY3JlYXRlIjoxODAwMDAwMDAwMDAwLCJkZWxldGUiOjE4MDAwMDAwMDAwMDAsInJlYWQiOjMwMDAwMDAwMDAwMCwidXBkYXRlIjoxODAwMDAwMDAwMDAwfX0=",
          "dependencies": [
            "azurerm_linux_virtual_machine.jumphost",
            "azurerm_resource_group.rg"
          ]
        }
      ]
    },
    {
      "mode": "managed",
      "type": "azurerm_public_ip",
      "name": "elk_ip",
      "provider": "provider.azurerm",
      "instances": [
        {
          "schema_version": 0,
          "attributes": {
            "allocation_method": "Dynamic",
            "domain_name_label": null,
            "fqdn": null,
            "id": "/subscriptions/83156ea2-efba-4e2d-a775-b95616ee7a0b/resourceGroups/red-rg/providers/Microsoft.Network/publicIPAddresses/red-elk-ip",
            "idle_timeout_in_minutes": 4,
            "ip_address": "40.78.13.79",
            "ip_tags": {},
            "ip_version": "IPv4",
            "location": "westus",
            "name": "red-elk-ip",
            "public_ip_prefix_id": null,
            "resource_group_name": "red-rg",
            "reverse_fqdn": null,
            "sku": "Basic",
            "tags": {
              "Email": "vc@iot4.net",
              "Name": "red-stack",
              "Owner": "Vihar Chokshi"
            },
            "timeouts": null,
            "zones": []
          },
          "private": "eyJlMmJmYjczMC1lY2FhLTExZTYtOGY4OC0zNDM2M2JjN2M0YzAiOnsiY3JlYXRlIjoxODAwMDAwMDAwMDAwLCJkZWxldGUiOjE4MDAwMDAwMDAwMDAsInJlYWQiOjMwMDAwMDAwMDAwMCwidXBkYXRlIjoxODAwMDAwMDAwMDAwfX0=",
          "dependencies": [
            "azurerm_resource_group.rg"
          ]
        }
      ]
    },
    {
      "mode": "managed",
      "type": "azurerm_public_ip",
      "name": "jump_ip",
      "provider": "provider.azurerm",
      "instances": [
        {
          "schema_version": 0,
          "attributes": {
            "allocation_method": "Dynamic",
            "domain_name_label": null,
            "fqdn": null,
            "id": "/subscriptions/83156ea2-efba-4e2d-a775-b95616ee7a0b/resourceGroups/red-rg/providers/Microsoft.Network/publicIPAddresses/red-jump-ip",
            "idle_timeout_in_minutes": 4,
            "ip_address": "137.135.96.199",
            "ip_tags": {},
            "ip_version": "IPv4",
            "location": "eastus",
            "name": "red-jump-ip",
            "public_ip_prefix_id": null,
            "resource_group_name": "red-rg",
            "reverse_fqdn": null,
            "sku": "Basic",
            "tags": {
              "Email": "vc@iot4.net",
              "Name": "red-stack",
              "Owner": "Vihar Chokshi"
            },
            "timeouts": null,
            "zones": []
          },
          "private": "eyJlMmJmYjczMC1lY2FhLTExZTYtOGY4OC0zNDM2M2JjN2M0YzAiOnsiY3JlYXRlIjoxODAwMDAwMDAwMDAwLCJkZWxldGUiOjE4MDAwMDAwMDAwMDAsInJlYWQiOjMwMDAwMDAwMDAwMCwidXBkYXRlIjoxODAwMDAwMDAwMDAwfX0=",
          "dependencies": [
            "azurerm_resource_group.rg"
          ]
        }
      ]
    },
    {
      "mode": "managed",
      "type": "azurerm_public_ip",
      "name": "lb_public_ip",
      "provider": "provider.azurerm",
      "instances": [
        {
          "schema_version": 0,
          "attributes": {
            "allocation_method": "Static",
            "domain_name_label": null,
            "fqdn": null,
            "id": "/subscriptions/83156ea2-efba-4e2d-a775-b95616ee7a0b/resourceGroups/red-rg/providers/Microsoft.Network/publicIPAddresses/red-lb-ip",
            "idle_timeout_in_minutes": 4,
            "ip_address": "13.90.38.132",
            "ip_tags": {},
            "ip_version": "IPv4",
            "location": "eastus",
            "name": "red-lb-ip",
            "public_ip_prefix_id": null,
            "resource_group_name": "red-rg",
            "reverse_fqdn": null,
            "sku": "Basic",
            "tags": {
              "Email": "vc@iot4.net",
              "Name": "red-stack",
              "Owner": "Vihar Chokshi"
            },
            "timeouts": null,
            "zones": []
          },
          "private": "eyJlMmJmYjczMC1lY2FhLTExZTYtOGY4OC0zNDM2M2JjN2M0YzAiOnsiY3JlYXRlIjoxODAwMDAwMDAwMDAwLCJkZWxldGUiOjE4MDAwMDAwMDAwMDAsInJlYWQiOjMwMDAwMDAwMDAwMCwidXBkYXRlIjoxODAwMDAwMDAwMDAwfX0=",
          "dependencies": [
            "azurerm_resource_group.rg"
          ]
        }
      ]
    },
    {
      "mode": "managed",
      "type": "azurerm_resource_group",
      "name": "rg",
      "provider": "provider.azurerm",
      "instances": [
        {
          "schema_version": 0,
          "attributes": {
            "id": "/subscriptions/83156ea2-efba-4e2d-a775-b95616ee7a0b/resourceGroups/red-rg",
            "location": "eastus",
            "name": "red-rg",
            "tags": {
              "Email": "vc@iot4.net",
              "Name": "red-stack",
              "Owner": "Vihar Chokshi"
            },
            "timeouts": null
          },
          "private": "eyJlMmJmYjczMC1lY2FhLTExZTYtOGY4OC0zNDM2M2JjN2M0YzAiOnsiY3JlYXRlIjo1NDAwMDAwMDAwMDAwLCJkZWxldGUiOjU0MDAwMDAwMDAwMDAsInJlYWQiOjMwMDAwMDAwMDAwMCwidXBkYXRlIjo1NDAwMDAwMDAwMDAwfX0="
        }
      ]
    },
    {
      "mode": "managed",
      "type": "azurerm_subnet",
      "name": "e",
      "provider": "provider.azurerm",
      "instances": [
        {
          "schema_version": 0,
          "attributes": {
            "address_prefix": "10.2.0.0/24",
            "address_prefixes": [
              "10.2.0.0/24"
            ],
            "delegation": [],
            "enforce_private_link_endpoint_network_policies": false,
            "enforce_private_link_service_network_policies": false,
            "id": "/subscriptions/83156ea2-efba-4e2d-a775-b95616ee7a0b/resourceGroups/red-rg/providers/Microsoft.Network/virtualNetworks/red-elk-net/subnets/red-elk-subnet",
            "name": "red-elk-subnet",
            "resource_group_name": "red-rg",
            "service_endpoint_policy_ids": [],
            "service_endpoints": [],
            "timeouts": null,
            "virtual_network_name": "red-elk-net"
          },
          "private": "eyJlMmJmYjczMC1lY2FhLTExZTYtOGY4OC0zNDM2M2JjN2M0YzAiOnsiY3JlYXRlIjoxODAwMDAwMDAwMDAwLCJkZWxldGUiOjE4MDAwMDAwMDAwMDAsInJlYWQiOjMwMDAwMDAwMDAwMCwidXBkYXRlIjoxODAwMDAwMDAwMDAwfX0=",
          "dependencies": [
            "azurerm_resource_group.rg",
            "azurerm_virtual_network.elk-vn"
          ]
        }
      ]
    },
    {
      "mode": "managed",
      "type": "azurerm_subnet",
      "name": "s",
      "provider": "provider.azurerm",
      "instances": [
        {
          "schema_version": 0,
          "attributes": {
            "address_prefix": "10.0.0.0/24",
            "address_prefixes": [
              "10.0.0.0/24"
            ],
            "delegation": [],
            "enforce_private_link_endpoint_network_policies": false,
            "enforce_private_link_service_network_policies": false,
            "id": "/subscriptions/83156ea2-efba-4e2d-a775-b95616ee7a0b/resourceGroups/red-rg/providers/Microsoft.Network/virtualNetworks/red-vnet/subnets/red-subnet",
            "name": "red-subnet",
            "resource_group_name": "red-rg",
            "service_endpoint_policy_ids": [],
            "service_endpoints": [],
            "timeouts": null,
            "virtual_network_name": "red-vnet"
          },
          "private": "eyJlMmJmYjczMC1lY2FhLTExZTYtOGY4OC0zNDM2M2JjN2M0YzAiOnsiY3JlYXRlIjoxODAwMDAwMDAwMDAwLCJkZWxldGUiOjE4MDAwMDAwMDAwMDAsInJlYWQiOjMwMDAwMDAwMDAwMCwidXBkYXRlIjoxODAwMDAwMDAwMDAwfX0=",
          "dependencies": [
            "azurerm_resource_group.rg",
            "azurerm_virtual_network.vn"
          ]
        }
      ]
    },
    {
      "mode": "managed",
      "type": "azurerm_virtual_network",
      "name": "elk-vn",
      "provider": "provider.azurerm",
      "instances": [
        {
          "schema_version": 0,
          "attributes": {
            "address_space": [
              "10.2.0.0/16"
            ],
            "bgp_community": "",
            "ddos_protection_plan": [],
            "dns_servers": [],
            "guid": "c56e64fd-1ba6-4130-a80f-576139fe5bcf",
            "id": "/subscriptions/83156ea2-efba-4e2d-a775-b95616ee7a0b/resourceGroups/red-rg/providers/Microsoft.Network/virtualNetworks/red-elk-net",
            "location": "westus",
            "name": "red-elk-net",
            "resource_group_name": "red-rg",
            "subnet": [
              {
                "address_prefix": "10.2.0.0/24",
                "id": "/subscriptions/83156ea2-efba-4e2d-a775-b95616ee7a0b/resourceGroups/red-rg/providers/Microsoft.Network/virtualNetworks/red-elk-net/subnets/red-elk-subnet",
                "name": "red-elk-subnet",
                "security_group": ""
              }
            ],
            "tags": {
              "Email": "vc@iot4.net",
              "Name": "red-stack",
              "Owner": "Vihar Chokshi"
            },
            "timeouts": null,
            "vm_protection_enabled": false
          },
          "private": "eyJlMmJmYjczMC1lY2FhLTExZTYtOGY4OC0zNDM2M2JjN2M0YzAiOnsiY3JlYXRlIjoxODAwMDAwMDAwMDAwLCJkZWxldGUiOjE4MDAwMDAwMDAwMDAsInJlYWQiOjMwMDAwMDAwMDAwMCwidXBkYXRlIjoxODAwMDAwMDAwMDAwfX0=",
          "dependencies": [
            "azurerm_resource_group.rg"
          ]
        }
      ]
    },
    {
      "mode": "managed",
      "type": "azurerm_virtual_network",
      "name": "vn",
      "provider": "provider.azurerm",
      "instances": [
        {
          "schema_version": 0,
          "attributes": {
            "address_space": [
              "10.0.0.0/16"
            ],
            "bgp_community": "",
            "ddos_protection_plan": [],
            "dns_servers": [],
            "guid": "0deb8cbc-4539-4e67-bc97-19da73ea523b",
            "id": "/subscriptions/83156ea2-efba-4e2d-a775-b95616ee7a0b/resourceGroups/red-rg/providers/Microsoft.Network/virtualNetworks/red-vnet",
            "location": "eastus",
            "name": "red-vnet",
            "resource_group_name": "red-rg",
            "subnet": [
              {
                "address_prefix": "10.0.0.0/24",
                "id": "/subscriptions/83156ea2-efba-4e2d-a775-b95616ee7a0b/resourceGroups/red-rg/providers/Microsoft.Network/virtualNetworks/red-vnet/subnets/red-subnet",
                "name": "red-subnet",
                "security_group": ""
              }
            ],
            "tags": {
              "Email": "vc@iot4.net",
              "Name": "red-stack",
              "Owner": "Vihar Chokshi"
            },
            "timeouts": null,
            "vm_protection_enabled": false
          },
          "private": "eyJlMmJmYjczMC1lY2FhLTExZTYtOGY4OC0zNDM2M2JjN2M0YzAiOnsiY3JlYXRlIjoxODAwMDAwMDAwMDAwLCJkZWxldGUiOjE4MDAwMDAwMDAwMDAsInJlYWQiOjMwMDAwMDAwMDAwMCwidXBkYXRlIjoxODAwMDAwMDAwMDAwfX0=",
          "dependencies": [
            "azurerm_resource_group.rg"
          ]
        }
      ]
    },
    {
      "mode": "managed",
      "type": "azurerm_virtual_network_peering",
      "name": "elk-to-vn",
      "provider": "provider.azurerm",
      "instances": [
        {
          "schema_version": 0,
          "attributes": {
            "allow_forwarded_traffic": false,
            "allow_gateway_transit": false,
            "allow_virtual_network_access": true,
            "id": "/subscriptions/83156ea2-efba-4e2d-a775-b95616ee7a0b/resourceGroups/red-rg/providers/Microsoft.Network/virtualNetworks/red-vnet/virtualNetworkPeerings/red-net-to-elk",
            "name": "red-net-to-elk",
            "remote_virtual_network_id": "/subscriptions/83156ea2-efba-4e2d-a775-b95616ee7a0b/resourceGroups/red-rg/providers/Microsoft.Network/virtualNetworks/red-elk-net",
            "resource_group_name": "red-rg",
            "timeouts": null,
            "use_remote_gateways": false,
            "virtual_network_name": "red-vnet"
          },
          "private": "eyJlMmJmYjczMC1lY2FhLTExZTYtOGY4OC0zNDM2M2JjN2M0YzAiOnsiY3JlYXRlIjoxODAwMDAwMDAwMDAwLCJkZWxldGUiOjE4MDAwMDAwMDAwMDAsInJlYWQiOjMwMDAwMDAwMDAwMCwidXBkYXRlIjoxODAwMDAwMDAwMDAwfX0=",
          "dependencies": [
            "azurerm_resource_group.rg",
            "azurerm_virtual_network.elk-vn",
            "azurerm_virtual_network.vn"
          ]
        }
      ]
    },
    {
      "mode": "managed",
      "type": "azurerm_virtual_network_peering",
      "name": "vn-to-elk",
      "provider": "provider.azurerm",
      "instances": [
        {
          "schema_version": 0,
          "attributes": {
            "allow_forwarded_traffic": false,
            "allow_gateway_transit": false,
            "allow_virtual_network_access": true,
            "id": "/subscriptions/83156ea2-efba-4e2d-a775-b95616ee7a0b/resourceGroups/red-rg/providers/Microsoft.Network/virtualNetworks/red-elk-net/virtualNetworkPeerings/elk-to-red-net",
            "name": "elk-to-red-net",
            "remote_virtual_network_id": "/subscriptions/83156ea2-efba-4e2d-a775-b95616ee7a0b/resourceGroups/red-rg/providers/Microsoft.Network/virtualNetworks/red-vnet",
            "resource_group_name": "red-rg",
            "timeouts": null,
            "use_remote_gateways": false,
            "virtual_network_name": "red-elk-net"
          },
          "private": "eyJlMmJmYjczMC1lY2FhLTExZTYtOGY4OC0zNDM2M2JjN2M0YzAiOnsiY3JlYXRlIjoxODAwMDAwMDAwMDAwLCJkZWxldGUiOjE4MDAwMDAwMDAwMDAsInJlYWQiOjMwMDAwMDAwMDAwMCwidXBkYXRlIjoxODAwMDAwMDAwMDAwfX0=",
          "dependencies": [
            "azurerm_resource_group.rg",
            "azurerm_virtual_network.elk-vn",
            "azurerm_virtual_network.vn"
          ]
        }
      ]
    }
  ]
}
