{
  "version": 4,
  "terraform_version": "1.1.8",
  "serial": 176,
  "lineage": "aa4ee262-f329-1213-93fa-9b8c8a661734",
  "outputs": {
    "aws_availablity_zones_available": {
      "value": [
        "us-west-2a",
        "us-west-2b",
        "us-west-2c",
        "us-west-2d"
      ],
      "type": [
        "list",
        "string"
      ]
    },
    "efs_file_system_dns_name": {
      "value": "fs-075d928f0537d3b06.efs.us-west-2.amazonaws.com",
      "type": "string"
    }
  },
  "resources": [
    {
      "mode": "data",
      "type": "aws_ami",
      "name": "amazon-linux-2",
      "provider": "provider[\"registry.terraform.io/hashicorp/aws\"]",
      "instances": [
        {
          "schema_version": 0,
          "attributes": {
            "architecture": "x86_64",
            "arn": "arn:aws:ec2:us-west-2::image/ami-09a9ceb119318710a",
            "block_device_mappings": [
              {
                "device_name": "/dev/xvda",
                "ebs": {
                  "delete_on_termination": "true",
                  "encrypted": "false",
                  "iops": "0",
                  "snapshot_id": "snap-00f07d715437b6319",
                  "throughput": "0",
                  "volume_size": "8",
                  "volume_type": "gp2"
                },
                "no_device": "",
                "virtual_name": ""
              }
            ],
            "boot_mode": "",
            "creation_date": "2022-04-11T18:42:06.000Z",
            "description": "Amazon Linux 2 AMI 2.0.20220406.1 x86_64 HVM gp2",
            "ena_support": true,
            "executable_users": null,
            "filter": [
              {
                "name": "name",
                "values": [
                  "amzn2-ami-hvm*"
                ]
              },
              {
                "name": "owner-alias",
                "values": [
                  "amazon"
                ]
              }
            ],
            "hypervisor": "xen",
            "id": "ami-09a9ceb119318710a",
            "image_id": "ami-09a9ceb119318710a",
            "image_location": "amazon/amzn2-ami-hvm-2.0.20220406.1-x86_64-gp2",
            "image_owner_alias": "amazon",
            "image_type": "machine",
            "kernel_id": null,
            "most_recent": true,
            "name": "amzn2-ami-hvm-2.0.20220406.1-x86_64-gp2",
            "name_regex": null,
            "owner_id": "137112412989",
            "owners": [
              "amazon"
            ],
            "platform": null,
            "platform_details": "Linux/UNIX",
            "product_codes": [],
            "public": true,
            "ramdisk_id": null,
            "root_device_name": "/dev/xvda",
            "root_device_type": "ebs",
            "root_snapshot_id": "snap-00f07d715437b6319",
            "sriov_net_support": "simple",
            "state": "available",
            "state_reason": {
              "code": "UNSET",
              "message": "UNSET"
            },
            "tags": {},
            "usage_operation": "RunInstances",
            "virtualization_type": "hvm"
          },
          "sensitive_attributes": []
        }
      ]
    },
    {
      "mode": "data",
      "type": "aws_availability_zones",
      "name": "available",
      "provider": "provider[\"registry.terraform.io/hashicorp/aws\"]",
      "instances": [
        {
          "schema_version": 0,
          "attributes": {
            "all_availability_zones": null,
            "exclude_names": null,
            "exclude_zone_ids": null,
            "filter": null,
            "group_names": [
              "us-west-2"
            ],
            "id": "us-west-2",
            "names": [
              "us-west-2a",
              "us-west-2b",
              "us-west-2c",
              "us-west-2d"
            ],
            "state": "available",
            "zone_ids": [
              "usw2-az2",
              "usw2-az1",
              "usw2-az3",
              "usw2-az4"
            ]
          },
          "sensitive_attributes": []
        }
      ]
    },
    {
      "mode": "data",
      "type": "aws_iam_instance_profile",
      "name": "instance_profile",
      "provider": "provider[\"registry.terraform.io/hashicorp/aws\"]",
      "instances": [
        {
          "schema_version": 0,
          "attributes": {
            "arn": "arn:aws:iam::438513923646:instance-profile/backup-admin",
            "create_date": "2022-01-21 00:34:51 +0000 UTC",
            "id": "AIPAWMGLXOY7GZTXD7IWU",
            "name": "backup-admin",
            "path": "/",
            "role_arn": "arn:aws:iam::438513923646:role/backup-admin",
            "role_id": "AROAWMGLXOY7L67HQN64X",
            "role_name": "backup-admin"
          },
          "sensitive_attributes": []
        }
      ]
    },
    {
      "mode": "data",
      "type": "aws_route53_zone",
      "name": "public",
      "provider": "provider[\"registry.terraform.io/hashicorp/aws\"]",
      "instances": [
        {
          "schema_version": 0,
          "attributes": {
            "arn": "arn:aws:route53:::hostedzone/Z0829393O79DSP0EU8I4",
            "caller_reference": "terraform-20211122233843715400000001",
            "comment": "Managed by Terraform",
            "id": "Z0829393O79DSP0EU8I4",
            "linked_service_description": null,
            "linked_service_principal": null,
            "name": "backup.iot4.net",
            "name_servers": [
              "ns-231.awsdns-28.com",
              "ns-648.awsdns-17.net",
              "ns-1146.awsdns-15.org",
              "ns-1980.awsdns-55.co.uk"
            ],
            "private_zone": false,
            "resource_record_set_count": 9,
            "tags": {},
            "vpc_id": null,
            "zone_id": "Z0829393O79DSP0EU8I4"
          },
          "sensitive_attributes": []
        }
      ]
    },
    {
      "mode": "data",
      "type": "http",
      "name": "myip",
      "provider": "provider[\"registry.terraform.io/hashicorp/http\"]",
      "instances": [
        {
          "schema_version": 0,
          "attributes": {
            "body": "174.17.20.81\n",
            "id": "http://ipv4.icanhazip.com",
            "request_headers": null,
            "response_headers": {
              "Access-Control-Allow-Methods": "GET",
              "Access-Control-Allow-Origin": "*",
              "Alt-Svc": "h3=\":443\"; ma=86400, h3-29=\":443\"; ma=86400",
              "Cf-Ray": "6fb05c65ea097fd8-SAN",
              "Connection": "keep-alive",
              "Content-Length": "13",
              "Content-Type": "text/plain",
              "Date": "Wed, 13 Apr 2022 01:17:14 GMT",
              "Server": "cloudflare",
              "Set-Cookie": "__cf_bm=fpHiA.8Nz2axlA2e72VNcFjq8eLjiefT_gUbxz2piM8-1649812634-0-AfLhh9cRXHIOYWkBCybh/XJ2D9vTWkbzQo9Fw9dfLGheiqbIG2wlY06mHrYeK059aOwx9PGuZQqWKpAgaL/IudI=; path=/; expires=Wed, 13-Apr-22 01:47:14 GMT; domain=.icanhazip.com; HttpOnly; SameSite=None",
              "Vary": "Accept-Encoding"
            },
            "url": "http://ipv4.icanhazip.com"
          },
          "sensitive_attributes": []
        }
      ]
    },
    {
      "mode": "managed",
      "type": "aws_acm_certificate",
      "name": "a",
      "provider": "provider[\"registry.terraform.io/hashicorp/aws\"]",
      "instances": [
        {
          "schema_version": 0,
          "attributes": {
            "arn": "arn:aws:acm:us-west-2:438513923646:certificate/8203fec7-6ad1-4fcf-b0e1-bc4a5db9e999",
            "certificate_authority_arn": "",
            "certificate_body": null,
            "certificate_chain": null,
            "domain_name": "west.backup.iot4.net",
            "domain_validation_options": [
              {
                "domain_name": "west.backup.iot4.net",
                "resource_record_name": "_df640d88fd7b9ebe90703e08d4a22467.west.backup.iot4.net.",
                "resource_record_type": "CNAME",
                "resource_record_value": "_08bf4729ccff6faa593f6aa6c9f15dce.cnsgthfrdk.acm-validations.aws."
              }
            ],
            "id": "arn:aws:acm:us-west-2:438513923646:certificate/8203fec7-6ad1-4fcf-b0e1-bc4a5db9e999",
            "options": [
              {
                "certificate_transparency_logging_preference": "ENABLED"
              }
            ],
            "private_key": null,
            "status": "ISSUED",
            "subject_alternative_names": [],
            "tags": {
              "Email": "backup@iot4.net",
              "Name": "us-west-2.backup.iot4.net",
              "Owner": "Vihar Chokshi",
              "Use_Elastio": "False"
            },
            "tags_all": {
              "Email": "backup@iot4.net",
              "Name": "us-west-2.backup.iot4.net",
              "Owner": "Vihar Chokshi",
              "Use_Elastio": "False"
            },
            "validation_emails": [],
            "validation_method": "DNS"
          },
          "sensitive_attributes": [],
          "private": "bnVsbA==",
          "create_before_destroy": true
        }
      ]
    },
    {
      "mode": "managed",
      "type": "aws_default_security_group",
      "name": "default",
      "provider": "provider[\"registry.terraform.io/hashicorp/aws\"]",
      "instances": [
        {
          "schema_version": 1,
          "attributes": {
            "arn": "arn:aws:ec2:us-west-2:438513923646:security-group/sg-047cb8e277272022a",
            "description": "default VPC security group",
            "egress": [
              {
                "cidr_blocks": [
                  "0.0.0.0/0"
                ],
                "description": "",
                "from_port": 0,
                "ipv6_cidr_blocks": [],
                "prefix_list_ids": [],
                "protocol": "-1",
                "security_groups": [],
                "self": false,
                "to_port": 0
              }
            ],
            "id": "sg-047cb8e277272022a",
            "ingress": [
              {
                "cidr_blocks": [
                  "0.0.0.0/0"
                ],
                "description": "",
                "from_port": 443,
                "ipv6_cidr_blocks": [],
                "prefix_list_ids": [],
                "protocol": "tcp",
                "security_groups": [],
                "self": false,
                "to_port": 443
              },
              {
                "cidr_blocks": [
                  "174.17.20.81/32"
                ],
                "description": "",
                "from_port": 22,
                "ipv6_cidr_blocks": [],
                "prefix_list_ids": [],
                "protocol": "tcp",
                "security_groups": [],
                "self": false,
                "to_port": 22
              },
              {
                "cidr_blocks": [],
                "description": "",
                "from_port": 2049,
                "ipv6_cidr_blocks": [],
                "prefix_list_ids": [],
                "protocol": "tcp",
                "security_groups": [],
                "self": true,
                "to_port": 2049
              },
              {
                "cidr_blocks": [],
                "description": "",
                "from_port": 80,
                "ipv6_cidr_blocks": [],
                "prefix_list_ids": [],
                "protocol": "tcp",
                "security_groups": [],
                "self": true,
                "to_port": 80
              }
            ],
            "name": "default",
            "owner_id": "438513923646",
            "revoke_rules_on_delete": false,
            "tags": {
              "Email": "backup@iot4.net",
              "Name": "us-west-2.backup.iot4.net",
              "Owner": "Vihar Chokshi",
              "Use_Elastio": "False"
            },
            "tags_all": {
              "Email": "backup@iot4.net",
              "Name": "us-west-2.backup.iot4.net",
              "Owner": "Vihar Chokshi",
              "Use_Elastio": "False"
            },
            "vpc_id": "vpc-07d6c8a12b33f17c9"
          },
          "sensitive_attributes": [],
          "private": "eyJzY2hlbWFfdmVyc2lvbiI6IjEifQ==",
          "dependencies": [
            "aws_default_vpc.default",
            "data.http.myip"
          ]
        }
      ]
    },
    {
      "mode": "managed",
      "type": "aws_default_vpc",
      "name": "default",
      "provider": "provider[\"registry.terraform.io/hashicorp/aws\"]",
      "instances": [
        {
          "schema_version": 1,
          "attributes": {
            "arn": "arn:aws:ec2:us-west-2:438513923646:vpc/vpc-07d6c8a12b33f17c9",
            "assign_generated_ipv6_cidr_block": false,
            "cidr_block": "172.31.0.0/16",
            "default_network_acl_id": "acl-057c8a2967d6f4b62",
            "default_route_table_id": "rtb-01724da9bda27e402",
            "default_security_group_id": "sg-047cb8e277272022a",
            "dhcp_options_id": "dopt-0006e586b504b7636",
            "enable_classiclink": false,
            "enable_classiclink_dns_support": false,
            "enable_dns_hostnames": true,
            "enable_dns_support": true,
            "existing_default_vpc": true,
            "force_destroy": false,
            "id": "vpc-07d6c8a12b33f17c9",
            "instance_tenancy": "default",
            "ipv6_association_id": "",
            "ipv6_cidr_block": "",
            "ipv6_cidr_block_network_border_group": "",
            "ipv6_ipam_pool_id": "",
            "ipv6_netmask_length": 0,
            "main_route_table_id": "rtb-01724da9bda27e402",
            "owner_id": "438513923646",
            "tags": {
              "Name": "Default VPC"
            },
            "tags_all": {
              "Name": "Default VPC"
            }
          },
          "sensitive_attributes": [],
          "private": "eyJzY2hlbWFfdmVyc2lvbiI6IjEifQ=="
        }
      ]
    },
    {
      "mode": "managed",
      "type": "aws_ebs_volume",
      "name": "pri",
      "provider": "provider[\"registry.terraform.io/hashicorp/aws\"]",
      "instances": [
        {
          "schema_version": 0,
          "attributes": {
            "arn": "arn:aws:ec2:us-west-2:438513923646:volume/vol-008a8ae559351c5a6",
            "availability_zone": "us-west-2a",
            "encrypted": false,
            "id": "vol-008a8ae559351c5a6",
            "iops": 100,
            "kms_key_id": "",
            "multi_attach_enabled": false,
            "outpost_arn": "",
            "size": 12,
            "snapshot_id": "",
            "tags": {
              "Data Volume": "True",
              "Name": "Primary Server",
              "Use_Elastio": "True"
            },
            "tags_all": {
              "Data Volume": "True",
              "Name": "Primary Server",
              "Use_Elastio": "True"
            },
            "throughput": 0,
            "type": "gp2"
          },
          "sensitive_attributes": [],
          "private": "bnVsbA=="
        }
      ]
    },
    {
      "mode": "managed",
      "type": "aws_ebs_volume",
      "name": "sec",
      "provider": "provider[\"registry.terraform.io/hashicorp/aws\"]",
      "instances": [
        {
          "schema_version": 0,
          "attributes": {
            "arn": "arn:aws:ec2:us-west-2:438513923646:volume/vol-0609c93c0ec8ece4a",
            "availability_zone": "us-west-2b",
            "encrypted": false,
            "id": "vol-0609c93c0ec8ece4a",
            "iops": 100,
            "kms_key_id": "",
            "multi_attach_enabled": false,
            "outpost_arn": "",
            "size": 12,
            "snapshot_id": "",
            "tags": {
              "Data Volume": "True",
              "Name": "Secondary Server",
              "Use_Elastio": "True"
            },
            "tags_all": {
              "Data Volume": "True",
              "Name": "Secondary Server",
              "Use_Elastio": "True"
            },
            "throughput": 0,
            "type": "gp2"
          },
          "sensitive_attributes": [],
          "private": "bnVsbA=="
        }
      ]
    },
    {
      "mode": "managed",
      "type": "aws_efs_backup_policy",
      "name": "policy",
      "provider": "provider[\"registry.terraform.io/hashicorp/aws\"]",
      "instances": [
        {
          "schema_version": 0,
          "attributes": {
            "backup_policy": [
              {
                "status": "ENABLED"
              }
            ],
            "file_system_id": "fs-075d928f0537d3b06",
            "id": "fs-075d928f0537d3b06"
          },
          "sensitive_attributes": [],
          "private": "bnVsbA==",
          "dependencies": [
            "aws_efs_file_system.f"
          ]
        }
      ]
    },
    {
      "mode": "managed",
      "type": "aws_efs_file_system",
      "name": "f",
      "provider": "provider[\"registry.terraform.io/hashicorp/aws\"]",
      "instances": [
        {
          "schema_version": 0,
          "attributes": {
            "arn": "arn:aws:elasticfilesystem:us-west-2:438513923646:file-system/fs-075d928f0537d3b06",
            "availability_zone_id": "",
            "availability_zone_name": "",
            "creation_token": "us-west-2-efs",
            "dns_name": "fs-075d928f0537d3b06.efs.us-west-2.amazonaws.com",
            "encrypted": false,
            "id": "fs-075d928f0537d3b06",
            "kms_key_id": "",
            "lifecycle_policy": [],
            "number_of_mount_targets": 2,
            "owner_id": "438513923646",
            "performance_mode": "generalPurpose",
            "provisioned_throughput_in_mibps": 0,
            "size_in_bytes": [
              {
                "value": 6144,
                "value_in_ia": 0,
                "value_in_standard": 6144
              }
            ],
            "tags": {},
            "tags_all": {},
            "throughput_mode": "bursting"
          },
          "sensitive_attributes": [],
          "private": "bnVsbA=="
        }
      ]
    },
    {
      "mode": "managed",
      "type": "aws_efs_mount_target",
      "name": "pri",
      "provider": "provider[\"registry.terraform.io/hashicorp/aws\"]",
      "instances": [
        {
          "schema_version": 0,
          "attributes": {
            "availability_zone_id": "usw2-az2",
            "availability_zone_name": "us-west-2a",
            "dns_name": "fs-075d928f0537d3b06.efs.us-west-2.amazonaws.com",
            "file_system_arn": "arn:aws:elasticfilesystem:us-west-2:438513923646:file-system/fs-075d928f0537d3b06",
            "file_system_id": "fs-075d928f0537d3b06",
            "id": "fsmt-0906a47db5b214db6",
            "ip_address": "172.31.7.242",
            "mount_target_dns_name": "us-west-2a.fs-075d928f0537d3b06.efs.us-west-2.amazonaws.com",
            "network_interface_id": "eni-08f15311e79328527",
            "owner_id": "438513923646",
            "security_groups": [
              "sg-047cb8e277272022a"
            ],
            "subnet_id": "subnet-0aaa73f11680998ae"
          },
          "sensitive_attributes": [],
          "private": "bnVsbA==",
          "dependencies": [
            "aws_default_security_group.default",
            "aws_default_vpc.default",
            "aws_efs_file_system.f",
            "aws_subnet.main",
            "data.http.myip"
          ]
        }
      ]
    },
    {
      "mode": "managed",
      "type": "aws_efs_mount_target",
      "name": "sec",
      "provider": "provider[\"registry.terraform.io/hashicorp/aws\"]",
      "instances": [
        {
          "schema_version": 0,
          "attributes": {
            "availability_zone_id": "usw2-az1",
            "availability_zone_name": "us-west-2b",
            "dns_name": "fs-075d928f0537d3b06.efs.us-west-2.amazonaws.com",
            "file_system_arn": "arn:aws:elasticfilesystem:us-west-2:438513923646:file-system/fs-075d928f0537d3b06",
            "file_system_id": "fs-075d928f0537d3b06",
            "id": "fsmt-066228f849431f830",
            "ip_address": "172.31.16.62",
            "mount_target_dns_name": "us-west-2b.fs-075d928f0537d3b06.efs.us-west-2.amazonaws.com",
            "network_interface_id": "eni-0285b9aecb9413c43",
            "owner_id": "438513923646",
            "security_groups": [
              "sg-047cb8e277272022a"
            ],
            "subnet_id": "subnet-0defefe1aed8a595d"
          },
          "sensitive_attributes": [],
          "private": "bnVsbA==",
          "dependencies": [
            "aws_default_security_group.default",
            "aws_default_vpc.default",
            "aws_efs_file_system.f",
            "aws_subnet.second",
            "data.http.myip"
          ]
        }
      ]
    },
    {
      "mode": "managed",
      "type": "aws_elb",
      "name": "w",
      "provider": "provider[\"registry.terraform.io/hashicorp/aws\"]",
      "instances": [
        {
          "schema_version": 0,
          "attributes": {
            "access_logs": [],
            "arn": "arn:aws:elasticloadbalancing:us-west-2:438513923646:loadbalancer/west-elb",
            "availability_zones": [
              "us-west-2a",
              "us-west-2b"
            ],
            "connection_draining": true,
            "connection_draining_timeout": 400,
            "cross_zone_load_balancing": true,
            "desync_mitigation_mode": "defensive",
            "dns_name": "west-elb-821864092.us-west-2.elb.amazonaws.com",
            "health_check": [
              {
                "healthy_threshold": 2,
                "interval": 30,
                "target": "HTTP:80/",
                "timeout": 3,
                "unhealthy_threshold": 2
              }
            ],
            "id": "west-elb",
            "idle_timeout": 400,
            "instances": [
              "i-0604bc503df069cb0",
              "i-0a40809fb070a854d"
            ],
            "internal": false,
            "listener": [
              {
                "instance_port": 80,
                "instance_protocol": "http",
                "lb_port": 443,
                "lb_protocol": "https",
                "ssl_certificate_id": "arn:aws:acm:us-west-2:438513923646:certificate/8203fec7-6ad1-4fcf-b0e1-bc4a5db9e999"
              }
            ],
            "name": "west-elb",
            "name_prefix": null,
            "security_groups": [
              "sg-047cb8e277272022a"
            ],
            "source_security_group": "438513923646/default",
            "source_security_group_id": "sg-047cb8e277272022a",
            "subnets": [
              "subnet-0aaa73f11680998ae",
              "subnet-0defefe1aed8a595d"
            ],
            "tags": null,
            "tags_all": {},
            "zone_id": "Z1H1FL5HABSF5"
          },
          "sensitive_attributes": [],
          "private": "bnVsbA==",
          "dependencies": [
            "aws_acm_certificate.a",
            "aws_instance.pri",
            "aws_instance.sec",
            "aws_key_pair.v",
            "aws_subnet.main",
            "aws_subnet.second",
            "data.aws_ami.amazon-linux-2",
            "data.aws_iam_instance_profile.instance_profile"
          ]
        }
      ]
    },
    {
      "mode": "managed",
      "type": "aws_instance",
      "name": "pri",
      "provider": "provider[\"registry.terraform.io/hashicorp/aws\"]",
      "instances": [
        {
          "schema_version": 1,
          "attributes": {
            "ami": "ami-09a9ceb119318710a",
            "arn": "arn:aws:ec2:us-west-2:438513923646:instance/i-0a40809fb070a854d",
            "associate_public_ip_address": true,
            "availability_zone": "us-west-2a",
            "capacity_reservation_specification": [
              {
                "capacity_reservation_preference": "open",
                "capacity_reservation_target": []
              }
            ],
            "cpu_core_count": 1,
            "cpu_threads_per_core": 2,
            "credit_specification": [
              {
                "cpu_credits": "unlimited"
              }
            ],
            "disable_api_termination": false,
            "ebs_block_device": [],
            "ebs_optimized": false,
            "enclave_options": [
              {
                "enabled": false
              }
            ],
            "ephemeral_block_device": [],
            "get_password_data": false,
            "hibernation": false,
            "host_id": null,
            "iam_instance_profile": "backup-admin",
            "id": "i-0a40809fb070a854d",
            "instance_initiated_shutdown_behavior": "stop",
            "instance_state": "running",
            "instance_type": "t3.micro",
            "ipv6_address_count": 0,
            "ipv6_addresses": [],
            "key_name": "backup@iot4.net",
            "launch_template": [],
            "metadata_options": [
              {
                "http_endpoint": "enabled",
                "http_put_response_hop_limit": 1,
                "http_tokens": "optional",
                "instance_metadata_tags": "disabled"
              }
            ],
            "monitoring": false,
            "network_interface": [],
            "outpost_arn": "",
            "password_data": "",
            "placement_group": "",
            "placement_partition_number": null,
            "primary_network_interface_id": "eni-018a4961544d22574",
            "private_dns": "ip-172-31-9-29.us-west-2.compute.internal",
            "private_ip": "172.31.9.29",
            "public_dns": "ec2-35-167-20-193.us-west-2.compute.amazonaws.com",
            "public_ip": "35.167.20.193",
            "root_block_device": [
              {
                "delete_on_termination": true,
                "device_name": "/dev/xvda",
                "encrypted": false,
                "iops": 100,
                "kms_key_id": "",
                "tags": {},
                "throughput": 0,
                "volume_id": "vol-0861f2b79f7e8f9f9",
                "volume_size": 8,
                "volume_type": "gp2"
              }
            ],
            "secondary_private_ips": [],
            "security_groups": [
              "default"
            ],
            "source_dest_check": true,
            "subnet_id": "subnet-0aaa73f11680998ae",
            "tags": {
              "Email": "backup@iot4.net",
              "Name": "us-west-2.backup.iot4.net",
              "Owner": "Vihar Chokshi",
              "Use_Elastio": "False"
            },
            "tags_all": {
              "Email": "backup@iot4.net",
              "Name": "us-west-2.backup.iot4.net",
              "Owner": "Vihar Chokshi",
              "Use_Elastio": "False"
            },
            "tenancy": "default",
            "timeouts": null,
            "user_data": null,
            "user_data_base64": null,
            "user_data_replace_on_change": false,
            "volume_tags": null,
            "vpc_security_group_ids": [
              "sg-047cb8e277272022a"
            ]
          },
          "sensitive_attributes": [],
          "private": "eyJlMmJmYjczMC1lY2FhLTExZTYtOGY4OC0zNDM2M2JjN2M0YzAiOnsiY3JlYXRlIjo2MDAwMDAwMDAwMDAsImRlbGV0ZSI6MTIwMDAwMDAwMDAwMCwidXBkYXRlIjo2MDAwMDAwMDAwMDB9LCJzY2hlbWFfdmVyc2lvbiI6IjEifQ==",
          "dependencies": [
            "aws_key_pair.v",
            "aws_subnet.main",
            "data.aws_ami.amazon-linux-2",
            "data.aws_iam_instance_profile.instance_profile"
          ]
        }
      ]
    },
    {
      "mode": "managed",
      "type": "aws_instance",
      "name": "sec",
      "provider": "provider[\"registry.terraform.io/hashicorp/aws\"]",
      "instances": [
        {
          "schema_version": 1,
          "attributes": {
            "ami": "ami-09a9ceb119318710a",
            "arn": "arn:aws:ec2:us-west-2:438513923646:instance/i-0604bc503df069cb0",
            "associate_public_ip_address": true,
            "availability_zone": "us-west-2b",
            "capacity_reservation_specification": [
              {
                "capacity_reservation_preference": "open",
                "capacity_reservation_target": []
              }
            ],
            "cpu_core_count": 1,
            "cpu_threads_per_core": 2,
            "credit_specification": [
              {
                "cpu_credits": "unlimited"
              }
            ],
            "disable_api_termination": false,
            "ebs_block_device": [],
            "ebs_optimized": false,
            "enclave_options": [
              {
                "enabled": false
              }
            ],
            "ephemeral_block_device": [],
            "get_password_data": false,
            "hibernation": false,
            "host_id": null,
            "iam_instance_profile": "backup-admin",
            "id": "i-0604bc503df069cb0",
            "instance_initiated_shutdown_behavior": "stop",
            "instance_state": "running",
            "instance_type": "t3.micro",
            "ipv6_address_count": 0,
            "ipv6_addresses": [],
            "key_name": "backup@iot4.net",
            "launch_template": [],
            "metadata_options": [
              {
                "http_endpoint": "enabled",
                "http_put_response_hop_limit": 1,
                "http_tokens": "optional",
                "instance_metadata_tags": "disabled"
              }
            ],
            "monitoring": false,
            "network_interface": [],
            "outpost_arn": "",
            "password_data": "",
            "placement_group": "",
            "placement_partition_number": null,
            "primary_network_interface_id": "eni-0aa05274e5dd2886e",
            "private_dns": "ip-172-31-30-10.us-west-2.compute.internal",
            "private_ip": "172.31.30.10",
            "public_dns": "ec2-52-25-5-228.us-west-2.compute.amazonaws.com",
            "public_ip": "52.25.5.228",
            "root_block_device": [
              {
                "delete_on_termination": true,
                "device_name": "/dev/xvda",
                "encrypted": false,
                "iops": 100,
                "kms_key_id": "",
                "tags": {},
                "throughput": 0,
                "volume_id": "vol-07d6dc86fd362ac96",
                "volume_size": 8,
                "volume_type": "gp2"
              }
            ],
            "secondary_private_ips": [],
            "security_groups": [
              "default"
            ],
            "source_dest_check": true,
            "subnet_id": "subnet-0defefe1aed8a595d",
            "tags": {
              "Email": "backup@iot4.net",
              "Name": "us-west-2.backup.iot4.net",
              "Owner": "Vihar Chokshi",
              "Use_Elastio": "False"
            },
            "tags_all": {
              "Email": "backup@iot4.net",
              "Name": "us-west-2.backup.iot4.net",
              "Owner": "Vihar Chokshi",
              "Use_Elastio": "False"
            },
            "tenancy": "default",
            "timeouts": null,
            "user_data": null,
            "user_data_base64": null,
            "user_data_replace_on_change": false,
            "volume_tags": null,
            "vpc_security_group_ids": [
              "sg-047cb8e277272022a"
            ]
          },
          "sensitive_attributes": [],
          "private": "eyJlMmJmYjczMC1lY2FhLTExZTYtOGY4OC0zNDM2M2JjN2M0YzAiOnsiY3JlYXRlIjo2MDAwMDAwMDAwMDAsImRlbGV0ZSI6MTIwMDAwMDAwMDAwMCwidXBkYXRlIjo2MDAwMDAwMDAwMDB9LCJzY2hlbWFfdmVyc2lvbiI6IjEifQ==",
          "dependencies": [
            "aws_key_pair.v",
            "aws_subnet.second",
            "data.aws_ami.amazon-linux-2",
            "data.aws_iam_instance_profile.instance_profile"
          ]
        }
      ]
    },
    {
      "mode": "managed",
      "type": "aws_key_pair",
      "name": "v",
      "provider": "provider[\"registry.terraform.io/hashicorp/aws\"]",
      "instances": [
        {
          "schema_version": 1,
          "attributes": {
            "arn": "arn:aws:ec2:us-west-2:438513923646:key-pair/backup@iot4.net",
            "fingerprint": "13:88:8e:72:ba:b7:01:43:00:80:92:41:78:6f:57:28",
            "id": "backup@iot4.net",
            "key_name": "backup@iot4.net",
            "key_name_prefix": "",
            "key_pair_id": "key-054818c58a80f37f7",
            "public_key": "ssh-rsa AAAAB3NzaC1yc2EAAAADAQABAAABgQCSFnaI8Xks1m/O/Ey3pIlEo0W+mcpCV/kKyWj7eRJGI1NTdlRY8svNEixqtHTQX6IQgtNHA3CtOGPNTLE3qrg7ByCzux9ZHvhSvB2gLTGdFgZodYTtBOUQ4jeoRCK/dzxmJUMLPDRiIoun/DXu1sJG5ST9tvv9O8Cb5dEtzng8i/1x9zxVLQBiTuYdKkYuAjm0CXkmc+p32PgrsTDCSx8fZWQYkqY4TS9sqxx0lBT1jRL0Rdg3+mxAeB1U58S5gzNIOHAOcb4wXsAo+yv/rljJEVcTcrJUqmhKehrTzD2Dqg2qLhX1WsTOMjJaotdH8gm4+0TO3VyM4pPR6IzJQGPW2lQ3JdjzYjgEbenFD6rtlDgqsYT0ZVPU8+pYBD5uRVGF3UnstWVowDBoQ35s2fHhy1uBMzIhJgnJEB9DZlqrYPTtINnfCTb4JMckfY4tMS/w1juaG+bHviJ6l1VhFv9QFaIXgLqTyyR90utZL3PTC4M3EIBTCIlRwJotQfdshz8= vchokshi@carbon",
            "tags": {},
            "tags_all": {}
          },
          "sensitive_attributes": [],
          "private": "eyJzY2hlbWFfdmVyc2lvbiI6IjEifQ=="
        }
      ]
    },
    {
      "mode": "managed",
      "type": "aws_route53_health_check",
      "name": "w",
      "provider": "provider[\"registry.terraform.io/hashicorp/aws\"]",
      "instances": [
        {
          "schema_version": 0,
          "attributes": {
            "arn": "arn:aws:route53:::healthcheck/932bfe94-8795-407f-983e-8484c0fd21a7",
            "child_health_threshold": 0,
            "child_healthchecks": null,
            "cloudwatch_alarm_name": null,
            "cloudwatch_alarm_region": null,
            "disabled": false,
            "enable_sni": true,
            "failure_threshold": 5,
            "fqdn": "west.backup.iot4.net",
            "id": "932bfe94-8795-407f-983e-8484c0fd21a7",
            "insufficient_data_health_status": "",
            "invert_healthcheck": false,
            "ip_address": "",
            "measure_latency": false,
            "port": 443,
            "reference_name": null,
            "regions": null,
            "request_interval": 30,
            "resource_path": "/",
            "routing_control_arn": "",
            "search_string": "",
            "tags": null,
            "tags_all": {},
            "type": "HTTPS"
          },
          "sensitive_attributes": [],
          "private": "bnVsbA==",
          "dependencies": [
            "aws_acm_certificate.a",
            "aws_elb.w",
            "aws_instance.pri",
            "aws_instance.sec",
            "aws_key_pair.v",
            "aws_route53_record.w",
            "aws_subnet.main",
            "aws_subnet.second",
            "data.aws_ami.amazon-linux-2",
            "data.aws_iam_instance_profile.instance_profile",
            "data.aws_route53_zone.public"
          ]
        }
      ]
    },
    {
      "mode": "managed",
      "type": "aws_route53_record",
      "name": "pri",
      "provider": "provider[\"registry.terraform.io/hashicorp/aws\"]",
      "instances": [
        {
          "schema_version": 2,
          "attributes": {
            "alias": [],
            "allow_overwrite": null,
            "failover_routing_policy": [],
            "fqdn": "west-0.backup.iot4.net",
            "geolocation_routing_policy": [],
            "health_check_id": null,
            "id": "Z0829393O79DSP0EU8I4_west-0.backup.iot4.net_A",
            "latency_routing_policy": [],
            "multivalue_answer_routing_policy": null,
            "name": "west-0.backup.iot4.net",
            "records": [
              "35.167.20.193"
            ],
            "set_identifier": null,
            "ttl": 300,
            "type": "A",
            "weighted_routing_policy": [],
            "zone_id": "Z0829393O79DSP0EU8I4"
          },
          "sensitive_attributes": [],
          "private": "eyJzY2hlbWFfdmVyc2lvbiI6IjIifQ==",
          "dependencies": [
            "aws_instance.pri",
            "aws_key_pair.v",
            "aws_subnet.main",
            "data.aws_ami.amazon-linux-2",
            "data.aws_iam_instance_profile.instance_profile",
            "data.aws_route53_zone.public"
          ]
        }
      ]
    },
    {
      "mode": "managed",
      "type": "aws_route53_record",
      "name": "sec",
      "provider": "provider[\"registry.terraform.io/hashicorp/aws\"]",
      "instances": [
        {
          "schema_version": 2,
          "attributes": {
            "alias": [],
            "allow_overwrite": null,
            "failover_routing_policy": [],
            "fqdn": "west-1.backup.iot4.net",
            "geolocation_routing_policy": [],
            "health_check_id": null,
            "id": "Z0829393O79DSP0EU8I4_west-1.backup.iot4.net_A",
            "latency_routing_policy": [],
            "multivalue_answer_routing_policy": null,
            "name": "west-1.backup.iot4.net",
            "records": [
              "52.25.5.228"
            ],
            "set_identifier": null,
            "ttl": 300,
            "type": "A",
            "weighted_routing_policy": [],
            "zone_id": "Z0829393O79DSP0EU8I4"
          },
          "sensitive_attributes": [],
          "private": "eyJzY2hlbWFfdmVyc2lvbiI6IjIifQ==",
          "dependencies": [
            "aws_instance.sec",
            "aws_key_pair.v",
            "aws_subnet.second",
            "data.aws_ami.amazon-linux-2",
            "data.aws_iam_instance_profile.instance_profile",
            "data.aws_route53_zone.public"
          ]
        }
      ]
    },
    {
      "mode": "managed",
      "type": "aws_route53_record",
      "name": "w",
      "provider": "provider[\"registry.terraform.io/hashicorp/aws\"]",
      "instances": [
        {
          "schema_version": 2,
          "attributes": {
            "alias": [],
            "allow_overwrite": null,
            "failover_routing_policy": [],
            "fqdn": "west.backup.iot4.net",
            "geolocation_routing_policy": [],
            "health_check_id": null,
            "id": "Z0829393O79DSP0EU8I4_west.backup.iot4.net_CNAME",
            "latency_routing_policy": [],
            "multivalue_answer_routing_policy": null,
            "name": "west.backup.iot4.net",
            "records": [
              "west-elb-821864092.us-west-2.elb.amazonaws.com"
            ],
            "set_identifier": null,
            "ttl": 300,
            "type": "CNAME",
            "weighted_routing_policy": [],
            "zone_id": "Z0829393O79DSP0EU8I4"
          },
          "sensitive_attributes": [],
          "private": "eyJzY2hlbWFfdmVyc2lvbiI6IjIifQ==",
          "dependencies": [
            "aws_acm_certificate.a",
            "aws_elb.w",
            "aws_instance.pri",
            "aws_instance.sec",
            "aws_key_pair.v",
            "aws_subnet.main",
            "aws_subnet.second",
            "data.aws_ami.amazon-linux-2",
            "data.aws_iam_instance_profile.instance_profile",
            "data.aws_route53_zone.public"
          ]
        }
      ]
    },
    {
      "mode": "managed",
      "type": "aws_subnet",
      "name": "main",
      "provider": "provider[\"registry.terraform.io/hashicorp/aws\"]",
      "instances": [
        {
          "schema_version": 1,
          "attributes": {
            "arn": "arn:aws:ec2:us-west-2:438513923646:subnet/subnet-0aaa73f11680998ae",
            "assign_ipv6_address_on_creation": false,
            "availability_zone": "us-west-2a",
            "availability_zone_id": "usw2-az2",
            "cidr_block": "172.31.0.0/20",
            "customer_owned_ipv4_pool": "",
            "enable_dns64": false,
            "enable_resource_name_dns_a_record_on_launch": false,
            "enable_resource_name_dns_aaaa_record_on_launch": false,
            "id": "subnet-0aaa73f11680998ae",
            "ipv6_cidr_block": "",
            "ipv6_cidr_block_association_id": "",
            "ipv6_native": false,
            "map_customer_owned_ip_on_launch": false,
            "map_public_ip_on_launch": false,
            "outpost_arn": "",
            "owner_id": "438513923646",
            "private_dns_hostname_type_on_launch": "ip-name",
            "tags": {
              "Name": "us-west-2a"
            },
            "tags_all": {
              "Name": "us-west-2a"
            },
            "timeouts": null,
            "vpc_id": "vpc-07d6c8a12b33f17c9"
          },
          "sensitive_attributes": [],
          "private": "eyJlMmJmYjczMC1lY2FhLTExZTYtOGY4OC0zNDM2M2JjN2M0YzAiOnsiY3JlYXRlIjo2MDAwMDAwMDAwMDAsImRlbGV0ZSI6MTIwMDAwMDAwMDAwMH0sInNjaGVtYV92ZXJzaW9uIjoiMSJ9",
          "dependencies": [
            "aws_default_vpc.default"
          ]
        }
      ]
    },
    {
      "mode": "managed",
      "type": "aws_subnet",
      "name": "second",
      "provider": "provider[\"registry.terraform.io/hashicorp/aws\"]",
      "instances": [
        {
          "schema_version": 1,
          "attributes": {
            "arn": "arn:aws:ec2:us-west-2:438513923646:subnet/subnet-0defefe1aed8a595d",
            "assign_ipv6_address_on_creation": false,
            "availability_zone": "us-west-2b",
            "availability_zone_id": "usw2-az1",
            "cidr_block": "172.31.16.0/20",
            "customer_owned_ipv4_pool": "",
            "enable_dns64": false,
            "enable_resource_name_dns_a_record_on_launch": false,
            "enable_resource_name_dns_aaaa_record_on_launch": false,
            "id": "subnet-0defefe1aed8a595d",
            "ipv6_cidr_block": "",
            "ipv6_cidr_block_association_id": "",
            "ipv6_native": false,
            "map_customer_owned_ip_on_launch": false,
            "map_public_ip_on_launch": false,
            "outpost_arn": "",
            "owner_id": "438513923646",
            "private_dns_hostname_type_on_launch": "ip-name",
            "tags": {
              "Name": "us-west-2b"
            },
            "tags_all": {
              "Name": "us-west-2b"
            },
            "timeouts": null,
            "vpc_id": "vpc-07d6c8a12b33f17c9"
          },
          "sensitive_attributes": [],
          "private": "eyJlMmJmYjczMC1lY2FhLTExZTYtOGY4OC0zNDM2M2JjN2M0YzAiOnsiY3JlYXRlIjo2MDAwMDAwMDAwMDAsImRlbGV0ZSI6MTIwMDAwMDAwMDAwMH0sInNjaGVtYV92ZXJzaW9uIjoiMSJ9",
          "dependencies": [
            "aws_default_vpc.default"
          ]
        }
      ]
    },
    {
      "mode": "managed",
      "type": "aws_volume_attachment",
      "name": "pri",
      "provider": "provider[\"registry.terraform.io/hashicorp/aws\"]",
      "instances": [
        {
          "schema_version": 0,
          "attributes": {
            "device_name": "/dev/xvdb",
            "force_detach": null,
            "id": "vai-1676041718",
            "instance_id": "i-0a40809fb070a854d",
            "skip_destroy": null,
            "stop_instance_before_detaching": null,
            "volume_id": "vol-008a8ae559351c5a6"
          },
          "sensitive_attributes": [],
          "private": "bnVsbA==",
          "dependencies": [
            "aws_ebs_volume.pri",
            "aws_instance.pri",
            "aws_key_pair.v",
            "aws_subnet.main",
            "data.aws_ami.amazon-linux-2",
            "data.aws_iam_instance_profile.instance_profile"
          ]
        }
      ]
    },
    {
      "mode": "managed",
      "type": "aws_volume_attachment",
      "name": "sec",
      "provider": "provider[\"registry.terraform.io/hashicorp/aws\"]",
      "instances": [
        {
          "schema_version": 0,
          "attributes": {
            "device_name": "/dev/xvdb",
            "force_detach": null,
            "id": "vai-3016762239",
            "instance_id": "i-0604bc503df069cb0",
            "skip_destroy": null,
            "stop_instance_before_detaching": null,
            "volume_id": "vol-0609c93c0ec8ece4a"
          },
          "sensitive_attributes": [],
          "private": "bnVsbA==",
          "dependencies": [
            "aws_ebs_volume.sec",
            "aws_instance.sec",
            "aws_key_pair.v",
            "aws_subnet.second",
            "data.aws_ami.amazon-linux-2",
            "data.aws_iam_instance_profile.instance_profile"
          ]
        }
      ]
    }
  ]
}
