{
  "version": 4,
  "terraform_version": "1.1.9",
  "serial": 8,
  "lineage": "7633470a-7a05-171a-4c14-9d0e23c8c75f",
  "outputs": {},
  "resources": [
    {
      "mode": "data",
      "type": "azurerm_subscription",
      "name": "current",
      "provider": "provider[\"registry.terraform.io/hashicorp/azurerm\"]",
      "instances": [
        {
          "schema_version": 0,
          "attributes": {
            "display_name": "Free Azure",
            "id": "/subscriptions/91b21a5a-e370-45ba-9bf5-5ac16e47c937",
            "location_placement_id": "Public_2014-09-01",
            "quota_id": "PayAsYouGo_2014-09-01",
            "spending_limit": "Off",
            "state": "Enabled",
            "subscription_id": "91b21a5a-e370-45ba-9bf5-5ac16e47c937",
            "tags": {},
            "tenant_id": "9de50f2a-5c80-4efc-a175-a1ca103ed71d",
            "timeouts": null
          },
          "sensitive_attributes": []
        }
      ]
    },
    {
      "mode": "managed",
      "type": "azurerm_dns_zone",
      "name": "iot4",
      "provider": "provider[\"registry.terraform.io/hashicorp/azurerm\"]",
      "instances": [
        {
          "schema_version": 1,
          "attributes": {
            "id": "/subscriptions/91b21a5a-e370-45ba-9bf5-5ac16e47c937/resourceGroups/globals-rg/providers/Microsoft.Network/dnszones/az.iot4.net",
            "max_number_of_record_sets": 10000,
            "name": "az.iot4.net",
            "name_servers": [
              "ns1-07.azure-dns.com.",
              "ns2-07.azure-dns.net.",
              "ns3-07.azure-dns.org.",
              "ns4-07.azure-dns.info."
            ],
            "number_of_record_sets": 2,
            "resource_group_name": "globals-rg",
            "soa_record": [
              {
                "email": "azuredns-hostmaster.microsoft.com",
                "expire_time": 2419200,
                "fqdn": "az.iot4.net.",
                "host_name": "ns1-07.azure-dns.com.",
                "minimum_ttl": 300,
                "refresh_time": 3600,
                "retry_time": 300,
                "serial_number": 1,
                "tags": {},
                "ttl": 3600
              }
            ],
            "tags": {},
            "timeouts": {
              "create": null,
              "delete": null,
              "read": null,
              "update": null
            }
          },
          "sensitive_attributes": [],
          "private": "eyJlMmJmYjczMC1lY2FhLTExZTYtOGY4OC0zNDM2M2JjN2M0YzAiOnsiY3JlYXRlIjoxODAwMDAwMDAwMDAwLCJkZWxldGUiOjE4MDAwMDAwMDAwMDAsInJlYWQiOjMwMDAwMDAwMDAwMCwidXBkYXRlIjoxODAwMDAwMDAwMDAwfSwic2NoZW1hX3ZlcnNpb24iOiIxIn0=",
          "dependencies": [
            "azurerm_resource_group.globals"
          ]
        }
      ]
    },
    {
      "mode": "managed",
      "type": "azurerm_management_group",
      "name": "elastio",
      "provider": "provider[\"registry.terraform.io/hashicorp/azurerm\"]",
      "instances": [
        {
          "schema_version": 0,
          "attributes": {
            "display_name": "elastio",
            "id": "/providers/Microsoft.Management/managementGroups/098b910e-ab91-4bff-951d-6e852ea56d2d",
            "name": "098b910e-ab91-4bff-951d-6e852ea56d2d",
            "parent_management_group_id": "/providers/Microsoft.Management/managementGroups/6648aab9-80c1-49b8-97e6-decafabf34fb",
            "subscription_ids": [
              "91b21a5a-e370-45ba-9bf5-5ac16e47c937"
            ],
            "timeouts": {
              "create": null,
              "delete": null,
              "read": null,
              "update": null
            }
          },
          "sensitive_attributes": [],
          "private": "eyJlMmJmYjczMC1lY2FhLTExZTYtOGY4OC0zNDM2M2JjN2M0YzAiOnsiY3JlYXRlIjoxODAwMDAwMDAwMDAwLCJkZWxldGUiOjE4MDAwMDAwMDAwMDAsInJlYWQiOjMwMDAwMDAwMDAwMCwidXBkYXRlIjoxODAwMDAwMDAwMDAwfX0=",
          "dependencies": [
            "azurerm_management_group.iot4",
            "data.azurerm_subscription.current"
          ]
        }
      ]
    },
    {
      "mode": "managed",
      "type": "azurerm_management_group",
      "name": "iot4",
      "provider": "provider[\"registry.terraform.io/hashicorp/azurerm\"]",
      "instances": [
        {
          "schema_version": 0,
          "attributes": {
            "display_name": "iot4",
            "id": "/providers/Microsoft.Management/managementGroups/6648aab9-80c1-49b8-97e6-decafabf34fb",
            "name": "6648aab9-80c1-49b8-97e6-decafabf34fb",
            "parent_management_group_id": "/providers/Microsoft.Management/managementGroups/9de50f2a-5c80-4efc-a175-a1ca103ed71d",
            "subscription_ids": [
              "91b21a5a-e370-45ba-9bf5-5ac16e47c937"
            ],
            "timeouts": {
              "create": null,
              "delete": null,
              "read": null,
              "update": null
            }
          },
          "sensitive_attributes": [],
          "private": "eyJlMmJmYjczMC1lY2FhLTExZTYtOGY4OC0zNDM2M2JjN2M0YzAiOnsiY3JlYXRlIjoxODAwMDAwMDAwMDAwLCJkZWxldGUiOjE4MDAwMDAwMDAwMDAsInJlYWQiOjMwMDAwMDAwMDAwMCwidXBkYXRlIjoxODAwMDAwMDAwMDAwfX0=",
          "dependencies": [
            "data.azurerm_subscription.current"
          ]
        }
      ]
    },
    {
      "mode": "managed",
      "type": "azurerm_resource_group",
      "name": "globals",
      "provider": "provider[\"registry.terraform.io/hashicorp/azurerm\"]",
      "instances": [
        {
          "schema_version": 0,
          "attributes": {
            "id": "/subscriptions/91b21a5a-e370-45ba-9bf5-5ac16e47c937/resourceGroups/globals-rg",
            "location": "eastus",
            "name": "globals-rg",
            "tags": {
              "Email": "vc@iot4.net",
              "Name": "IOT4 Buildout",
              "Owner": "Vihar Chokshi"
            },
            "timeouts": {
              "create": null,
              "delete": null,
              "read": null,
              "update": null
            }
          },
          "sensitive_attributes": [],
          "private": "eyJlMmJmYjczMC1lY2FhLTExZTYtOGY4OC0zNDM2M2JjN2M0YzAiOnsiY3JlYXRlIjo1NDAwMDAwMDAwMDAwLCJkZWxldGUiOjU0MDAwMDAwMDAwMDAsInJlYWQiOjMwMDAwMDAwMDAwMCwidXBkYXRlIjo1NDAwMDAwMDAwMDAwfSwic2NoZW1hX3ZlcnNpb24iOiIwIn0="
        }
      ]
    }
  ]
}
